PODS:
  - Alamofire (4.4.0)
  - Kingfisher (3.6.1)
  - ModelMapper (6.0.0)
  - Nimble (6.1.0)
  - PromiseKit/Alamofire (4.1.7):
    - Alamofire (~> 4.0)
    - PromiseKit/CorePromise
  - PromiseKit/CorePromise (4.1.7)
  - Realm (2.5.1):
    - Realm/Headers (= 2.5.1)
  - Realm/Headers (2.5.1)
  - RealmSwift (2.5.1):
    - Realm (= 2.5.1)
  - SnapKit (3.2.0)
  - SVProgressHUD (2.1.2)
  - SwiftyBeaver (1.1.4)

DEPENDENCIES:
  - Kingfisher
  - ModelMapper
  - Nimble
  - PromiseKit/Alamofire
  - RealmSwift
  - SnapKit
  - SVProgressHUD
  - SwiftyBeaver

SPEC CHECKSUMS:
  Alamofire: dc44b1600b800eb63da6a19039a0083d62a6a62d
  Kingfisher: 2f31cb75f3e98d3d4c406cbdcd9b263e956cfa67
  ModelMapper: 3596a82f26c43491f6a8d3a00bcdba6ba0e62a93
  Nimble: c53e6903fee94041b90ded74f135820437d8bf59
  PromiseKit: 779f2e41faf62d854e7593026ddbcb0bb5c5002d
  Realm: 32f86104d37c8521f864d4274050b38ba6190733
  RealmSwift: f719e7511c902b8908593e8f143f59e47931bdb6
  SnapKit: 1ca44df72cfa543218d177cb8aab029d10d86ea7
  SVProgressHUD: c404a55d78acbeb7ebb78b76d3faf986475a6994
  SwiftyBeaver: 9216b6e163c145628ccc7c0126df4287880d6e1e

PODFILE CHECKSUM: 385c8a4be65522a62365560ba07b2f772ab492f5

COCOAPODS: 1.2.0
