// !$*UTF8*$!
{
	archiveVersion = 1;
	classes = {
	};
	objectVersion = 52;
	objects = {

/* Begin PBXBuildFile section */
		6509D4F229A13DC4000E481E /* CoreUI in Frameworks */ = {isa = PBXBuildFile; productRef = 6509D4F129A13DC4000E481E /* CoreUI */; };
		650BCE2D24048703004AD56C /* CountryCellViewModelTests.swift in Sources */ = {isa = PBXBuildFile; fileRef = 650BCE2B24048700004AD56C /* CountryCellViewModelTests.swift */; };
		650D748C2987128200714E73 /* Networking in Frameworks */ = {isa = PBXBuildFile; productRef = 650D748B2987128200714E73 /* Networking */; };
		651169F51FD59363002C8530 /* LibraryArtistCellViewModelTests.swift in Sources */ = {isa = PBXBuildFile; fileRef = 651169F41FD59363002C8530 /* LibraryArtistCellViewModelTests.swift */; };
		65132923298ED33300AFD899 /* TransientModels in Frameworks */ = {isa = PBXBuildFile; productRef = 65132922298ED33300AFD899 /* TransientModels */; };
		6513540C1EDD875E0061B879 /* LibraryViewModelFactory.swift in Sources */ = {isa = PBXBuildFile; fileRef = 6513540B1EDD875E0061B879 /* LibraryViewModelFactory.swift */; };
		65178A8A1F6ACD6D006A29E8 /* ArtistSimilarsSectionHeaderView.swift in Sources */ = {isa = PBXBuildFile; fileRef = 65178A891F6ACD6D006A29E8 /* ArtistSimilarsSectionHeaderView.swift */; };
		6518B12F1EC85BA6001F4B74 /* SimilarArtistCellViewModel.swift in Sources */ = {isa = PBXBuildFile; fileRef = 6518B12E1EC85BA6001F4B74 /* SimilarArtistCellViewModel.swift */; };
		6518B1311EC85C07001F4B74 /* TagCellViewModel.swift in Sources */ = {isa = PBXBuildFile; fileRef = 6518B1301EC85C07001F4B74 /* TagCellViewModel.swift */; };
		6518F0291ECB01B000681D5E /* TagsViewController.swift in Sources */ = {isa = PBXBuildFile; fileRef = 6518F0281ECB01B000681D5E /* TagsViewController.swift */; };
		6518F02B1ECB01B800681D5E /* TagsViewModel.swift in Sources */ = {isa = PBXBuildFile; fileRef = 6518F02A1ECB01B800681D5E /* TagsViewModel.swift */; };
		6518F02D1ECB044900681D5E /* TagsCoordinator.swift in Sources */ = {isa = PBXBuildFile; fileRef = 6518F02C1ECB044900681D5E /* TagsCoordinator.swift */; };
		651C3BB61ECEA3A100C00AD5 /* ArtistListViewModelProtocol.swift in Sources */ = {isa = PBXBuildFile; fileRef = 651C3BB51ECEA3A100C00AD5 /* ArtistListViewModelProtocol.swift */; };
		651C3BBA1ECF2F4E00C00AD5 /* ArtistsByTagViewModel.swift in Sources */ = {isa = PBXBuildFile; fileRef = 651C3BB91ECF2F4E00C00AD5 /* ArtistsByTagViewModel.swift */; };
		651C3BBE1ECF523B00C00AD5 /* ArtistCoordinator.swift in Sources */ = {isa = PBXBuildFile; fileRef = 651C3BBD1ECF523B00C00AD5 /* ArtistCoordinator.swift */; };
		651CB35D1EC9DCDA00BC452C /* SimilarArtistCell.swift in Sources */ = {isa = PBXBuildFile; fileRef = 651CB3581EC9DCDA00BC452C /* SimilarArtistCell.swift */; };
		651CB35E1EC9DCDA00BC452C /* TagCell.swift in Sources */ = {isa = PBXBuildFile; fileRef = 651CB3591EC9DCDA00BC452C /* TagCell.swift */; };
		651CB35F1EC9DCDA00BC452C /* ArtistTopTagsSectionHeaderView.swift in Sources */ = {isa = PBXBuildFile; fileRef = 651CB35B1EC9DCDA00BC452C /* ArtistTopTagsSectionHeaderView.swift */; };
		651CB3611EC9DEE900BC452C /* EmptyDataSetFooterView.swift in Sources */ = {isa = PBXBuildFile; fileRef = 651CB3601EC9DEE900BC452C /* EmptyDataSetFooterView.swift */; };
		651CB3631EC9DEEF00BC452C /* LoadingFooterView.swift in Sources */ = {isa = PBXBuildFile; fileRef = 651CB3621EC9DEEF00BC452C /* LoadingFooterView.swift */; };
		651D8DD21FDC3C9A003AC289 /* MockArtistSimilarsSectionViewModel.swift in Sources */ = {isa = PBXBuildFile; fileRef = 651D8DD11FDC3C9A003AC289 /* MockArtistSimilarsSectionViewModel.swift */; };
		651F9E0B1EC09FDC006D9474 /* Assets.xcassets in Resources */ = {isa = PBXBuildFile; fileRef = 651F9D881EC09FDC006D9474 /* Assets.xcassets */; };
		651F9E101EC09FDC006D9474 /* AppDelegate.swift in Sources */ = {isa = PBXBuildFile; fileRef = 651F9D901EC09FDC006D9474 /* AppDelegate.swift */; };
		651F9E111EC09FDC006D9474 /* Dependencies.swift in Sources */ = {isa = PBXBuildFile; fileRef = 651F9D911EC09FDC006D9474 /* Dependencies.swift */; };
		651F9E151EC09FDC006D9474 /* AppCoordinator.swift in Sources */ = {isa = PBXBuildFile; fileRef = 651F9D971EC09FDC006D9474 /* AppCoordinator.swift */; };
		651F9E171EC09FDC006D9474 /* ArtistListCoordinator.swift in Sources */ = {isa = PBXBuildFile; fileRef = 651F9D991EC09FDC006D9474 /* ArtistListCoordinator.swift */; };
		651F9E181EC09FDC006D9474 /* MainFlowCoordinator.swift in Sources */ = {isa = PBXBuildFile; fileRef = 651F9D9A1EC09FDC006D9474 /* MainFlowCoordinator.swift */; };
		651F9E371EC09FDC006D9474 /* ArtistViewController.swift in Sources */ = {isa = PBXBuildFile; fileRef = 651F9DC61EC09FDC006D9474 /* ArtistViewController.swift */; };
		651F9E381EC09FDC006D9474 /* ArtistViewModel.swift in Sources */ = {isa = PBXBuildFile; fileRef = 651F9DC81EC09FDC006D9474 /* ArtistViewModel.swift */; };
		651F9E401EC09FDC006D9474 /* ArtistCell.swift in Sources */ = {isa = PBXBuildFile; fileRef = 651F9DD91EC09FDC006D9474 /* ArtistCell.swift */; };
		651F9E411EC09FDC006D9474 /* ArtistListViewController.swift in Sources */ = {isa = PBXBuildFile; fileRef = 651F9DDA1EC09FDC006D9474 /* ArtistListViewController.swift */; };
		651F9E421EC09FDC006D9474 /* LoadingView.swift in Sources */ = {isa = PBXBuildFile; fileRef = 651F9DDB1EC09FDC006D9474 /* LoadingView.swift */; };
		651F9E431EC09FDC006D9474 /* LibraryArtistCellViewModel.swift in Sources */ = {isa = PBXBuildFile; fileRef = 651F9DDD1EC09FDC006D9474 /* LibraryArtistCellViewModel.swift */; };
		651F9E441EC09FDC006D9474 /* LibraryViewModel.swift in Sources */ = {isa = PBXBuildFile; fileRef = 651F9DDE1EC09FDC006D9474 /* LibraryViewModel.swift */; };
		651F9E451EC09FDC006D9474 /* RecentTracksProcessor.swift in Sources */ = {isa = PBXBuildFile; fileRef = 651F9DDF1EC09FDC006D9474 /* RecentTracksProcessor.swift */; };
		651F9E581EC09FDD006D9474 /* AppearanceConfigurator.swift in Sources */ = {isa = PBXBuildFile; fileRef = 651F9DFD1EC09FDC006D9474 /* AppearanceConfigurator.swift */; };
		651F9E601EC09FDD006D9474 /* LaunchScreen.storyboard in Resources */ = {isa = PBXBuildFile; fileRef = 651F9E071EC09FDC006D9474 /* LaunchScreen.storyboard */; };
		651F9E611EC09FDD006D9474 /* EmptyDataSetView.swift in Sources */ = {isa = PBXBuildFile; fileRef = 651F9E0A1EC09FDC006D9474 /* EmptyDataSetView.swift */; };
		65206EC31EC4C07700A83DA1 /* ArtistSectionDataSource.swift in Sources */ = {isa = PBXBuildFile; fileRef = 65206EC21EC4C07700A83DA1 /* ArtistSectionDataSource.swift */; };
		65206EC71EC4C0CF00A83DA1 /* ArtistTopTagsSectionDataSource.swift in Sources */ = {isa = PBXBuildFile; fileRef = 65206EC61EC4C0CF00A83DA1 /* ArtistTopTagsSectionDataSource.swift */; };
		65206EC91EC4C11400A83DA1 /* ArtistSimilarsSectionDataSource.swift in Sources */ = {isa = PBXBuildFile; fileRef = 65206EC81EC4C11400A83DA1 /* ArtistSimilarsSectionDataSource.swift */; };
		65241C271EC6E96300927749 /* ArtistSimilarsSectionViewModel.swift in Sources */ = {isa = PBXBuildFile; fileRef = 65241C221EC6E96300927749 /* ArtistSimilarsSectionViewModel.swift */; };
		65241C281EC6E96300927749 /* ArtistTopTagsSectionViewModel.swift in Sources */ = {isa = PBXBuildFile; fileRef = 65241C231EC6E96300927749 /* ArtistTopTagsSectionViewModel.swift */; };
		653F21751F6D1272009A562A /* SimilarArtistsRequestStrategy.swift in Sources */ = {isa = PBXBuildFile; fileRef = 653F21741F6D1272009A562A /* SimilarArtistsRequestStrategy.swift */; };
		6555AB581ED0AC1600BDDF21 /* ArtistTagsCell.swift in Sources */ = {isa = PBXBuildFile; fileRef = 6555AB571ED0AC1600BDDF21 /* ArtistTagsCell.swift */; };
		6557BD701F717D1300E08DD4 /* SimilarsSectionTabViewModel.swift in Sources */ = {isa = PBXBuildFile; fileRef = 6557BD6F1F717D1300E08DD4 /* SimilarsSectionTabViewModel.swift */; };
		655C8B1B2994322600E1C05C /* PersistenceInterface in Frameworks */ = {isa = PBXBuildFile; productRef = 655C8B1A2994322600E1C05C /* PersistenceInterface */; };
		656589EF1FDB093B00859414 /* ArtistSimilarsSectionViewModelFactory.swift in Sources */ = {isa = PBXBuildFile; fileRef = 656589EE1FDB093B00859414 /* ArtistSimilarsSectionViewModelFactory.swift */; };
		656A5B2E1FD1A8BF00A98265 /* RecentTracksProcessorTests.swift in Sources */ = {isa = PBXBuildFile; fileRef = 656A5B2D1FD1A8BF00A98265 /* RecentTracksProcessorTests.swift */; };
		656C194F2A486EC800973B2F /* SharedServicesInterface in Frameworks */ = {isa = PBXBuildFile; productRef = 656C194E2A486EC800973B2F /* SharedServicesInterface */; };
		6570302723AE977200F706B4 /* CountriesCoordinator.swift in Sources */ = {isa = PBXBuildFile; fileRef = 6570302623AE977200F706B4 /* CountriesCoordinator.swift */; };
		6570302C23AE9B0500F706B4 /* CountriesViewController.swift in Sources */ = {isa = PBXBuildFile; fileRef = 6570302B23AE9B0500F706B4 /* CountriesViewController.swift */; };
		6570302E23AE9B4400F706B4 /* CountriesViewModel.swift in Sources */ = {isa = PBXBuildFile; fileRef = 6570302D23AE9B4400F706B4 /* CountriesViewModel.swift */; };
		657773F82A48AA9E004CC11F /* SharedServices in Frameworks */ = {isa = PBXBuildFile; productRef = 657773F72A48AA9E004CC11F /* SharedServices */; };
		657A56131FDD11D90061FD26 /* SimilarsSectionTabViewModelTests.swift in Sources */ = {isa = PBXBuildFile; fileRef = 657A56121FDD11D90061FD26 /* SimilarsSectionTabViewModelTests.swift */; };
		657A56151FDD17870061FD26 /* MockSimilarArtistsRequestStrategy.swift in Sources */ = {isa = PBXBuildFile; fileRef = 657A56141FDD17870061FD26 /* MockSimilarArtistsRequestStrategy.swift */; };
		657A56171FDD39340061FD26 /* SimilarArtistCellViewModelTests.swift in Sources */ = {isa = PBXBuildFile; fileRef = 657A56161FDD39340061FD26 /* SimilarArtistCellViewModelTests.swift */; };
		657A56191FDD3EB40061FD26 /* SimilarArtistsLocalRequestStrategyTests.swift in Sources */ = {isa = PBXBuildFile; fileRef = 657A56181FDD3EB40061FD26 /* SimilarArtistsLocalRequestStrategyTests.swift */; };
		657A561B1FDD3EC10061FD26 /* SimilarArtistsRemoteRequestStrategyTests.swift in Sources */ = {isa = PBXBuildFile; fileRef = 657A561A1FDD3EC10061FD26 /* SimilarArtistsRemoteRequestStrategyTests.swift */; };
		657AC74323CCF62D00E3AE17 /* ArtistsByCountryViewModel.swift in Sources */ = {isa = PBXBuildFile; fileRef = 657AC74223CCF62D00E3AE17 /* ArtistsByCountryViewModel.swift */; };
		657AC74723CD002E00E3AE17 /* CountriesViewModelTests.swift in Sources */ = {isa = PBXBuildFile; fileRef = 657AC74523CCFFF500E3AE17 /* CountriesViewModelTests.swift */; };
		657AC74923CD047500E3AE17 /* CountryTypeTests.swift in Sources */ = {isa = PBXBuildFile; fileRef = 657AC74823CD047500E3AE17 /* CountryTypeTests.swift */; };
		657AC74B23CD080D00E3AE17 /* ArtistsByCountryViewModelTests.swift in Sources */ = {isa = PBXBuildFile; fileRef = 657AC74A23CD080D00E3AE17 /* ArtistsByCountryViewModelTests.swift */; };
		6588C5AD23AD5BD700214359 /* countries.json in Resources */ = {isa = PBXBuildFile; fileRef = 6588C5AC23AD5BD700214359 /* countries.json */; };
		658B840F2A7EA07300998BE6 /* IgnoredTags in Frameworks */ = {isa = PBXBuildFile; productRef = 658B840E2A7EA07300998BE6 /* IgnoredTags */; };
		6590661A298DBD8400BAB009 /* Core in Frameworks */ = {isa = PBXBuildFile; productRef = 65906619298DBD8400BAB009 /* Core */; };
		659092B62A7FA4BD005DB661 /* EnterUsername in Frameworks */ = {isa = PBXBuildFile; productRef = 659092B52A7FA4BD005DB661 /* EnterUsername */; };
		6599EDBB2986CCDF00A55573 /* Persistence in Frameworks */ = {isa = PBXBuildFile; productRef = 6599EDBA2986CCDF00A55573 /* Persistence */; };
		659F75902810793B00ACC306 /* LibraryViewModelTests.swift in Sources */ = {isa = PBXBuildFile; fileRef = 65C4D89A1FD3D7C2004B0CF3 /* LibraryViewModelTests.swift */; };
		659F75992811E46900ACC306 /* ArtistSimilarsSectionViewModelTests.swift in Sources */ = {isa = PBXBuildFile; fileRef = 65D6BE401FD9A144008519F8 /* ArtistSimilarsSectionViewModelTests.swift */; };
		659F759B2814619200ACC306 /* Completion+AsResult.swift in Sources */ = {isa = PBXBuildFile; fileRef = 659F759A2814619200ACC306 /* Completion+AsResult.swift */; };
		65A4811523AFDA34002DC892 /* CountryCellViewModel.swift in Sources */ = {isa = PBXBuildFile; fileRef = 65A4811423AFDA34002DC892 /* CountryCellViewModel.swift */; };
		65A4811723AFDEAC002DC892 /* CountryCell.swift in Sources */ = {isa = PBXBuildFile; fileRef = 65A4811623AFDEAC002DC892 /* CountryCell.swift */; };
		65A98F282A48CF7A00D7EC25 /* Settings in Frameworks */ = {isa = PBXBuildFile; productRef = 65A98F272A48CF7A00D7EC25 /* Settings */; };
		65B4A0491FC7153500E01881 /* TagsViewModelTests.swift in Sources */ = {isa = PBXBuildFile; fileRef = 65B4A0481FC7153500E01881 /* TagsViewModelTests.swift */; };
		65B57B3F2A802F0800EE290D /* ArtistTests.swift in Sources */ = {isa = PBXBuildFile; fileRef = 65B57B212A802C6400EE290D /* ArtistTests.swift */; };
		65B57B402A802F0800EE290D /* RecentTracksPageTests.swift in Sources */ = {isa = PBXBuildFile; fileRef = 65B57B232A802C6400EE290D /* RecentTracksPageTests.swift */; };
		65B57B412A802F0800EE290D /* LibraryPageTests.swift in Sources */ = {isa = PBXBuildFile; fileRef = 65B57B262A802C6400EE290D /* LibraryPageTests.swift */; };
		65B57B422A802F0800EE290D /* TopTagsListTests.swift in Sources */ = {isa = PBXBuildFile; fileRef = 65B57B202A802C6400EE290D /* TopTagsListTests.swift */; };
		65B57B432A802F0800EE290D /* TagTests.swift in Sources */ = {isa = PBXBuildFile; fileRef = 65B57B242A802C6400EE290D /* TagTests.swift */; };
		65B57B442A802F0800EE290D /* TrackTests.swift in Sources */ = {isa = PBXBuildFile; fileRef = 65B57B252A802C6400EE290D /* TrackTests.swift */; };
		65B57B452A802F0800EE290D /* IgnoredTagTests.swift in Sources */ = {isa = PBXBuildFile; fileRef = 65B57B222A802C6400EE290D /* IgnoredTagTests.swift */; };
		65B57B492A802F5D00EE290D /* Utils.swift in Sources */ = {isa = PBXBuildFile; fileRef = 65B57B472A802F5900EE290D /* Utils.swift */; };
		65B57B4A2A802F9400EE290D /* sample_artist.json in Resources */ = {isa = PBXBuildFile; fileRef = 65B57B2A2A802C6400EE290D /* sample_artist.json */; };
		65B57B4B2A802F9400EE290D /* sample_top_tags_list_short.json in Resources */ = {isa = PBXBuildFile; fileRef = 65B57B282A802C6400EE290D /* sample_top_tags_list_short.json */; };
		65B57B4C2A802F9400EE290D /* sample_track.json in Resources */ = {isa = PBXBuildFile; fileRef = 65B57B292A802C6400EE290D /* sample_track.json */; };
		65B57B4D2A802F9400EE290D /* sample_tag.json in Resources */ = {isa = PBXBuildFile; fileRef = 65B57B2C2A802C6400EE290D /* sample_tag.json */; };
		65B57B4E2A802F9400EE290D /* sample_single_recent_track_page.json in Resources */ = {isa = PBXBuildFile; fileRef = 65B57B2B2A802C6400EE290D /* sample_single_recent_track_page.json */; };
		65B57B4F2A802F9400EE290D /* sample_library_page.json in Resources */ = {isa = PBXBuildFile; fileRef = 65B57B2D2A802C6400EE290D /* sample_library_page.json */; };
		65B57B502A802F9400EE290D /* sample_top_tags_list.json in Resources */ = {isa = PBXBuildFile; fileRef = 65B57B2E2A802C6400EE290D /* sample_top_tags_list.json */; };
		65B57B512A802F9400EE290D /* sample_recent_tracks_page.json in Resources */ = {isa = PBXBuildFile; fileRef = 65B57B2F2A802C6400EE290D /* sample_recent_tracks_page.json */; };
		65B5D9C82A7FF8D000729C64 /* InfrastructureTestingUtilities in Frameworks */ = {isa = PBXBuildFile; productRef = 65B5D9C72A7FF8D000729C64 /* InfrastructureTestingUtilities */; };
		65B5D9CA2A7FF8D000729C64 /* ServiceTestingUtilities in Frameworks */ = {isa = PBXBuildFile; productRef = 65B5D9C92A7FF8D000729C64 /* ServiceTestingUtilities */; };
		65B67BA92800C0CF00940A34 /* Nimble in Frameworks */ = {isa = PBXBuildFile; productRef = 65B67BA82800C0CF00940A34 /* Nimble */; };
		65B772891EC5C5E500892698 /* ArtistDataSource.swift in Sources */ = {isa = PBXBuildFile; fileRef = 65B772881EC5C5E500892698 /* ArtistDataSource.swift */; };
		65B991C42A800FC3004DAEE7 /* NetworkingInterface in Frameworks */ = {isa = PBXBuildFile; productRef = 65B991C32A800FC3004DAEE7 /* NetworkingInterface */; };
		65C10DF41F0BD0170072BF09 /* ApplicationStateObserver.swift in Sources */ = {isa = PBXBuildFile; fileRef = 65C10DF31F0BD0170072BF09 /* ApplicationStateObserver.swift */; };
		65CA67CD294F791B00C9A989 /* ArtistCellTests.swift in Sources */ = {isa = PBXBuildFile; fileRef = 65CA67CC294F791B00C9A989 /* ArtistCellTests.swift */; };
		65CA67D1294F7EC700C9A989 /* SimilarArtistCellTests.swift in Sources */ = {isa = PBXBuildFile; fileRef = 65CA67D0294F7EC700C9A989 /* SimilarArtistCellTests.swift */; };
		65CA67D4294F809C00C9A989 /* TagCellTests.swift in Sources */ = {isa = PBXBuildFile; fileRef = 65CA67D3294F809C00C9A989 /* TagCellTests.swift */; };
		65CA67D9294FADB400C9A989 /* ArtistTopTagsSectionHeaderViewTests.swift in Sources */ = {isa = PBXBuildFile; fileRef = 65CA67D8294FADB400C9A989 /* ArtistTopTagsSectionHeaderViewTests.swift */; };
		65CA67DB294FADC300C9A989 /* EmptyDataSetFooterViewTests.swift in Sources */ = {isa = PBXBuildFile; fileRef = 65CA67DA294FADC300C9A989 /* EmptyDataSetFooterViewTests.swift */; };
		65CA67DD294FADD200C9A989 /* LoadingFooterViewTests.swift in Sources */ = {isa = PBXBuildFile; fileRef = 65CA67DC294FADD200C9A989 /* LoadingFooterViewTests.swift */; };
		65CA67DF294FADE200C9A989 /* ArtistSimilarsSectionHeaderViewTests.swift in Sources */ = {isa = PBXBuildFile; fileRef = 65CA67DE294FADE200C9A989 /* ArtistSimilarsSectionHeaderViewTests.swift */; };
		65CA67E3294FB1D600C9A989 /* ArtistTagsCellTests.swift in Sources */ = {isa = PBXBuildFile; fileRef = 65CA67E2294FB1D600C9A989 /* ArtistTagsCellTests.swift */; };
		65CA67E5294FB1EB00C9A989 /* LoadingViewTests.swift in Sources */ = {isa = PBXBuildFile; fileRef = 65CA67E4294FB1EB00C9A989 /* LoadingViewTests.swift */; };
		65CA67E7294FB20100C9A989 /* CountryCellTests.swift in Sources */ = {isa = PBXBuildFile; fileRef = 65CA67E6294FB20100C9A989 /* CountryCellTests.swift */; };
		65CA67E9294FB20F00C9A989 /* SettingCellTests.swift in Sources */ = {isa = PBXBuildFile; fileRef = 65CA67E8294FB20F00C9A989 /* SettingCellTests.swift */; };
		65D6BE3F1FD99EEC008519F8 /* ArtistTopTagsSectionViewModelTests.swift in Sources */ = {isa = PBXBuildFile; fileRef = 65D6BE3E1FD99EEC008519F8 /* ArtistTopTagsSectionViewModelTests.swift */; };
		65DC5B6F2801F4F200AB4544 /* TagCellViewModelTests.swift in Sources */ = {isa = PBXBuildFile; fileRef = 65DC5B6E2801F4F200AB4544 /* TagCellViewModelTests.swift */; };
		65DC5B78280321B200AB4544 /* CombineSchedulers in Frameworks */ = {isa = PBXBuildFile; productRef = 65DC5B77280321B200AB4544 /* CombineSchedulers */; };
		65DC8F611FD0620F007299DB /* ArtistsByTagViewModelTests.swift in Sources */ = {isa = PBXBuildFile; fileRef = 65DC8F601FD0620F007299DB /* ArtistsByTagViewModelTests.swift */; };
		65DFC54D2A801E2A00475EBE /* IgnoredTagsInterface in Frameworks */ = {isa = PBXBuildFile; productRef = 65DFC54C2A801E2A00475EBE /* IgnoredTagsInterface */; };
		65E8FB852A3F447E0059FF89 /* Sync in Frameworks */ = {isa = PBXBuildFile; productRef = 65E8FB842A3F447E0059FF89 /* Sync */; };
		65F58B6129A145AE0035865E /* Onboarding in Frameworks */ = {isa = PBXBuildFile; productRef = 65F58B6029A145AE0035865E /* Onboarding */; };
		65FB48B427FF7900008BB121 /* TPKeyboardAvoiding in Frameworks */ = {isa = PBXBuildFile; productRef = 65FB48B327FF7900008BB121 /* TPKeyboardAvoiding */; };
		65FB48B727FF7A73008BB121 /* SnapKit in Frameworks */ = {isa = PBXBuildFile; productRef = 65FB48B627FF7A73008BB121 /* SnapKit */; };
/* End PBXBuildFile section */

/* Begin PBXContainerItemProxy section */
		01D4D32D1DAE4A0000BFD7FD /* PBXContainerItemProxy */ = {
			isa = PBXContainerItemProxy;
			containerPortal = 01D4D3101DAE4A0000BFD7FD /* Project object */;
			proxyType = 1;
			remoteGlobalIDString = 01D4D3171DAE4A0000BFD7FD;
			remoteInfo = MementoFM;
		};
/* End PBXContainerItemProxy section */

/* Begin PBXFileReference section */
		01D4D3181DAE4A0000BFD7FD /* MementoFM.app */ = {isa = PBXFileReference; explicitFileType = wrapper.application; includeInIndex = 0; path = MementoFM.app; sourceTree = BUILT_PRODUCTS_DIR; };
		01D4D32C1DAE4A0000BFD7FD /* MementoFMTests.xctest */ = {isa = PBXFileReference; explicitFileType = wrapper.cfbundle; includeInIndex = 0; path = MementoFMTests.xctest; sourceTree = BUILT_PRODUCTS_DIR; };
		01D4D3321DAE4A0000BFD7FD /* Info.plist */ = {isa = PBXFileReference; lastKnownFileType = text.plist.xml; path = Info.plist; sourceTree = "<group>"; };
		650BCE2B24048700004AD56C /* CountryCellViewModelTests.swift */ = {isa = PBXFileReference; lastKnownFileType = sourcecode.swift; path = CountryCellViewModelTests.swift; sourceTree = "<group>"; };
		651169F41FD59363002C8530 /* LibraryArtistCellViewModelTests.swift */ = {isa = PBXFileReference; lastKnownFileType = sourcecode.swift; path = LibraryArtistCellViewModelTests.swift; sourceTree = "<group>"; };
		65132921298ED32000AFD899 /* TransientModels */ = {isa = PBXFileReference; lastKnownFileType = wrapper; path = TransientModels; sourceTree = "<group>"; };
		6513540B1EDD875E0061B879 /* LibraryViewModelFactory.swift */ = {isa = PBXFileReference; fileEncoding = 4; lastKnownFileType = sourcecode.swift; path = LibraryViewModelFactory.swift; sourceTree = "<group>"; };
		65178A891F6ACD6D006A29E8 /* ArtistSimilarsSectionHeaderView.swift */ = {isa = PBXFileReference; fileEncoding = 4; lastKnownFileType = sourcecode.swift; path = ArtistSimilarsSectionHeaderView.swift; sourceTree = "<group>"; };
		6518B12E1EC85BA6001F4B74 /* SimilarArtistCellViewModel.swift */ = {isa = PBXFileReference; fileEncoding = 4; lastKnownFileType = sourcecode.swift; path = SimilarArtistCellViewModel.swift; sourceTree = "<group>"; };
		6518B1301EC85C07001F4B74 /* TagCellViewModel.swift */ = {isa = PBXFileReference; fileEncoding = 4; lastKnownFileType = sourcecode.swift; path = TagCellViewModel.swift; sourceTree = "<group>"; };
		6518F0281ECB01B000681D5E /* TagsViewController.swift */ = {isa = PBXFileReference; fileEncoding = 4; lastKnownFileType = sourcecode.swift; path = TagsViewController.swift; sourceTree = "<group>"; };
		6518F02A1ECB01B800681D5E /* TagsViewModel.swift */ = {isa = PBXFileReference; fileEncoding = 4; lastKnownFileType = sourcecode.swift; path = TagsViewModel.swift; sourceTree = "<group>"; };
		6518F02C1ECB044900681D5E /* TagsCoordinator.swift */ = {isa = PBXFileReference; fileEncoding = 4; lastKnownFileType = sourcecode.swift; path = TagsCoordinator.swift; sourceTree = "<group>"; };
		651C3BB51ECEA3A100C00AD5 /* ArtistListViewModelProtocol.swift */ = {isa = PBXFileReference; fileEncoding = 4; lastKnownFileType = sourcecode.swift; path = ArtistListViewModelProtocol.swift; sourceTree = "<group>"; };
		651C3BB91ECF2F4E00C00AD5 /* ArtistsByTagViewModel.swift */ = {isa = PBXFileReference; fileEncoding = 4; lastKnownFileType = sourcecode.swift; path = ArtistsByTagViewModel.swift; sourceTree = "<group>"; };
		651C3BBD1ECF523B00C00AD5 /* ArtistCoordinator.swift */ = {isa = PBXFileReference; fileEncoding = 4; lastKnownFileType = sourcecode.swift; path = ArtistCoordinator.swift; sourceTree = "<group>"; };
		651CB3581EC9DCDA00BC452C /* SimilarArtistCell.swift */ = {isa = PBXFileReference; fileEncoding = 4; lastKnownFileType = sourcecode.swift; path = SimilarArtistCell.swift; sourceTree = "<group>"; };
		651CB3591EC9DCDA00BC452C /* TagCell.swift */ = {isa = PBXFileReference; fileEncoding = 4; lastKnownFileType = sourcecode.swift; path = TagCell.swift; sourceTree = "<group>"; };
		651CB35B1EC9DCDA00BC452C /* ArtistTopTagsSectionHeaderView.swift */ = {isa = PBXFileReference; fileEncoding = 4; lastKnownFileType = sourcecode.swift; path = ArtistTopTagsSectionHeaderView.swift; sourceTree = "<group>"; };
		651CB3601EC9DEE900BC452C /* EmptyDataSetFooterView.swift */ = {isa = PBXFileReference; fileEncoding = 4; lastKnownFileType = sourcecode.swift; path = EmptyDataSetFooterView.swift; sourceTree = "<group>"; };
		651CB3621EC9DEEF00BC452C /* LoadingFooterView.swift */ = {isa = PBXFileReference; fileEncoding = 4; lastKnownFileType = sourcecode.swift; path = LoadingFooterView.swift; sourceTree = "<group>"; };
		651D8DD11FDC3C9A003AC289 /* MockArtistSimilarsSectionViewModel.swift */ = {isa = PBXFileReference; lastKnownFileType = sourcecode.swift; path = MockArtistSimilarsSectionViewModel.swift; sourceTree = "<group>"; };
		651F9D881EC09FDC006D9474 /* Assets.xcassets */ = {isa = PBXFileReference; lastKnownFileType = folder.assetcatalog; path = Assets.xcassets; sourceTree = "<group>"; };
		651F9D901EC09FDC006D9474 /* AppDelegate.swift */ = {isa = PBXFileReference; fileEncoding = 4; lastKnownFileType = sourcecode.swift; path = AppDelegate.swift; sourceTree = "<group>"; };
		651F9D911EC09FDC006D9474 /* Dependencies.swift */ = {isa = PBXFileReference; fileEncoding = 4; lastKnownFileType = sourcecode.swift; path = Dependencies.swift; sourceTree = "<group>"; };
		651F9D971EC09FDC006D9474 /* AppCoordinator.swift */ = {isa = PBXFileReference; fileEncoding = 4; lastKnownFileType = sourcecode.swift; path = AppCoordinator.swift; sourceTree = "<group>"; };
		651F9D991EC09FDC006D9474 /* ArtistListCoordinator.swift */ = {isa = PBXFileReference; fileEncoding = 4; lastKnownFileType = sourcecode.swift; path = ArtistListCoordinator.swift; sourceTree = "<group>"; };
		651F9D9A1EC09FDC006D9474 /* MainFlowCoordinator.swift */ = {isa = PBXFileReference; fileEncoding = 4; lastKnownFileType = sourcecode.swift; path = MainFlowCoordinator.swift; sourceTree = "<group>"; };
		651F9DC61EC09FDC006D9474 /* ArtistViewController.swift */ = {isa = PBXFileReference; fileEncoding = 4; lastKnownFileType = sourcecode.swift; path = ArtistViewController.swift; sourceTree = "<group>"; };
		651F9DC81EC09FDC006D9474 /* ArtistViewModel.swift */ = {isa = PBXFileReference; fileEncoding = 4; lastKnownFileType = sourcecode.swift; path = ArtistViewModel.swift; sourceTree = "<group>"; };
		651F9DD91EC09FDC006D9474 /* ArtistCell.swift */ = {isa = PBXFileReference; fileEncoding = 4; lastKnownFileType = sourcecode.swift; path = ArtistCell.swift; sourceTree = "<group>"; };
		651F9DDA1EC09FDC006D9474 /* ArtistListViewController.swift */ = {isa = PBXFileReference; fileEncoding = 4; lastKnownFileType = sourcecode.swift; path = ArtistListViewController.swift; sourceTree = "<group>"; };
		651F9DDB1EC09FDC006D9474 /* LoadingView.swift */ = {isa = PBXFileReference; fileEncoding = 4; lastKnownFileType = sourcecode.swift; path = LoadingView.swift; sourceTree = "<group>"; };
		651F9DDD1EC09FDC006D9474 /* LibraryArtistCellViewModel.swift */ = {isa = PBXFileReference; fileEncoding = 4; lastKnownFileType = sourcecode.swift; path = LibraryArtistCellViewModel.swift; sourceTree = "<group>"; };
		651F9DDE1EC09FDC006D9474 /* LibraryViewModel.swift */ = {isa = PBXFileReference; fileEncoding = 4; lastKnownFileType = sourcecode.swift; path = LibraryViewModel.swift; sourceTree = "<group>"; };
		651F9DDF1EC09FDC006D9474 /* RecentTracksProcessor.swift */ = {isa = PBXFileReference; fileEncoding = 4; lastKnownFileType = sourcecode.swift; path = RecentTracksProcessor.swift; sourceTree = "<group>"; };
		651F9DFD1EC09FDC006D9474 /* AppearanceConfigurator.swift */ = {isa = PBXFileReference; fileEncoding = 4; lastKnownFileType = sourcecode.swift; path = AppearanceConfigurator.swift; sourceTree = "<group>"; };
		651F9E081EC09FDC006D9474 /* Base */ = {isa = PBXFileReference; lastKnownFileType = file.storyboard; name = Base; path = Base.lproj/LaunchScreen.storyboard; sourceTree = "<group>"; };
		651F9E0A1EC09FDC006D9474 /* EmptyDataSetView.swift */ = {isa = PBXFileReference; fileEncoding = 4; lastKnownFileType = sourcecode.swift; path = EmptyDataSetView.swift; sourceTree = "<group>"; };
		651F9E6B1EC0A1B9006D9474 /* Info.plist */ = {isa = PBXFileReference; fileEncoding = 4; lastKnownFileType = text.plist.xml; path = Info.plist; sourceTree = "<group>"; };
		65206EC21EC4C07700A83DA1 /* ArtistSectionDataSource.swift */ = {isa = PBXFileReference; fileEncoding = 4; lastKnownFileType = sourcecode.swift; path = ArtistSectionDataSource.swift; sourceTree = "<group>"; };
		65206EC61EC4C0CF00A83DA1 /* ArtistTopTagsSectionDataSource.swift */ = {isa = PBXFileReference; fileEncoding = 4; lastKnownFileType = sourcecode.swift; path = ArtistTopTagsSectionDataSource.swift; sourceTree = "<group>"; };
		65206EC81EC4C11400A83DA1 /* ArtistSimilarsSectionDataSource.swift */ = {isa = PBXFileReference; fileEncoding = 4; lastKnownFileType = sourcecode.swift; path = ArtistSimilarsSectionDataSource.swift; sourceTree = "<group>"; };
		65228F932A487078004EA29C /* SharedServices */ = {isa = PBXFileReference; lastKnownFileType = wrapper; path = SharedServices; sourceTree = "<group>"; };
		65241C221EC6E96300927749 /* ArtistSimilarsSectionViewModel.swift */ = {isa = PBXFileReference; fileEncoding = 4; lastKnownFileType = sourcecode.swift; path = ArtistSimilarsSectionViewModel.swift; sourceTree = "<group>"; };
		65241C231EC6E96300927749 /* ArtistTopTagsSectionViewModel.swift */ = {isa = PBXFileReference; fileEncoding = 4; lastKnownFileType = sourcecode.swift; path = ArtistTopTagsSectionViewModel.swift; sourceTree = "<group>"; };
		6536231129871226002E3E21 /* Networking */ = {isa = PBXFileReference; lastKnownFileType = wrapper; path = Networking; sourceTree = "<group>"; };
		653F21741F6D1272009A562A /* SimilarArtistsRequestStrategy.swift */ = {isa = PBXFileReference; fileEncoding = 4; lastKnownFileType = sourcecode.swift; path = SimilarArtistsRequestStrategy.swift; sourceTree = "<group>"; };
		65400F3D298DBCE700A65B3F /* Core */ = {isa = PBXFileReference; lastKnownFileType = wrapper; path = Core; sourceTree = "<group>"; };
		654363782A7EA0600072234B /* IgnoredTags */ = {isa = PBXFileReference; lastKnownFileType = wrapper; path = IgnoredTags; sourceTree = "<group>"; };
		6555AB571ED0AC1600BDDF21 /* ArtistTagsCell.swift */ = {isa = PBXFileReference; fileEncoding = 4; lastKnownFileType = sourcecode.swift; path = ArtistTagsCell.swift; sourceTree = "<group>"; };
		6557BD6F1F717D1300E08DD4 /* SimilarsSectionTabViewModel.swift */ = {isa = PBXFileReference; fileEncoding = 4; lastKnownFileType = sourcecode.swift; path = SimilarsSectionTabViewModel.swift; sourceTree = "<group>"; };
		6564AB0229A1392E0050C42A /* CoreUI */ = {isa = PBXFileReference; lastKnownFileType = wrapper; path = CoreUI; sourceTree = "<group>"; };
		656589EE1FDB093B00859414 /* ArtistSimilarsSectionViewModelFactory.swift */ = {isa = PBXFileReference; lastKnownFileType = sourcecode.swift; path = ArtistSimilarsSectionViewModelFactory.swift; sourceTree = "<group>"; };
		65682D36299431F500845EF2 /* PersistenceInterface */ = {isa = PBXFileReference; lastKnownFileType = wrapper; path = PersistenceInterface; sourceTree = "<group>"; };
		656A5B2D1FD1A8BF00A98265 /* RecentTracksProcessorTests.swift */ = {isa = PBXFileReference; lastKnownFileType = sourcecode.swift; path = RecentTracksProcessorTests.swift; sourceTree = "<group>"; };
		6570302623AE977200F706B4 /* CountriesCoordinator.swift */ = {isa = PBXFileReference; lastKnownFileType = sourcecode.swift; path = CountriesCoordinator.swift; sourceTree = "<group>"; };
		6570302B23AE9B0500F706B4 /* CountriesViewController.swift */ = {isa = PBXFileReference; lastKnownFileType = sourcecode.swift; path = CountriesViewController.swift; sourceTree = "<group>"; };
		6570302D23AE9B4400F706B4 /* CountriesViewModel.swift */ = {isa = PBXFileReference; lastKnownFileType = sourcecode.swift; path = CountriesViewModel.swift; sourceTree = "<group>"; };
		657773FE2A48CF0B004CC11F /* Settings */ = {isa = PBXFileReference; lastKnownFileType = wrapper; path = Settings; sourceTree = "<group>"; };
		657A56121FDD11D90061FD26 /* SimilarsSectionTabViewModelTests.swift */ = {isa = PBXFileReference; lastKnownFileType = sourcecode.swift; path = SimilarsSectionTabViewModelTests.swift; sourceTree = "<group>"; };
		657A56141FDD17870061FD26 /* MockSimilarArtistsRequestStrategy.swift */ = {isa = PBXFileReference; lastKnownFileType = sourcecode.swift; path = MockSimilarArtistsRequestStrategy.swift; sourceTree = "<group>"; };
		657A56161FDD39340061FD26 /* SimilarArtistCellViewModelTests.swift */ = {isa = PBXFileReference; lastKnownFileType = sourcecode.swift; path = SimilarArtistCellViewModelTests.swift; sourceTree = "<group>"; };
		657A56181FDD3EB40061FD26 /* SimilarArtistsLocalRequestStrategyTests.swift */ = {isa = PBXFileReference; lastKnownFileType = sourcecode.swift; path = SimilarArtistsLocalRequestStrategyTests.swift; sourceTree = "<group>"; };
		657A561A1FDD3EC10061FD26 /* SimilarArtistsRemoteRequestStrategyTests.swift */ = {isa = PBXFileReference; lastKnownFileType = sourcecode.swift; path = SimilarArtistsRemoteRequestStrategyTests.swift; sourceTree = "<group>"; };
		657AC74223CCF62D00E3AE17 /* ArtistsByCountryViewModel.swift */ = {isa = PBXFileReference; lastKnownFileType = sourcecode.swift; path = ArtistsByCountryViewModel.swift; sourceTree = "<group>"; };
		657AC74523CCFFF500E3AE17 /* CountriesViewModelTests.swift */ = {isa = PBXFileReference; lastKnownFileType = sourcecode.swift; path = CountriesViewModelTests.swift; sourceTree = "<group>"; };
		657AC74823CD047500E3AE17 /* CountryTypeTests.swift */ = {isa = PBXFileReference; lastKnownFileType = sourcecode.swift; path = CountryTypeTests.swift; sourceTree = "<group>"; };
		657AC74A23CD080D00E3AE17 /* ArtistsByCountryViewModelTests.swift */ = {isa = PBXFileReference; lastKnownFileType = sourcecode.swift; path = ArtistsByCountryViewModelTests.swift; sourceTree = "<group>"; };
		6588C5AC23AD5BD700214359 /* countries.json */ = {isa = PBXFileReference; lastKnownFileType = text.json; path = countries.json; sourceTree = "<group>"; };
		659F759A2814619200ACC306 /* Completion+AsResult.swift */ = {isa = PBXFileReference; lastKnownFileType = sourcecode.swift; path = "Completion+AsResult.swift"; sourceTree = "<group>"; };
		65A4811423AFDA34002DC892 /* CountryCellViewModel.swift */ = {isa = PBXFileReference; lastKnownFileType = sourcecode.swift; path = CountryCellViewModel.swift; sourceTree = "<group>"; };
		65A4811623AFDEAC002DC892 /* CountryCell.swift */ = {isa = PBXFileReference; lastKnownFileType = sourcecode.swift; path = CountryCell.swift; sourceTree = "<group>"; };
		65AB2DEE2A7FF756006971A4 /* InfrastructureTestingUtilities */ = {isa = PBXFileReference; lastKnownFileType = wrapper; path = InfrastructureTestingUtilities; sourceTree = "<group>"; };
		65AB2DEF2A7FF75F006971A4 /* ServiceTestingUtilities */ = {isa = PBXFileReference; lastKnownFileType = wrapper; path = ServiceTestingUtilities; sourceTree = "<group>"; };
		65B17B9929858E2900E30660 /* Persistence */ = {isa = PBXFileReference; lastKnownFileType = wrapper; path = Persistence; sourceTree = "<group>"; };
		65B4A0481FC7153500E01881 /* TagsViewModelTests.swift */ = {isa = PBXFileReference; lastKnownFileType = sourcecode.swift; path = TagsViewModelTests.swift; sourceTree = "<group>"; };
		65B57B202A802C6400EE290D /* TopTagsListTests.swift */ = {isa = PBXFileReference; fileEncoding = 4; lastKnownFileType = sourcecode.swift; path = TopTagsListTests.swift; sourceTree = "<group>"; };
		65B57B212A802C6400EE290D /* ArtistTests.swift */ = {isa = PBXFileReference; fileEncoding = 4; lastKnownFileType = sourcecode.swift; path = ArtistTests.swift; sourceTree = "<group>"; };
		65B57B222A802C6400EE290D /* IgnoredTagTests.swift */ = {isa = PBXFileReference; fileEncoding = 4; lastKnownFileType = sourcecode.swift; path = IgnoredTagTests.swift; sourceTree = "<group>"; };
		65B57B232A802C6400EE290D /* RecentTracksPageTests.swift */ = {isa = PBXFileReference; fileEncoding = 4; lastKnownFileType = sourcecode.swift; path = RecentTracksPageTests.swift; sourceTree = "<group>"; };
		65B57B242A802C6400EE290D /* TagTests.swift */ = {isa = PBXFileReference; fileEncoding = 4; lastKnownFileType = sourcecode.swift; path = TagTests.swift; sourceTree = "<group>"; };
		65B57B252A802C6400EE290D /* TrackTests.swift */ = {isa = PBXFileReference; fileEncoding = 4; lastKnownFileType = sourcecode.swift; path = TrackTests.swift; sourceTree = "<group>"; };
		65B57B262A802C6400EE290D /* LibraryPageTests.swift */ = {isa = PBXFileReference; fileEncoding = 4; lastKnownFileType = sourcecode.swift; path = LibraryPageTests.swift; sourceTree = "<group>"; };
		65B57B282A802C6400EE290D /* sample_top_tags_list_short.json */ = {isa = PBXFileReference; fileEncoding = 4; lastKnownFileType = text.json; path = sample_top_tags_list_short.json; sourceTree = "<group>"; };
		65B57B292A802C6400EE290D /* sample_track.json */ = {isa = PBXFileReference; fileEncoding = 4; lastKnownFileType = text.json; path = sample_track.json; sourceTree = "<group>"; };
		65B57B2A2A802C6400EE290D /* sample_artist.json */ = {isa = PBXFileReference; fileEncoding = 4; lastKnownFileType = text.json; path = sample_artist.json; sourceTree = "<group>"; };
		65B57B2B2A802C6400EE290D /* sample_single_recent_track_page.json */ = {isa = PBXFileReference; fileEncoding = 4; lastKnownFileType = text.json; path = sample_single_recent_track_page.json; sourceTree = "<group>"; };
		65B57B2C2A802C6400EE290D /* sample_tag.json */ = {isa = PBXFileReference; fileEncoding = 4; lastKnownFileType = text.json; path = sample_tag.json; sourceTree = "<group>"; };
		65B57B2D2A802C6400EE290D /* sample_library_page.json */ = {isa = PBXFileReference; fileEncoding = 4; lastKnownFileType = text.json; path = sample_library_page.json; sourceTree = "<group>"; };
		65B57B2E2A802C6400EE290D /* sample_top_tags_list.json */ = {isa = PBXFileReference; fileEncoding = 4; lastKnownFileType = text.json; path = sample_top_tags_list.json; sourceTree = "<group>"; };
		65B57B2F2A802C6400EE290D /* sample_recent_tracks_page.json */ = {isa = PBXFileReference; fileEncoding = 4; lastKnownFileType = text.json; path = sample_recent_tracks_page.json; sourceTree = "<group>"; };
		65B57B472A802F5900EE290D /* Utils.swift */ = {isa = PBXFileReference; fileEncoding = 4; lastKnownFileType = sourcecode.swift; path = Utils.swift; sourceTree = "<group>"; };
		65B772881EC5C5E500892698 /* ArtistDataSource.swift */ = {isa = PBXFileReference; fileEncoding = 4; lastKnownFileType = sourcecode.swift; path = ArtistDataSource.swift; sourceTree = "<group>"; };
		65B83D172A483771000A3BDD /* SharedServicesInterface */ = {isa = PBXFileReference; lastKnownFileType = wrapper; path = SharedServicesInterface; sourceTree = "<group>"; };
		65B991C22A800FBA004DAEE7 /* NetworkingInterface */ = {isa = PBXFileReference; lastKnownFileType = wrapper; path = NetworkingInterface; sourceTree = "<group>"; };
		65C10DF31F0BD0170072BF09 /* ApplicationStateObserver.swift */ = {isa = PBXFileReference; fileEncoding = 4; lastKnownFileType = sourcecode.swift; path = ApplicationStateObserver.swift; sourceTree = "<group>"; };
		65C4D89A1FD3D7C2004B0CF3 /* LibraryViewModelTests.swift */ = {isa = PBXFileReference; lastKnownFileType = sourcecode.swift; path = LibraryViewModelTests.swift; sourceTree = "<group>"; };
		65CA67CC294F791B00C9A989 /* ArtistCellTests.swift */ = {isa = PBXFileReference; lastKnownFileType = sourcecode.swift; path = ArtistCellTests.swift; sourceTree = "<group>"; };
		65CA67D0294F7EC700C9A989 /* SimilarArtistCellTests.swift */ = {isa = PBXFileReference; lastKnownFileType = sourcecode.swift; path = SimilarArtistCellTests.swift; sourceTree = "<group>"; };
		65CA67D3294F809C00C9A989 /* TagCellTests.swift */ = {isa = PBXFileReference; lastKnownFileType = sourcecode.swift; path = TagCellTests.swift; sourceTree = "<group>"; };
		65CA67D8294FADB400C9A989 /* ArtistTopTagsSectionHeaderViewTests.swift */ = {isa = PBXFileReference; lastKnownFileType = sourcecode.swift; path = ArtistTopTagsSectionHeaderViewTests.swift; sourceTree = "<group>"; };
		65CA67DA294FADC300C9A989 /* EmptyDataSetFooterViewTests.swift */ = {isa = PBXFileReference; lastKnownFileType = sourcecode.swift; path = EmptyDataSetFooterViewTests.swift; sourceTree = "<group>"; };
		65CA67DC294FADD200C9A989 /* LoadingFooterViewTests.swift */ = {isa = PBXFileReference; lastKnownFileType = sourcecode.swift; path = LoadingFooterViewTests.swift; sourceTree = "<group>"; };
		65CA67DE294FADE200C9A989 /* ArtistSimilarsSectionHeaderViewTests.swift */ = {isa = PBXFileReference; lastKnownFileType = sourcecode.swift; path = ArtistSimilarsSectionHeaderViewTests.swift; sourceTree = "<group>"; };
		65CA67E2294FB1D600C9A989 /* ArtistTagsCellTests.swift */ = {isa = PBXFileReference; lastKnownFileType = sourcecode.swift; path = ArtistTagsCellTests.swift; sourceTree = "<group>"; };
		65CA67E4294FB1EB00C9A989 /* LoadingViewTests.swift */ = {isa = PBXFileReference; lastKnownFileType = sourcecode.swift; path = LoadingViewTests.swift; sourceTree = "<group>"; };
		65CA67E6294FB20100C9A989 /* CountryCellTests.swift */ = {isa = PBXFileReference; lastKnownFileType = sourcecode.swift; path = CountryCellTests.swift; sourceTree = "<group>"; };
		65CA67E8294FB20F00C9A989 /* SettingCellTests.swift */ = {isa = PBXFileReference; lastKnownFileType = sourcecode.swift; path = SettingCellTests.swift; sourceTree = "<group>"; };
		65CA78C62A3F443B009A8D81 /* Sync */ = {isa = PBXFileReference; lastKnownFileType = wrapper; path = Sync; sourceTree = "<group>"; };
		65D3BA852A7F980D00F31AE2 /* EnterUsername */ = {isa = PBXFileReference; lastKnownFileType = wrapper; path = EnterUsername; sourceTree = "<group>"; };
		65D6BE3E1FD99EEC008519F8 /* ArtistTopTagsSectionViewModelTests.swift */ = {isa = PBXFileReference; lastKnownFileType = sourcecode.swift; path = ArtistTopTagsSectionViewModelTests.swift; sourceTree = "<group>"; };
		65D6BE401FD9A144008519F8 /* ArtistSimilarsSectionViewModelTests.swift */ = {isa = PBXFileReference; lastKnownFileType = sourcecode.swift; path = ArtistSimilarsSectionViewModelTests.swift; sourceTree = "<group>"; };
		65DC5B6E2801F4F200AB4544 /* TagCellViewModelTests.swift */ = {isa = PBXFileReference; lastKnownFileType = sourcecode.swift; path = TagCellViewModelTests.swift; sourceTree = "<group>"; };
		65DC8F601FD0620F007299DB /* ArtistsByTagViewModelTests.swift */ = {isa = PBXFileReference; fileEncoding = 4; lastKnownFileType = sourcecode.swift; path = ArtistsByTagViewModelTests.swift; sourceTree = "<group>"; };
		65DFC54B2A801E1F00475EBE /* IgnoredTagsInterface */ = {isa = PBXFileReference; lastKnownFileType = wrapper; path = IgnoredTagsInterface; sourceTree = "<group>"; };
		65F58B5F29A145A00035865E /* Onboarding */ = {isa = PBXFileReference; lastKnownFileType = wrapper; path = Onboarding; sourceTree = "<group>"; };
/* End PBXFileReference section */

/* Begin PBXFrameworksBuildPhase section */
		01D4D3151DAE4A0000BFD7FD /* Frameworks */ = {
			isa = PBXFrameworksBuildPhase;
			buildActionMask = 2147483647;
			files = (
				658B840F2A7EA07300998BE6 /* IgnoredTags in Frameworks */,
				6599EDBB2986CCDF00A55573 /* Persistence in Frameworks */,
				65DFC54D2A801E2A00475EBE /* IgnoredTagsInterface in Frameworks */,
				65132923298ED33300AFD899 /* TransientModels in Frameworks */,
				655C8B1B2994322600E1C05C /* PersistenceInterface in Frameworks */,
				65E8FB852A3F447E0059FF89 /* Sync in Frameworks */,
				65DC5B78280321B200AB4544 /* CombineSchedulers in Frameworks */,
				65FB48B727FF7A73008BB121 /* SnapKit in Frameworks */,
				6590661A298DBD8400BAB009 /* Core in Frameworks */,
				65A98F282A48CF7A00D7EC25 /* Settings in Frameworks */,
				650D748C2987128200714E73 /* Networking in Frameworks */,
				657773F82A48AA9E004CC11F /* SharedServices in Frameworks */,
				65B991C42A800FC3004DAEE7 /* NetworkingInterface in Frameworks */,
				659092B62A7FA4BD005DB661 /* EnterUsername in Frameworks */,
				65F58B6129A145AE0035865E /* Onboarding in Frameworks */,
				656C194F2A486EC800973B2F /* SharedServicesInterface in Frameworks */,
				65FB48B427FF7900008BB121 /* TPKeyboardAvoiding in Frameworks */,
				6509D4F229A13DC4000E481E /* CoreUI in Frameworks */,
			);
			runOnlyForDeploymentPostprocessing = 0;
		};
		01D4D3291DAE4A0000BFD7FD /* Frameworks */ = {
			isa = PBXFrameworksBuildPhase;
			buildActionMask = 2147483647;
			files = (
				65B67BA92800C0CF00940A34 /* Nimble in Frameworks */,
				65B5D9CA2A7FF8D000729C64 /* ServiceTestingUtilities in Frameworks */,
				65B5D9C82A7FF8D000729C64 /* InfrastructureTestingUtilities in Frameworks */,
			);
			runOnlyForDeploymentPostprocessing = 0;
		};
/* End PBXFrameworksBuildPhase section */

/* Begin PBXGroup section */
		01D4D30F1DAE4A0000BFD7FD = {
			isa = PBXGroup;
			children = (
				651F9D8E1EC09FDC006D9474 /* Sources */,
				65C2E07F2954E74600C2A12E /* Packages */,
				651F9D871EC09FDC006D9474 /* Resources */,
				651F9E6A1EC0A1B9006D9474 /* Supporting Files */,
				01D4D32F1DAE4A0000BFD7FD /* Tests */,
				01D4D3191DAE4A0000BFD7FD /* Products */,
				65C2E07C2954CF6B00C2A12E /* Frameworks */,
			);
			indentWidth = 4;
			sourceTree = "<group>";
			tabWidth = 4;
		};
		01D4D3191DAE4A0000BFD7FD /* Products */ = {
			isa = PBXGroup;
			children = (
				01D4D3181DAE4A0000BFD7FD /* MementoFM.app */,
				01D4D32C1DAE4A0000BFD7FD /* MementoFMTests.xctest */,
			);
			name = Products;
			sourceTree = "<group>";
		};
		01D4D32F1DAE4A0000BFD7FD /* Tests */ = {
			isa = PBXGroup;
			children = (
				65B57B1E2A802C3100EE290D /* Models */,
				01D4D3321DAE4A0000BFD7FD /* Info.plist */,
				654430771FA230A000923356 /* Services */,
				65CA67CB294F78C400C9A989 /* Views */,
			);
			path = Tests;
			sourceTree = "<group>";
		};
		6518F0251ECB01A300681D5E /* Tags */ = {
			isa = PBXGroup;
			children = (
				6518F0261ECB01A300681D5E /* View */,
				6518F0271ECB01A300681D5E /* ViewModel */,
			);
			path = Tags;
			sourceTree = "<group>";
		};
		6518F0261ECB01A300681D5E /* View */ = {
			isa = PBXGroup;
			children = (
				6518F0281ECB01B000681D5E /* TagsViewController.swift */,
			);
			path = View;
			sourceTree = "<group>";
		};
		6518F0271ECB01A300681D5E /* ViewModel */ = {
			isa = PBXGroup;
			children = (
				6518F02A1ECB01B800681D5E /* TagsViewModel.swift */,
				651C3BB91ECF2F4E00C00AD5 /* ArtistsByTagViewModel.swift */,
			);
			path = ViewModel;
			sourceTree = "<group>";
		};
		651CB3561EC9DCDA00BC452C /* Cells */ = {
			isa = PBXGroup;
			children = (
				651CB3581EC9DCDA00BC452C /* SimilarArtistCell.swift */,
				6555AB571ED0AC1600BDDF21 /* ArtistTagsCell.swift */,
				651CB3591EC9DCDA00BC452C /* TagCell.swift */,
			);
			path = Cells;
			sourceTree = "<group>";
		};
		651CB35A1EC9DCDA00BC452C /* SupplementaryViews */ = {
			isa = PBXGroup;
			children = (
				651CB35B1EC9DCDA00BC452C /* ArtistTopTagsSectionHeaderView.swift */,
				651CB3601EC9DEE900BC452C /* EmptyDataSetFooterView.swift */,
				651CB3621EC9DEEF00BC452C /* LoadingFooterView.swift */,
				65178A891F6ACD6D006A29E8 /* ArtistSimilarsSectionHeaderView.swift */,
			);
			path = SupplementaryViews;
			sourceTree = "<group>";
		};
		651F9D871EC09FDC006D9474 /* Resources */ = {
			isa = PBXGroup;
			children = (
				651F9D881EC09FDC006D9474 /* Assets.xcassets */,
				6588C5AC23AD5BD700214359 /* countries.json */,
			);
			path = Resources;
			sourceTree = "<group>";
		};
		651F9D8E1EC09FDC006D9474 /* Sources */ = {
			isa = PBXGroup;
			children = (
				651F9D8F1EC09FDC006D9474 /* Application */,
				651F9D961EC09FDC006D9474 /* Coordinators */,
				651F9DC11EC09FDC006D9474 /* Modules */,
				651F9DFC1EC09FDC006D9474 /* Utils */,
				651F9E051EC09FDC006D9474 /* Views */,
			);
			path = Sources;
			sourceTree = "<group>";
		};
		651F9D8F1EC09FDC006D9474 /* Application */ = {
			isa = PBXGroup;
			children = (
				651F9D901EC09FDC006D9474 /* AppDelegate.swift */,
				651F9D911EC09FDC006D9474 /* Dependencies.swift */,
			);
			path = Application;
			sourceTree = "<group>";
		};
		651F9D961EC09FDC006D9474 /* Coordinators */ = {
			isa = PBXGroup;
			children = (
				651F9D971EC09FDC006D9474 /* AppCoordinator.swift */,
				651F9D991EC09FDC006D9474 /* ArtistListCoordinator.swift */,
				651F9D9A1EC09FDC006D9474 /* MainFlowCoordinator.swift */,
				6518F02C1ECB044900681D5E /* TagsCoordinator.swift */,
				651C3BBD1ECF523B00C00AD5 /* ArtistCoordinator.swift */,
				6570302623AE977200F706B4 /* CountriesCoordinator.swift */,
			);
			path = Coordinators;
			sourceTree = "<group>";
		};
		651F9DC11EC09FDC006D9474 /* Modules */ = {
			isa = PBXGroup;
			children = (
				651F9DC41EC09FDC006D9474 /* Artist */,
				651F9DD61EC09FDC006D9474 /* Library */,
				6518F0251ECB01A300681D5E /* Tags */,
				6570302823AE9A6300F706B4 /* Countries */,
			);
			path = Modules;
			sourceTree = "<group>";
		};
		651F9DC41EC09FDC006D9474 /* Artist */ = {
			isa = PBXGroup;
			children = (
				651F9DC51EC09FDC006D9474 /* View */,
				651F9DC71EC09FDC006D9474 /* ViewModel */,
				65206EC11EC4C06100A83DA1 /* DataSource */,
			);
			path = Artist;
			sourceTree = "<group>";
		};
		651F9DC51EC09FDC006D9474 /* View */ = {
			isa = PBXGroup;
			children = (
				651F9DC61EC09FDC006D9474 /* ArtistViewController.swift */,
				651CB3561EC9DCDA00BC452C /* Cells */,
				651CB35A1EC9DCDA00BC452C /* SupplementaryViews */,
			);
			path = View;
			sourceTree = "<group>";
		};
		651F9DC71EC09FDC006D9474 /* ViewModel */ = {
			isa = PBXGroup;
			children = (
				651F9DC81EC09FDC006D9474 /* ArtistViewModel.swift */,
				65241C1F1EC6E96300927749 /* Sections */,
				65241C1D1EC6E96300927749 /* Cells */,
			);
			path = ViewModel;
			sourceTree = "<group>";
		};
		651F9DD61EC09FDC006D9474 /* Library */ = {
			isa = PBXGroup;
			children = (
				651F9DD71EC09FDC006D9474 /* ArtistList */,
			);
			path = Library;
			sourceTree = "<group>";
		};
		651F9DD71EC09FDC006D9474 /* ArtistList */ = {
			isa = PBXGroup;
			children = (
				651F9DD81EC09FDC006D9474 /* View */,
				651F9DDC1EC09FDC006D9474 /* ViewModel */,
			);
			path = ArtistList;
			sourceTree = "<group>";
		};
		651F9DD81EC09FDC006D9474 /* View */ = {
			isa = PBXGroup;
			children = (
				651F9DD91EC09FDC006D9474 /* ArtistCell.swift */,
				651F9DDA1EC09FDC006D9474 /* ArtistListViewController.swift */,
				651F9DDB1EC09FDC006D9474 /* LoadingView.swift */,
			);
			path = View;
			sourceTree = "<group>";
		};
		651F9DDC1EC09FDC006D9474 /* ViewModel */ = {
			isa = PBXGroup;
			children = (
				651C3BB51ECEA3A100C00AD5 /* ArtistListViewModelProtocol.swift */,
				651F9DDE1EC09FDC006D9474 /* LibraryViewModel.swift */,
				651F9DDD1EC09FDC006D9474 /* LibraryArtistCellViewModel.swift */,
				651F9DDF1EC09FDC006D9474 /* RecentTracksProcessor.swift */,
				6513540B1EDD875E0061B879 /* LibraryViewModelFactory.swift */,
			);
			path = ViewModel;
			sourceTree = "<group>";
		};
		651F9DFC1EC09FDC006D9474 /* Utils */ = {
			isa = PBXGroup;
			children = (
				651F9DFD1EC09FDC006D9474 /* AppearanceConfigurator.swift */,
				65C10DF31F0BD0170072BF09 /* ApplicationStateObserver.swift */,
				659F759A2814619200ACC306 /* Completion+AsResult.swift */,
			);
			path = Utils;
			sourceTree = "<group>";
		};
		651F9E051EC09FDC006D9474 /* Views */ = {
			isa = PBXGroup;
			children = (
				651F9E061EC09FDC006D9474 /* LaunchScreen */,
				651F9E091EC09FDC006D9474 /* Shared */,
			);
			path = Views;
			sourceTree = "<group>";
		};
		651F9E061EC09FDC006D9474 /* LaunchScreen */ = {
			isa = PBXGroup;
			children = (
				651F9E071EC09FDC006D9474 /* LaunchScreen.storyboard */,
			);
			path = LaunchScreen;
			sourceTree = "<group>";
		};
		651F9E091EC09FDC006D9474 /* Shared */ = {
			isa = PBXGroup;
			children = (
				651F9E0A1EC09FDC006D9474 /* EmptyDataSetView.swift */,
			);
			path = Shared;
			sourceTree = "<group>";
		};
		651F9E6A1EC0A1B9006D9474 /* Supporting Files */ = {
			isa = PBXGroup;
			children = (
				651F9E6B1EC0A1B9006D9474 /* Info.plist */,
			);
			path = "Supporting Files";
			sourceTree = "<group>";
		};
		65206EC11EC4C06100A83DA1 /* DataSource */ = {
			isa = PBXGroup;
			children = (
				65B772881EC5C5E500892698 /* ArtistDataSource.swift */,
				65206EC21EC4C07700A83DA1 /* ArtistSectionDataSource.swift */,
				65206EC61EC4C0CF00A83DA1 /* ArtistTopTagsSectionDataSource.swift */,
				65206EC81EC4C11400A83DA1 /* ArtistSimilarsSectionDataSource.swift */,
			);
			path = DataSource;
			sourceTree = "<group>";
		};
		65241C1D1EC6E96300927749 /* Cells */ = {
			isa = PBXGroup;
			children = (
				6518B1301EC85C07001F4B74 /* TagCellViewModel.swift */,
				6518B12E1EC85BA6001F4B74 /* SimilarArtistCellViewModel.swift */,
			);
			path = Cells;
			sourceTree = "<group>";
		};
		65241C1F1EC6E96300927749 /* Sections */ = {
			isa = PBXGroup;
			children = (
				65241C231EC6E96300927749 /* ArtistTopTagsSectionViewModel.swift */,
				656589EE1FDB093B00859414 /* ArtistSimilarsSectionViewModelFactory.swift */,
				65241C221EC6E96300927749 /* ArtistSimilarsSectionViewModel.swift */,
				653F21741F6D1272009A562A /* SimilarArtistsRequestStrategy.swift */,
				6557BD6F1F717D1300E08DD4 /* SimilarsSectionTabViewModel.swift */,
			);
			path = Sections;
			sourceTree = "<group>";
		};
		654430771FA230A000923356 /* Services */ = {
			isa = PBXGroup;
			children = (
				656D2F021FB211B60096DE27 /* Modules */,
			);
			path = Services;
			sourceTree = "<group>";
		};
		656401771FD8625800782788 /* Artist */ = {
			isa = PBXGroup;
			children = (
				65D6BE3E1FD99EEC008519F8 /* ArtistTopTagsSectionViewModelTests.swift */,
				65D6BE401FD9A144008519F8 /* ArtistSimilarsSectionViewModelTests.swift */,
				651D8DD11FDC3C9A003AC289 /* MockArtistSimilarsSectionViewModel.swift */,
				657A56121FDD11D90061FD26 /* SimilarsSectionTabViewModelTests.swift */,
				657A56141FDD17870061FD26 /* MockSimilarArtistsRequestStrategy.swift */,
				657A56161FDD39340061FD26 /* SimilarArtistCellViewModelTests.swift */,
				657A56181FDD3EB40061FD26 /* SimilarArtistsLocalRequestStrategyTests.swift */,
				657A561A1FDD3EC10061FD26 /* SimilarArtistsRemoteRequestStrategyTests.swift */,
			);
			path = Artist;
			sourceTree = "<group>";
		};
		656A5B2C1FD1A8A100A98265 /* Library */ = {
			isa = PBXGroup;
			children = (
				656A5B2D1FD1A8BF00A98265 /* RecentTracksProcessorTests.swift */,
				65C4D89A1FD3D7C2004B0CF3 /* LibraryViewModelTests.swift */,
				651169F41FD59363002C8530 /* LibraryArtistCellViewModelTests.swift */,
			);
			path = Library;
			sourceTree = "<group>";
		};
		656D2F021FB211B60096DE27 /* Modules */ = {
			isa = PBXGroup;
			children = (
				656401771FD8625800782788 /* Artist */,
				656A5B2C1FD1A8A100A98265 /* Library */,
				65B4A0471FC7151F00E01881 /* Tags */,
				657AC74423CCFF1500E3AE17 /* Countries */,
			);
			path = Modules;
			sourceTree = "<group>";
		};
		6570302823AE9A6300F706B4 /* Countries */ = {
			isa = PBXGroup;
			children = (
				6570302923AE9AEE00F706B4 /* View */,
				6570302A23AE9AF300F706B4 /* ViewModel */,
			);
			path = Countries;
			sourceTree = "<group>";
		};
		6570302923AE9AEE00F706B4 /* View */ = {
			isa = PBXGroup;
			children = (
				6570302B23AE9B0500F706B4 /* CountriesViewController.swift */,
				65A4811623AFDEAC002DC892 /* CountryCell.swift */,
			);
			path = View;
			sourceTree = "<group>";
		};
		6570302A23AE9AF300F706B4 /* ViewModel */ = {
			isa = PBXGroup;
			children = (
				6570302D23AE9B4400F706B4 /* CountriesViewModel.swift */,
				65A4811423AFDA34002DC892 /* CountryCellViewModel.swift */,
				657AC74223CCF62D00E3AE17 /* ArtistsByCountryViewModel.swift */,
			);
			path = ViewModel;
			sourceTree = "<group>";
		};
		657AC74423CCFF1500E3AE17 /* Countries */ = {
			isa = PBXGroup;
			children = (
				657AC74523CCFFF500E3AE17 /* CountriesViewModelTests.swift */,
				650BCE2B24048700004AD56C /* CountryCellViewModelTests.swift */,
				657AC74823CD047500E3AE17 /* CountryTypeTests.swift */,
				657AC74A23CD080D00E3AE17 /* ArtistsByCountryViewModelTests.swift */,
			);
			path = Countries;
			sourceTree = "<group>";
		};
		65B4A0471FC7151F00E01881 /* Tags */ = {
			isa = PBXGroup;
			children = (
				65DC8F601FD0620F007299DB /* ArtistsByTagViewModelTests.swift */,
				65DC5B6E2801F4F200AB4544 /* TagCellViewModelTests.swift */,
				65B4A0481FC7153500E01881 /* TagsViewModelTests.swift */,
			);
			path = Tags;
			sourceTree = "<group>";
		};
		65B57B1E2A802C3100EE290D /* Models */ = {
			isa = PBXGroup;
			children = (
				65B57B272A802C6400EE290D /* Sample Data */,
				65B57B1F2A802C6400EE290D /* Transient */,
				65B57B462A802F4A00EE290D /* Utils */,
			);
			path = Models;
			sourceTree = "<group>";
		};
		65B57B1F2A802C6400EE290D /* Transient */ = {
			isa = PBXGroup;
			children = (
				65B57B202A802C6400EE290D /* TopTagsListTests.swift */,
				65B57B212A802C6400EE290D /* ArtistTests.swift */,
				65B57B222A802C6400EE290D /* IgnoredTagTests.swift */,
				65B57B232A802C6400EE290D /* RecentTracksPageTests.swift */,
				65B57B242A802C6400EE290D /* TagTests.swift */,
				65B57B252A802C6400EE290D /* TrackTests.swift */,
				65B57B262A802C6400EE290D /* LibraryPageTests.swift */,
			);
			path = Transient;
			sourceTree = "<group>";
		};
		65B57B272A802C6400EE290D /* Sample Data */ = {
			isa = PBXGroup;
			children = (
				65B57B282A802C6400EE290D /* sample_top_tags_list_short.json */,
				65B57B292A802C6400EE290D /* sample_track.json */,
				65B57B2A2A802C6400EE290D /* sample_artist.json */,
				65B57B2B2A802C6400EE290D /* sample_single_recent_track_page.json */,
				65B57B2C2A802C6400EE290D /* sample_tag.json */,
				65B57B2D2A802C6400EE290D /* sample_library_page.json */,
				65B57B2E2A802C6400EE290D /* sample_top_tags_list.json */,
				65B57B2F2A802C6400EE290D /* sample_recent_tracks_page.json */,
			);
			path = "Sample Data";
			sourceTree = "<group>";
		};
		65B57B462A802F4A00EE290D /* Utils */ = {
			isa = PBXGroup;
			children = (
				65B57B472A802F5900EE290D /* Utils.swift */,
			);
			path = Utils;
			sourceTree = "<group>";
		};
		65C2E07C2954CF6B00C2A12E /* Frameworks */ = {
			isa = PBXGroup;
			children = (
			);
			name = Frameworks;
			sourceTree = "<group>";
		};
		65C2E07F2954E74600C2A12E /* Packages */ = {
			isa = PBXGroup;
			children = (
				65400F3D298DBCE700A65B3F /* Core */,
				6564AB0229A1392E0050C42A /* CoreUI */,
				65D3BA852A7F980D00F31AE2 /* EnterUsername */,
				654363782A7EA0600072234B /* IgnoredTags */,
				65DFC54B2A801E1F00475EBE /* IgnoredTagsInterface */,
				65AB2DEE2A7FF756006971A4 /* InfrastructureTestingUtilities */,
				6536231129871226002E3E21 /* Networking */,
				65B991C22A800FBA004DAEE7 /* NetworkingInterface */,
				65F58B5F29A145A00035865E /* Onboarding */,
				65B17B9929858E2900E30660 /* Persistence */,
				65682D36299431F500845EF2 /* PersistenceInterface */,
				65AB2DEF2A7FF75F006971A4 /* ServiceTestingUtilities */,
				657773FE2A48CF0B004CC11F /* Settings */,
				65228F932A487078004EA29C /* SharedServices */,
				65B83D172A483771000A3BDD /* SharedServicesInterface */,
				65CA78C62A3F443B009A8D81 /* Sync */,
				65132921298ED32000AFD899 /* TransientModels */,
			);
			path = Packages;
			sourceTree = "<group>";
		};
		65CA67CB294F78C400C9A989 /* Views */ = {
			isa = PBXGroup;
			children = (
				65CA67D6294F81A500C9A989 /* Views */,
				65CA67D5294F80A700C9A989 /* Cells */,
			);
			path = Views;
			sourceTree = "<group>";
		};
		65CA67D5294F80A700C9A989 /* Cells */ = {
			isa = PBXGroup;
			children = (
				65CA67CC294F791B00C9A989 /* ArtistCellTests.swift */,
				65CA67E2294FB1D600C9A989 /* ArtistTagsCellTests.swift */,
				65CA67E6294FB20100C9A989 /* CountryCellTests.swift */,
				65CA67E8294FB20F00C9A989 /* SettingCellTests.swift */,
				65CA67D0294F7EC700C9A989 /* SimilarArtistCellTests.swift */,
				65CA67D3294F809C00C9A989 /* TagCellTests.swift */,
			);
			path = Cells;
			sourceTree = "<group>";
		};
		65CA67D6294F81A500C9A989 /* Views */ = {
			isa = PBXGroup;
			children = (
				65CA67DE294FADE200C9A989 /* ArtistSimilarsSectionHeaderViewTests.swift */,
				65CA67D8294FADB400C9A989 /* ArtistTopTagsSectionHeaderViewTests.swift */,
				65CA67DA294FADC300C9A989 /* EmptyDataSetFooterViewTests.swift */,
				65CA67DC294FADD200C9A989 /* LoadingFooterViewTests.swift */,
				65CA67E4294FB1EB00C9A989 /* LoadingViewTests.swift */,
			);
			path = Views;
			sourceTree = "<group>";
		};
/* End PBXGroup section */

/* Begin PBXNativeTarget section */
		01D4D3171DAE4A0000BFD7FD /* MementoFM */ = {
			isa = PBXNativeTarget;
			buildConfigurationList = 01D4D3351DAE4A0000BFD7FD /* Build configuration list for PBXNativeTarget "MementoFM" */;
			buildPhases = (
				65291E041FBC241B00AE07BC /* Run SwiftLint */,
				01D4D3141DAE4A0000BFD7FD /* Sources */,
				01D4D3151DAE4A0000BFD7FD /* Frameworks */,
				01D4D3161DAE4A0000BFD7FD /* Resources */,
			);
			buildRules = (
			);
			dependencies = (
			);
			name = MementoFM;
			packageProductDependencies = (
				65FB48B327FF7900008BB121 /* TPKeyboardAvoiding */,
				65FB48B627FF7A73008BB121 /* SnapKit */,
				65DC5B77280321B200AB4544 /* CombineSchedulers */,
				6599EDBA2986CCDF00A55573 /* Persistence */,
				65906619298DBD8400BAB009 /* Core */,
				65132922298ED33300AFD899 /* TransientModels */,
				650D748B2987128200714E73 /* Networking */,
				655C8B1A2994322600E1C05C /* PersistenceInterface */,
				6509D4F129A13DC4000E481E /* CoreUI */,
				65F58B6029A145AE0035865E /* Onboarding */,
				65E8FB842A3F447E0059FF89 /* Sync */,
				656C194E2A486EC800973B2F /* SharedServicesInterface */,
				657773F72A48AA9E004CC11F /* SharedServices */,
				65A98F272A48CF7A00D7EC25 /* Settings */,
				658B840E2A7EA07300998BE6 /* IgnoredTags */,
				659092B52A7FA4BD005DB661 /* EnterUsername */,
				65B991C32A800FC3004DAEE7 /* NetworkingInterface */,
				65DFC54C2A801E2A00475EBE /* IgnoredTagsInterface */,
			);
			productName = MementoFM;
			productReference = 01D4D3181DAE4A0000BFD7FD /* MementoFM.app */;
			productType = "com.apple.product-type.application";
		};
		01D4D32B1DAE4A0000BFD7FD /* MementoFMTests */ = {
			isa = PBXNativeTarget;
			buildConfigurationList = 01D4D3381DAE4A0000BFD7FD /* Build configuration list for PBXNativeTarget "MementoFMTests" */;
			buildPhases = (
				01D4D3281DAE4A0000BFD7FD /* Sources */,
				01D4D3291DAE4A0000BFD7FD /* Frameworks */,
				01D4D32A1DAE4A0000BFD7FD /* Resources */,
			);
			buildRules = (
			);
			dependencies = (
				01D4D32E1DAE4A0000BFD7FD /* PBXTargetDependency */,
			);
			name = MementoFMTests;
			packageProductDependencies = (
				65B67BA82800C0CF00940A34 /* Nimble */,
				65B5D9C72A7FF8D000729C64 /* InfrastructureTestingUtilities */,
				65B5D9C92A7FF8D000729C64 /* ServiceTestingUtilities */,
			);
			productName = MementoFMTests;
			productReference = 01D4D32C1DAE4A0000BFD7FD /* MementoFMTests.xctest */;
			productType = "com.apple.product-type.bundle.unit-test";
		};
/* End PBXNativeTarget section */

/* Begin PBXProject section */
		01D4D3101DAE4A0000BFD7FD /* Project object */ = {
			isa = PBXProject;
			attributes = {
				LastSwiftUpdateCheck = 0800;
				LastUpgradeCheck = 1220;
				ORGANIZATIONNAME = icecoffin;
				TargetAttributes = {
					01D4D3171DAE4A0000BFD7FD = {
						CreatedOnToolsVersion = 8.0;
						DevelopmentTeam = FH27F664XD;
						LastSwiftMigration = 1020;
						ProvisioningStyle = Automatic;
					};
					01D4D32B1DAE4A0000BFD7FD = {
						CreatedOnToolsVersion = 8.0;
						LastSwiftMigration = 1020;
						ProvisioningStyle = Automatic;
						TestTargetID = 01D4D3171DAE4A0000BFD7FD;
					};
				};
			};
			buildConfigurationList = 01D4D3131DAE4A0000BFD7FD /* Build configuration list for PBXProject "MementoFM" */;
			compatibilityVersion = "Xcode 3.2";
			developmentRegion = en;
			hasScannedForEncodings = 0;
			knownRegions = (
				en,
				Base,
			);
			mainGroup = 01D4D30F1DAE4A0000BFD7FD;
			packageReferences = (
				65FB48B227FF7900008BB121 /* XCRemoteSwiftPackageReference "TPKeyboardAvoiding" */,
				65FB48B527FF7A73008BB121 /* XCRemoteSwiftPackageReference "SnapKit" */,
				65B67BA72800C0CF00940A34 /* XCRemoteSwiftPackageReference "Nimble" */,
				65DC5B76280321B200AB4544 /* XCRemoteSwiftPackageReference "combine-schedulers" */,
			);
			productRefGroup = 01D4D3191DAE4A0000BFD7FD /* Products */;
			projectDirPath = "";
			projectRoot = "";
			targets = (
				01D4D3171DAE4A0000BFD7FD /* MementoFM */,
				01D4D32B1DAE4A0000BFD7FD /* MementoFMTests */,
			);
		};
/* End PBXProject section */

/* Begin PBXResourcesBuildPhase section */
		01D4D3161DAE4A0000BFD7FD /* Resources */ = {
			isa = PBXResourcesBuildPhase;
			buildActionMask = 2147483647;
			files = (
				6588C5AD23AD5BD700214359 /* countries.json in Resources */,
				651F9E601EC09FDD006D9474 /* LaunchScreen.storyboard in Resources */,
				651F9E0B1EC09FDC006D9474 /* Assets.xcassets in Resources */,
			);
			runOnlyForDeploymentPostprocessing = 0;
		};
		01D4D32A1DAE4A0000BFD7FD /* Resources */ = {
			isa = PBXResourcesBuildPhase;
			buildActionMask = 2147483647;
			files = (
				65B57B4D2A802F9400EE290D /* sample_tag.json in Resources */,
				65B57B502A802F9400EE290D /* sample_top_tags_list.json in Resources */,
				65B57B4E2A802F9400EE290D /* sample_single_recent_track_page.json in Resources */,
				65B57B512A802F9400EE290D /* sample_recent_tracks_page.json in Resources */,
				65B57B4F2A802F9400EE290D /* sample_library_page.json in Resources */,
				65B57B4A2A802F9400EE290D /* sample_artist.json in Resources */,
				65B57B4C2A802F9400EE290D /* sample_track.json in Resources */,
				65B57B4B2A802F9400EE290D /* sample_top_tags_list_short.json in Resources */,
			);
			runOnlyForDeploymentPostprocessing = 0;
		};
/* End PBXResourcesBuildPhase section */

/* Begin PBXShellScriptBuildPhase section */
		65291E041FBC241B00AE07BC /* Run SwiftLint */ = {
			isa = PBXShellScriptBuildPhase;
			buildActionMask = 2147483647;
			files = (
			);
			inputPaths = (
			);
			name = "Run SwiftLint";
			outputPaths = (
			);
			runOnlyForDeploymentPostprocessing = 0;
			shellPath = /bin/sh;
			shellScript = "if [ -d ~/.mint/bin ]; then\n    echo \"Adding ~/.mint/bin to PATH\"\n    export PATH=~/.mint/bin:$PATH\nelse\n  echo \"~/.mint/bin folder is missing\"\nfi\n\nif which swiftlint > /dev/null; then\n  swiftlint\nelse\n  echo \"warning: SwiftLint not installed, download from https://github.com/realm/SwiftLint\"\nfi\n";
		};
/* End PBXShellScriptBuildPhase section */

/* Begin PBXSourcesBuildPhase section */
		01D4D3141DAE4A0000BFD7FD /* Sources */ = {
			isa = PBXSourcesBuildPhase;
			buildActionMask = 2147483647;
			files = (
				6513540C1EDD875E0061B879 /* LibraryViewModelFactory.swift in Sources */,
				65206EC31EC4C07700A83DA1 /* ArtistSectionDataSource.swift in Sources */,
				651F9E581EC09FDD006D9474 /* AppearanceConfigurator.swift in Sources */,
				6518F02B1ECB01B800681D5E /* TagsViewModel.swift in Sources */,
				65A4811723AFDEAC002DC892 /* CountryCell.swift in Sources */,
				651F9E381EC09FDC006D9474 /* ArtistViewModel.swift in Sources */,
				651CB35F1EC9DCDA00BC452C /* ArtistTopTagsSectionHeaderView.swift in Sources */,
				651F9E151EC09FDC006D9474 /* AppCoordinator.swift in Sources */,
				651CB35D1EC9DCDA00BC452C /* SimilarArtistCell.swift in Sources */,
				65241C281EC6E96300927749 /* ArtistTopTagsSectionViewModel.swift in Sources */,
				6518B1311EC85C07001F4B74 /* TagCellViewModel.swift in Sources */,
				6557BD701F717D1300E08DD4 /* SimilarsSectionTabViewModel.swift in Sources */,
				6570302723AE977200F706B4 /* CountriesCoordinator.swift in Sources */,
				651F9E411EC09FDC006D9474 /* ArtistListViewController.swift in Sources */,
				65241C271EC6E96300927749 /* ArtistSimilarsSectionViewModel.swift in Sources */,
				6518B12F1EC85BA6001F4B74 /* SimilarArtistCellViewModel.swift in Sources */,
				65C10DF41F0BD0170072BF09 /* ApplicationStateObserver.swift in Sources */,
				6555AB581ED0AC1600BDDF21 /* ArtistTagsCell.swift in Sources */,
				651F9E611EC09FDD006D9474 /* EmptyDataSetView.swift in Sources */,
				651C3BBA1ECF2F4E00C00AD5 /* ArtistsByTagViewModel.swift in Sources */,
				651F9E441EC09FDC006D9474 /* LibraryViewModel.swift in Sources */,
				651F9E111EC09FDC006D9474 /* Dependencies.swift in Sources */,
				656589EF1FDB093B00859414 /* ArtistSimilarsSectionViewModelFactory.swift in Sources */,
				657AC74323CCF62D00E3AE17 /* ArtistsByCountryViewModel.swift in Sources */,
				653F21751F6D1272009A562A /* SimilarArtistsRequestStrategy.swift in Sources */,
				651C3BBE1ECF523B00C00AD5 /* ArtistCoordinator.swift in Sources */,
				651F9E451EC09FDC006D9474 /* RecentTracksProcessor.swift in Sources */,
				651C3BB61ECEA3A100C00AD5 /* ArtistListViewModelProtocol.swift in Sources */,
				651CB3611EC9DEE900BC452C /* EmptyDataSetFooterView.swift in Sources */,
				651F9E171EC09FDC006D9474 /* ArtistListCoordinator.swift in Sources */,
				651CB3631EC9DEEF00BC452C /* LoadingFooterView.swift in Sources */,
				65206EC71EC4C0CF00A83DA1 /* ArtistTopTagsSectionDataSource.swift in Sources */,
				651F9E401EC09FDC006D9474 /* ArtistCell.swift in Sources */,
				651F9E371EC09FDC006D9474 /* ArtistViewController.swift in Sources */,
				651F9E181EC09FDC006D9474 /* MainFlowCoordinator.swift in Sources */,
				65178A8A1F6ACD6D006A29E8 /* ArtistSimilarsSectionHeaderView.swift in Sources */,
				651F9E101EC09FDC006D9474 /* AppDelegate.swift in Sources */,
				65B772891EC5C5E500892698 /* ArtistDataSource.swift in Sources */,
				65206EC91EC4C11400A83DA1 /* ArtistSimilarsSectionDataSource.swift in Sources */,
				651CB35E1EC9DCDA00BC452C /* TagCell.swift in Sources */,
				6518F0291ECB01B000681D5E /* TagsViewController.swift in Sources */,
				651F9E421EC09FDC006D9474 /* LoadingView.swift in Sources */,
				6518F02D1ECB044900681D5E /* TagsCoordinator.swift in Sources */,
				659F759B2814619200ACC306 /* Completion+AsResult.swift in Sources */,
				6570302C23AE9B0500F706B4 /* CountriesViewController.swift in Sources */,
				651F9E431EC09FDC006D9474 /* LibraryArtistCellViewModel.swift in Sources */,
				6570302E23AE9B4400F706B4 /* CountriesViewModel.swift in Sources */,
				65A4811523AFDA34002DC892 /* CountryCellViewModel.swift in Sources */,
			);
			runOnlyForDeploymentPostprocessing = 0;
		};
		01D4D3281DAE4A0000BFD7FD /* Sources */ = {
			isa = PBXSourcesBuildPhase;
			buildActionMask = 2147483647;
			files = (
				65CA67D9294FADB400C9A989 /* ArtistTopTagsSectionHeaderViewTests.swift in Sources */,
				659F75992811E46900ACC306 /* ArtistSimilarsSectionViewModelTests.swift in Sources */,
				65DC8F611FD0620F007299DB /* ArtistsByTagViewModelTests.swift in Sources */,
				65B57B442A802F0800EE290D /* TrackTests.swift in Sources */,
				656A5B2E1FD1A8BF00A98265 /* RecentTracksProcessorTests.swift in Sources */,
				65B57B492A802F5D00EE290D /* Utils.swift in Sources */,
				65CA67E7294FB20100C9A989 /* CountryCellTests.swift in Sources */,
				65CA67E3294FB1D600C9A989 /* ArtistTagsCellTests.swift in Sources */,
				657A56131FDD11D90061FD26 /* SimilarsSectionTabViewModelTests.swift in Sources */,
				657AC74723CD002E00E3AE17 /* CountriesViewModelTests.swift in Sources */,
				657AC74923CD047500E3AE17 /* CountryTypeTests.swift in Sources */,
				65B4A0491FC7153500E01881 /* TagsViewModelTests.swift in Sources */,
				65B57B452A802F0800EE290D /* IgnoredTagTests.swift in Sources */,
				657A56151FDD17870061FD26 /* MockSimilarArtistsRequestStrategy.swift in Sources */,
				65DC5B6F2801F4F200AB4544 /* TagCellViewModelTests.swift in Sources */,
				65CA67D4294F809C00C9A989 /* TagCellTests.swift in Sources */,
				65CA67E9294FB20F00C9A989 /* SettingCellTests.swift in Sources */,
				650BCE2D24048703004AD56C /* CountryCellViewModelTests.swift in Sources */,
				657AC74B23CD080D00E3AE17 /* ArtistsByCountryViewModelTests.swift in Sources */,
				65D6BE3F1FD99EEC008519F8 /* ArtistTopTagsSectionViewModelTests.swift in Sources */,
				65CA67DD294FADD200C9A989 /* LoadingFooterViewTests.swift in Sources */,
				651169F51FD59363002C8530 /* LibraryArtistCellViewModelTests.swift in Sources */,
				65CA67DB294FADC300C9A989 /* EmptyDataSetFooterViewTests.swift in Sources */,
				65CA67D1294F7EC700C9A989 /* SimilarArtistCellTests.swift in Sources */,
				659F75902810793B00ACC306 /* LibraryViewModelTests.swift in Sources */,
				65B57B3F2A802F0800EE290D /* ArtistTests.swift in Sources */,
				65B57B422A802F0800EE290D /* TopTagsListTests.swift in Sources */,
				657A56171FDD39340061FD26 /* SimilarArtistCellViewModelTests.swift in Sources */,
				657A561B1FDD3EC10061FD26 /* SimilarArtistsRemoteRequestStrategyTests.swift in Sources */,
				65CA67E5294FB1EB00C9A989 /* LoadingViewTests.swift in Sources */,
				657A56191FDD3EB40061FD26 /* SimilarArtistsLocalRequestStrategyTests.swift in Sources */,
				65B57B432A802F0800EE290D /* TagTests.swift in Sources */,
				65CA67DF294FADE200C9A989 /* ArtistSimilarsSectionHeaderViewTests.swift in Sources */,
				65B57B402A802F0800EE290D /* RecentTracksPageTests.swift in Sources */,
				65B57B412A802F0800EE290D /* LibraryPageTests.swift in Sources */,
				651D8DD21FDC3C9A003AC289 /* MockArtistSimilarsSectionViewModel.swift in Sources */,
				65CA67CD294F791B00C9A989 /* ArtistCellTests.swift in Sources */,
			);
			runOnlyForDeploymentPostprocessing = 0;
		};
/* End PBXSourcesBuildPhase section */

/* Begin PBXTargetDependency section */
		01D4D32E1DAE4A0000BFD7FD /* PBXTargetDependency */ = {
			isa = PBXTargetDependency;
			target = 01D4D3171DAE4A0000BFD7FD /* MementoFM */;
			targetProxy = 01D4D32D1DAE4A0000BFD7FD /* PBXContainerItemProxy */;
		};
/* End PBXTargetDependency section */

/* Begin PBXVariantGroup section */
		651F9E071EC09FDC006D9474 /* LaunchScreen.storyboard */ = {
			isa = PBXVariantGroup;
			children = (
				651F9E081EC09FDC006D9474 /* Base */,
			);
			name = LaunchScreen.storyboard;
			sourceTree = "<group>";
		};
/* End PBXVariantGroup section */

/* Begin XCBuildConfiguration section */
		01D4D3331DAE4A0000BFD7FD /* Debug */ = {
			isa = XCBuildConfiguration;
			buildSettings = {
				ALWAYS_SEARCH_USER_PATHS = NO;
				ASSETCATALOG_COMPILER_GLOBAL_ACCENT_COLOR_NAME = AccentColor;
				CLANG_ANALYZER_LOCALIZABILITY_NONLOCALIZED = YES;
				CLANG_ANALYZER_NONNULL = YES;
				CLANG_CXX_LANGUAGE_STANDARD = "gnu++0x";
				CLANG_CXX_LIBRARY = "libc++";
				CLANG_ENABLE_MODULES = YES;
				CLANG_ENABLE_OBJC_ARC = YES;
				CLANG_WARN_BLOCK_CAPTURE_AUTORELEASING = YES;
				CLANG_WARN_BOOL_CONVERSION = YES;
				CLANG_WARN_COMMA = YES;
				CLANG_WARN_CONSTANT_CONVERSION = YES;
				CLANG_WARN_DEPRECATED_OBJC_IMPLEMENTATIONS = YES;
				CLANG_WARN_DIRECT_OBJC_ISA_USAGE = YES_ERROR;
				CLANG_WARN_DOCUMENTATION_COMMENTS = YES;
				CLANG_WARN_EMPTY_BODY = YES;
				CLANG_WARN_ENUM_CONVERSION = YES;
				CLANG_WARN_INFINITE_RECURSION = YES;
				CLANG_WARN_INT_CONVERSION = YES;
				CLANG_WARN_NON_LITERAL_NULL_CONVERSION = YES;
				CLANG_WARN_OBJC_IMPLICIT_RETAIN_SELF = YES;
				CLANG_WARN_OBJC_LITERAL_CONVERSION = YES;
				CLANG_WARN_OBJC_ROOT_CLASS = YES_ERROR;
				CLANG_WARN_QUOTED_INCLUDE_IN_FRAMEWORK_HEADER = YES;
				CLANG_WARN_RANGE_LOOP_ANALYSIS = YES;
				CLANG_WARN_STRICT_PROTOTYPES = YES;
				CLANG_WARN_SUSPICIOUS_MOVE = YES;
				CLANG_WARN_SUSPICIOUS_MOVES = YES;
				CLANG_WARN_UNREACHABLE_CODE = YES;
				CLANG_WARN__DUPLICATE_METHOD_MATCH = YES;
				"CODE_SIGN_IDENTITY[sdk=iphoneos*]" = "iPhone Developer";
				COPY_PHASE_STRIP = NO;
				DEBUG_INFORMATION_FORMAT = dwarf;
				ENABLE_STRICT_OBJC_MSGSEND = YES;
				ENABLE_TESTABILITY = YES;
				ENABLE_TESTING_SEARCH_PATHS = YES;
				GCC_C_LANGUAGE_STANDARD = gnu99;
				GCC_DYNAMIC_NO_PIC = NO;
				GCC_NO_COMMON_BLOCKS = YES;
				GCC_OPTIMIZATION_LEVEL = 0;
				GCC_PREPROCESSOR_DEFINITIONS = (
					"DEBUG=1",
					"$(inherited)",
				);
				GCC_WARN_64_TO_32_BIT_CONVERSION = YES;
				GCC_WARN_ABOUT_RETURN_TYPE = YES_ERROR;
				GCC_WARN_UNDECLARED_SELECTOR = YES;
				GCC_WARN_UNINITIALIZED_AUTOS = YES_AGGRESSIVE;
				GCC_WARN_UNUSED_FUNCTION = YES;
				GCC_WARN_UNUSED_VARIABLE = YES;
				IPHONEOS_DEPLOYMENT_TARGET = 15.0;
				MTL_ENABLE_DEBUG_INFO = YES;
				ONLY_ACTIVE_ARCH = YES;
				SDKROOT = iphoneos;
				SWIFT_ACTIVE_COMPILATION_CONDITIONS = DEBUG;
				SWIFT_OPTIMIZATION_LEVEL = "-Onone";
				SWIFT_VERSION = 5.0;
			};
			name = Debug;
		};
		01D4D3341DAE4A0000BFD7FD /* Release */ = {
			isa = XCBuildConfiguration;
			buildSettings = {
				ALWAYS_SEARCH_USER_PATHS = NO;
				ASSETCATALOG_COMPILER_GLOBAL_ACCENT_COLOR_NAME = AccentColor;
				CLANG_ANALYZER_LOCALIZABILITY_NONLOCALIZED = YES;
				CLANG_ANALYZER_NONNULL = YES;
				CLANG_CXX_LANGUAGE_STANDARD = "gnu++0x";
				CLANG_CXX_LIBRARY = "libc++";
				CLANG_ENABLE_MODULES = YES;
				CLANG_ENABLE_OBJC_ARC = YES;
				CLANG_WARN_BLOCK_CAPTURE_AUTORELEASING = YES;
				CLANG_WARN_BOOL_CONVERSION = YES;
				CLANG_WARN_COMMA = YES;
				CLANG_WARN_CONSTANT_CONVERSION = YES;
				CLANG_WARN_DEPRECATED_OBJC_IMPLEMENTATIONS = YES;
				CLANG_WARN_DIRECT_OBJC_ISA_USAGE = YES_ERROR;
				CLANG_WARN_DOCUMENTATION_COMMENTS = YES;
				CLANG_WARN_EMPTY_BODY = YES;
				CLANG_WARN_ENUM_CONVERSION = YES;
				CLANG_WARN_INFINITE_RECURSION = YES;
				CLANG_WARN_INT_CONVERSION = YES;
				CLANG_WARN_NON_LITERAL_NULL_CONVERSION = YES;
				CLANG_WARN_OBJC_IMPLICIT_RETAIN_SELF = YES;
				CLANG_WARN_OBJC_LITERAL_CONVERSION = YES;
				CLANG_WARN_OBJC_ROOT_CLASS = YES_ERROR;
				CLANG_WARN_QUOTED_INCLUDE_IN_FRAMEWORK_HEADER = YES;
				CLANG_WARN_RANGE_LOOP_ANALYSIS = YES;
				CLANG_WARN_STRICT_PROTOTYPES = YES;
				CLANG_WARN_SUSPICIOUS_MOVE = YES;
				CLANG_WARN_SUSPICIOUS_MOVES = YES;
				CLANG_WARN_UNREACHABLE_CODE = YES;
				CLANG_WARN__DUPLICATE_METHOD_MATCH = YES;
				"CODE_SIGN_IDENTITY[sdk=iphoneos*]" = "iPhone Developer";
				COPY_PHASE_STRIP = NO;
				DEBUG_INFORMATION_FORMAT = "dwarf-with-dsym";
				ENABLE_NS_ASSERTIONS = NO;
				ENABLE_STRICT_OBJC_MSGSEND = YES;
				ENABLE_TESTING_SEARCH_PATHS = YES;
				GCC_C_LANGUAGE_STANDARD = gnu99;
				GCC_NO_COMMON_BLOCKS = YES;
				GCC_WARN_64_TO_32_BIT_CONVERSION = YES;
				GCC_WARN_ABOUT_RETURN_TYPE = YES_ERROR;
				GCC_WARN_UNDECLARED_SELECTOR = YES;
				GCC_WARN_UNINITIALIZED_AUTOS = YES_AGGRESSIVE;
				GCC_WARN_UNUSED_FUNCTION = YES;
				GCC_WARN_UNUSED_VARIABLE = YES;
				IPHONEOS_DEPLOYMENT_TARGET = 15.0;
				MTL_ENABLE_DEBUG_INFO = NO;
				SDKROOT = iphoneos;
				SWIFT_COMPILATION_MODE = wholemodule;
				SWIFT_VERSION = 5.0;
				VALIDATE_PRODUCT = YES;
			};
			name = Release;
		};
		01D4D3361DAE4A0000BFD7FD /* Debug */ = {
			isa = XCBuildConfiguration;
			buildSettings = {
				ASSETCATALOG_COMPILER_APPICON_NAME = AppIcon;
				"CODE_SIGN_IDENTITY[sdk=iphoneos*]" = "iPhone Developer";
				DEVELOPMENT_TEAM = FH27F664XD;
				INFOPLIST_FILE = "$(SRCROOT)/Supporting Files/Info.plist";
				IPHONEOS_DEPLOYMENT_TARGET = 15.0;
				PRODUCT_BUNDLE_IDENTIFIER = com.icecoffin.mementofm;
				PRODUCT_NAME = "$(TARGET_NAME)";
				TARGETED_DEVICE_FAMILY = "1,2";
			};
			name = Debug;
		};
		01D4D3371DAE4A0000BFD7FD /* Release */ = {
			isa = XCBuildConfiguration;
			buildSettings = {
				ASSETCATALOG_COMPILER_APPICON_NAME = AppIcon;
				"CODE_SIGN_IDENTITY[sdk=iphoneos*]" = "iPhone Developer";
				DEVELOPMENT_TEAM = FH27F664XD;
				INFOPLIST_FILE = "$(SRCROOT)/Supporting Files/Info.plist";
				IPHONEOS_DEPLOYMENT_TARGET = 15.0;
				PRODUCT_BUNDLE_IDENTIFIER = com.icecoffin.mementofm;
				PRODUCT_NAME = "$(TARGET_NAME)";
				TARGETED_DEVICE_FAMILY = "1,2";
			};
			name = Release;
		};
		01D4D3391DAE4A0000BFD7FD /* Debug */ = {
			isa = XCBuildConfiguration;
			buildSettings = {
				BUNDLE_LOADER = "$(TEST_HOST)";
				CLANG_ENABLE_MODULES = YES;
				INFOPLIST_FILE = Tests/Info.plist;
				PRODUCT_BUNDLE_IDENTIFIER = com.icecoffin.MementoFMTests;
				PRODUCT_NAME = "$(TARGET_NAME)";
				TEST_HOST = "$(BUILT_PRODUCTS_DIR)/MementoFM.app/MementoFM";
			};
			name = Debug;
		};
		01D4D33A1DAE4A0000BFD7FD /* Release */ = {
			isa = XCBuildConfiguration;
			buildSettings = {
				BUNDLE_LOADER = "$(TEST_HOST)";
				CLANG_ENABLE_MODULES = YES;
				INFOPLIST_FILE = Tests/Info.plist;
				PRODUCT_BUNDLE_IDENTIFIER = com.icecoffin.MementoFMTests;
				PRODUCT_NAME = "$(TARGET_NAME)";
				TEST_HOST = "$(BUILT_PRODUCTS_DIR)/MementoFM.app/MementoFM";
			};
			name = Release;
		};
/* End XCBuildConfiguration section */

/* Begin XCConfigurationList section */
		01D4D3131DAE4A0000BFD7FD /* Build configuration list for PBXProject "MementoFM" */ = {
			isa = XCConfigurationList;
			buildConfigurations = (
				01D4D3331DAE4A0000BFD7FD /* Debug */,
				01D4D3341DAE4A0000BFD7FD /* Release */,
			);
			defaultConfigurationIsVisible = 0;
			defaultConfigurationName = Release;
		};
		01D4D3351DAE4A0000BFD7FD /* Build configuration list for PBXNativeTarget "MementoFM" */ = {
			isa = XCConfigurationList;
			buildConfigurations = (
				01D4D3361DAE4A0000BFD7FD /* Debug */,
				01D4D3371DAE4A0000BFD7FD /* Release */,
			);
			defaultConfigurationIsVisible = 0;
			defaultConfigurationName = Release;
		};
		01D4D3381DAE4A0000BFD7FD /* Build configuration list for PBXNativeTarget "MementoFMTests" */ = {
			isa = XCConfigurationList;
			buildConfigurations = (
				01D4D3391DAE4A0000BFD7FD /* Debug */,
				01D4D33A1DAE4A0000BFD7FD /* Release */,
			);
			defaultConfigurationIsVisible = 0;
			defaultConfigurationName = Release;
		};
/* End XCConfigurationList section */

/* Begin XCRemoteSwiftPackageReference section */
		65B67BA72800C0CF00940A34 /* XCRemoteSwiftPackageReference "Nimble" */ = {
			isa = XCRemoteSwiftPackageReference;
			repositoryURL = "https://github.com/Quick/Nimble";
			requirement = {
				kind = exactVersion;
				version = 11.2.1;
			};
		};
		65DC5B76280321B200AB4544 /* XCRemoteSwiftPackageReference "combine-schedulers" */ = {
			isa = XCRemoteSwiftPackageReference;
			repositoryURL = "https://github.com/pointfreeco/combine-schedulers";
			requirement = {
				kind = exactVersion;
				version = 0.9.1;
			};
		};
		65FB48B227FF7900008BB121 /* XCRemoteSwiftPackageReference "TPKeyboardAvoiding" */ = {
			isa = XCRemoteSwiftPackageReference;
			repositoryURL = "https://github.com/michaeltyson/TPKeyboardAvoiding";
			requirement = {
				kind = exactVersion;
				version = 1.3.5;
			};
		};
		65FB48B527FF7A73008BB121 /* XCRemoteSwiftPackageReference "SnapKit" */ = {
			isa = XCRemoteSwiftPackageReference;
			repositoryURL = "https://github.com/SnapKit/SnapKit";
			requirement = {
				kind = exactVersion;
				version = 5.6.0;
			};
		};
/* End XCRemoteSwiftPackageReference section */

/* Begin XCSwiftPackageProductDependency section */
		6509D4F129A13DC4000E481E /* CoreUI */ = {
			isa = XCSwiftPackageProductDependency;
			productName = CoreUI;
		};
		650D748B2987128200714E73 /* Networking */ = {
			isa = XCSwiftPackageProductDependency;
			productName = Networking;
		};
		65132922298ED33300AFD899 /* TransientModels */ = {
			isa = XCSwiftPackageProductDependency;
			productName = TransientModels;
		};
		655C8B1A2994322600E1C05C /* PersistenceInterface */ = {
			isa = XCSwiftPackageProductDependency;
			productName = PersistenceInterface;
		};
		656C194E2A486EC800973B2F /* SharedServicesInterface */ = {
			isa = XCSwiftPackageProductDependency;
			productName = SharedServicesInterface;
		};
		657773F72A48AA9E004CC11F /* SharedServices */ = {
			isa = XCSwiftPackageProductDependency;
			productName = SharedServices;
		};
		658B840E2A7EA07300998BE6 /* IgnoredTags */ = {
			isa = XCSwiftPackageProductDependency;
			productName = IgnoredTags;
		};
		65906619298DBD8400BAB009 /* Core */ = {
			isa = XCSwiftPackageProductDependency;
			productName = Core;
		};
		659092B52A7FA4BD005DB661 /* EnterUsername */ = {
			isa = XCSwiftPackageProductDependency;
			productName = EnterUsername;
		};
		6599EDBA2986CCDF00A55573 /* Persistence */ = {
			isa = XCSwiftPackageProductDependency;
			productName = Persistence;
		};
		65A98F272A48CF7A00D7EC25 /* Settings */ = {
			isa = XCSwiftPackageProductDependency;
			productName = Settings;
		};
		65B5D9C72A7FF8D000729C64 /* InfrastructureTestingUtilities */ = {
			isa = XCSwiftPackageProductDependency;
			productName = InfrastructureTestingUtilities;
		};
		65B5D9C92A7FF8D000729C64 /* ServiceTestingUtilities */ = {
			isa = XCSwiftPackageProductDependency;
			productName = ServiceTestingUtilities;
		};
		65B67BA82800C0CF00940A34 /* Nimble */ = {
			isa = XCSwiftPackageProductDependency;
			package = 65B67BA72800C0CF00940A34 /* XCRemoteSwiftPackageReference "Nimble" */;
			productName = Nimble;
		};
		65B991C32A800FC3004DAEE7 /* NetworkingInterface */ = {
			isa = XCSwiftPackageProductDependency;
			productName = NetworkingInterface;
		};
		65DC5B77280321B200AB4544 /* CombineSchedulers */ = {
			isa = XCSwiftPackageProductDependency;
			package = 65DC5B76280321B200AB4544 /* XCRemoteSwiftPackageReference "combine-schedulers" */;
			productName = CombineSchedulers;
		};
		65DFC54C2A801E2A00475EBE /* IgnoredTagsInterface */ = {
			isa = XCSwiftPackageProductDependency;
			productName = IgnoredTagsInterface;
		};
		65E8FB842A3F447E0059FF89 /* Sync */ = {
			isa = XCSwiftPackageProductDependency;
			productName = Sync;
		};
		65F58B6029A145AE0035865E /* Onboarding */ = {
			isa = XCSwiftPackageProductDependency;
			productName = Onboarding;
		};
		65FB48B327FF7900008BB121 /* TPKeyboardAvoiding */ = {
			isa = XCSwiftPackageProductDependency;
			package = 65FB48B227FF7900008BB121 /* XCRemoteSwiftPackageReference "TPKeyboardAvoiding" */;
			productName = TPKeyboardAvoiding;
		};
		65FB48B627FF7A73008BB121 /* SnapKit */ = {
			isa = XCSwiftPackageProductDependency;
			package = 65FB48B527FF7A73008BB121 /* XCRemoteSwiftPackageReference "SnapKit" */;
			productName = SnapKit;
		};
/* End XCSwiftPackageProductDependency section */
	};
	rootObject = 01D4D3101DAE4A0000BFD7FD /* Project object */;
}
