// !$*UTF8*$!
{
	archiveVersion = 1;
	classes = {
	};
	objectVersion = 46;
	objects = {

/* Begin PBXBuildFile section */
		57CC53BFD7353556C18C1D49 /* Pods_MementoFMTests.framework in Frameworks */ = {isa = PBXBuildFile; fileRef = 54F7345EDE3E86D13A310BC8 /* Pods_MementoFMTests.framework */; };
		650D97CE1F1521C1008C1DC6 /* LastFMErrorResponse.swift in Sources */ = {isa = PBXBuildFile; fileRef = 650D97CD1F1521C0008C1DC6 /* LastFMErrorResponse.swift */; };
		65112D6B1F2F181700CBF8BA /* ArtistService.swift in Sources */ = {isa = PBXBuildFile; fileRef = 65112D611F2F181700CBF8BA /* ArtistService.swift */; };
		65112D6C1F2F181700CBF8BA /* ArtistTopTagsCalculator.swift in Sources */ = {isa = PBXBuildFile; fileRef = 65112D621F2F181700CBF8BA /* ArtistTopTagsCalculator.swift */; };
		65112D6D1F2F181700CBF8BA /* LastFMNetworkOperation.swift in Sources */ = {isa = PBXBuildFile; fileRef = 65112D641F2F181700CBF8BA /* LastFMNetworkOperation.swift */; };
		65112D6E1F2F181700CBF8BA /* LastFMNetworkService.swift in Sources */ = {isa = PBXBuildFile; fileRef = 65112D651F2F181700CBF8BA /* LastFMNetworkService.swift */; };
		65112D6F1F2F181800CBF8BA /* NetworkConstants.swift in Sources */ = {isa = PBXBuildFile; fileRef = 65112D661F2F181700CBF8BA /* NetworkConstants.swift */; };
		65112D701F2F181800CBF8BA /* RealmService.swift in Sources */ = {isa = PBXBuildFile; fileRef = 65112D681F2F181700CBF8BA /* RealmService.swift */; };
		65112D711F2F181800CBF8BA /* UserService.swift in Sources */ = {isa = PBXBuildFile; fileRef = 65112D6A1F2F181700CBF8BA /* UserService.swift */; };
		6511361D1F2AE6B40079411F /* RealmEntity.swift in Sources */ = {isa = PBXBuildFile; fileRef = 6511361C1F2AE6B40079411F /* RealmEntity.swift */; };
		6511361F1F2AE6DB0079411F /* TransientEntity.swift in Sources */ = {isa = PBXBuildFile; fileRef = 6511361E1F2AE6DB0079411F /* TransientEntity.swift */; };
		6513540C1EDD875E0061B879 /* LibraryViewModelFactory.swift in Sources */ = {isa = PBXBuildFile; fileRef = 6513540B1EDD875E0061B879 /* LibraryViewModelFactory.swift */; };
		6515EA9B1F49561700081F70 /* IgnoredTagService.swift in Sources */ = {isa = PBXBuildFile; fileRef = 6515EA9A1F49561700081F70 /* IgnoredTagService.swift */; };
		6516A53D1ECDFD830021E43C /* NSAttributedString+Join.swift in Sources */ = {isa = PBXBuildFile; fileRef = 6516A53C1ECDFD830021E43C /* NSAttributedString+Join.swift */; };
		65178A8A1F6ACD6D006A29E8 /* ArtistSimilarsSectionHeaderView.swift in Sources */ = {isa = PBXBuildFile; fileRef = 65178A891F6ACD6D006A29E8 /* ArtistSimilarsSectionHeaderView.swift */; };
		6517A3C61EBCE5C6002BC634 /* RealmMappedCollectionTests.swift in Sources */ = {isa = PBXBuildFile; fileRef = 6517A3C51EBCE5C6002BC634 /* RealmMappedCollectionTests.swift */; };
		6517A3C81EBCE5DA002BC634 /* RealmHelpers.swift in Sources */ = {isa = PBXBuildFile; fileRef = 6517A3C71EBCE5DA002BC634 /* RealmHelpers.swift */; };
		6518B12F1EC85BA6001F4B74 /* SimilarArtistCellViewModel.swift in Sources */ = {isa = PBXBuildFile; fileRef = 6518B12E1EC85BA6001F4B74 /* SimilarArtistCellViewModel.swift */; };
		6518B1311EC85C07001F4B74 /* TagCellViewModel.swift in Sources */ = {isa = PBXBuildFile; fileRef = 6518B1301EC85C07001F4B74 /* TagCellViewModel.swift */; };
		6518F0291ECB01B000681D5E /* TagsViewController.swift in Sources */ = {isa = PBXBuildFile; fileRef = 6518F0281ECB01B000681D5E /* TagsViewController.swift */; };
		6518F02B1ECB01B800681D5E /* TagsViewModel.swift in Sources */ = {isa = PBXBuildFile; fileRef = 6518F02A1ECB01B800681D5E /* TagsViewModel.swift */; };
		6518F02D1ECB044900681D5E /* TagsCoordinator.swift in Sources */ = {isa = PBXBuildFile; fileRef = 6518F02C1ECB044900681D5E /* TagsCoordinator.swift */; };
		651C3BB61ECEA3A100C00AD5 /* ArtistListViewModelProtocol.swift in Sources */ = {isa = PBXBuildFile; fileRef = 651C3BB51ECEA3A100C00AD5 /* ArtistListViewModelProtocol.swift */; };
		651C3BBA1ECF2F4E00C00AD5 /* ArtistsByTagViewModel.swift in Sources */ = {isa = PBXBuildFile; fileRef = 651C3BB91ECF2F4E00C00AD5 /* ArtistsByTagViewModel.swift */; };
		651C3BBE1ECF523B00C00AD5 /* ArtistCoordinator.swift in Sources */ = {isa = PBXBuildFile; fileRef = 651C3BBD1ECF523B00C00AD5 /* ArtistCoordinator.swift */; };
		651CB35C1EC9DCDA00BC452C /* ArtistInfoCell.swift in Sources */ = {isa = PBXBuildFile; fileRef = 651CB3571EC9DCDA00BC452C /* ArtistInfoCell.swift */; };
		651CB35D1EC9DCDA00BC452C /* SimilarArtistCell.swift in Sources */ = {isa = PBXBuildFile; fileRef = 651CB3581EC9DCDA00BC452C /* SimilarArtistCell.swift */; };
		651CB35E1EC9DCDA00BC452C /* TagCell.swift in Sources */ = {isa = PBXBuildFile; fileRef = 651CB3591EC9DCDA00BC452C /* TagCell.swift */; };
		651CB35F1EC9DCDA00BC452C /* ArtistTopTagsSectionHeaderView.swift in Sources */ = {isa = PBXBuildFile; fileRef = 651CB35B1EC9DCDA00BC452C /* ArtistTopTagsSectionHeaderView.swift */; };
		651CB3611EC9DEE900BC452C /* EmptyDataSetFooterView.swift in Sources */ = {isa = PBXBuildFile; fileRef = 651CB3601EC9DEE900BC452C /* EmptyDataSetFooterView.swift */; };
		651CB3631EC9DEEF00BC452C /* LoadingFooterView.swift in Sources */ = {isa = PBXBuildFile; fileRef = 651CB3621EC9DEEF00BC452C /* LoadingFooterView.swift */; };
		651D69651ED349A200E96AF0 /* TagsSearchHeaderView.swift in Sources */ = {isa = PBXBuildFile; fileRef = 651D69641ED349A200E96AF0 /* TagsSearchHeaderView.swift */; };
		651F9E0B1EC09FDC006D9474 /* Assets.xcassets in Resources */ = {isa = PBXBuildFile; fileRef = 651F9D881EC09FDC006D9474 /* Assets.xcassets */; };
		651F9E0C1EC09FDC006D9474 /* OFL.txt in Resources */ = {isa = PBXBuildFile; fileRef = 651F9D8A1EC09FDC006D9474 /* OFL.txt */; };
		651F9E0D1EC09FDC006D9474 /* Raleway-Bold.ttf in Resources */ = {isa = PBXBuildFile; fileRef = 651F9D8B1EC09FDC006D9474 /* Raleway-Bold.ttf */; };
		651F9E0E1EC09FDC006D9474 /* Raleway-Medium.ttf in Resources */ = {isa = PBXBuildFile; fileRef = 651F9D8C1EC09FDC006D9474 /* Raleway-Medium.ttf */; };
		651F9E0F1EC09FDC006D9474 /* Raleway-Regular.ttf in Resources */ = {isa = PBXBuildFile; fileRef = 651F9D8D1EC09FDC006D9474 /* Raleway-Regular.ttf */; };
		651F9E101EC09FDC006D9474 /* AppDelegate.swift in Sources */ = {isa = PBXBuildFile; fileRef = 651F9D901EC09FDC006D9474 /* AppDelegate.swift */; };
		651F9E111EC09FDC006D9474 /* Dependencies.swift in Sources */ = {isa = PBXBuildFile; fileRef = 651F9D911EC09FDC006D9474 /* Dependencies.swift */; };
		651F9E121EC09FDC006D9474 /* Keys.swift in Sources */ = {isa = PBXBuildFile; fileRef = 651F9D921EC09FDC006D9474 /* Keys.swift */; };
		651F9E151EC09FDC006D9474 /* AppCoordinator.swift in Sources */ = {isa = PBXBuildFile; fileRef = 651F9D971EC09FDC006D9474 /* AppCoordinator.swift */; };
		651F9E161EC09FDC006D9474 /* Coordinator.swift in Sources */ = {isa = PBXBuildFile; fileRef = 651F9D981EC09FDC006D9474 /* Coordinator.swift */; };
		651F9E171EC09FDC006D9474 /* ArtistListCoordinator.swift in Sources */ = {isa = PBXBuildFile; fileRef = 651F9D991EC09FDC006D9474 /* ArtistListCoordinator.swift */; };
		651F9E181EC09FDC006D9474 /* MainFlowCoordinator.swift in Sources */ = {isa = PBXBuildFile; fileRef = 651F9D9A1EC09FDC006D9474 /* MainFlowCoordinator.swift */; };
		651F9E191EC09FDC006D9474 /* NavigationFlowCoordinator.swift in Sources */ = {isa = PBXBuildFile; fileRef = 651F9D9B1EC09FDC006D9474 /* NavigationFlowCoordinator.swift */; };
		651F9E1A1EC09FDC006D9474 /* OnboardingCoordinator.swift in Sources */ = {isa = PBXBuildFile; fileRef = 651F9D9C1EC09FDC006D9474 /* OnboardingCoordinator.swift */; };
		651F9E1B1EC09FDC006D9474 /* SettingsCoordinator.swift in Sources */ = {isa = PBXBuildFile; fileRef = 651F9D9D1EC09FDC006D9474 /* SettingsCoordinator.swift */; };
		651F9E1C1EC09FDC006D9474 /* Mappable+FromAny.swift in Sources */ = {isa = PBXBuildFile; fileRef = 651F9D9F1EC09FDC006D9474 /* Mappable+FromAny.swift */; };
		651F9E1D1EC09FDC006D9474 /* Promise+Void.swift in Sources */ = {isa = PBXBuildFile; fileRef = 651F9DA01EC09FDC006D9474 /* Promise+Void.swift */; };
		651F9E1E1EC09FDC006D9474 /* String+Unlocalized.swift in Sources */ = {isa = PBXBuildFile; fileRef = 651F9DA11EC09FDC006D9474 /* String+Unlocalized.swift */; };
		651F9E1F1EC09FDC006D9474 /* UITableView+HeaderVIew.swift in Sources */ = {isa = PBXBuildFile; fileRef = 651F9DA21EC09FDC006D9474 /* UITableView+HeaderVIew.swift */; };
		651F9E201EC09FDC006D9474 /* UIViewController+Alert.swift in Sources */ = {isa = PBXBuildFile; fileRef = 651F9DA31EC09FDC006D9474 /* UIViewController+Alert.swift */; };
		651F9E211EC09FDC006D9474 /* RealmArtist.swift in Sources */ = {isa = PBXBuildFile; fileRef = 651F9DA71EC09FDC006D9474 /* RealmArtist.swift */; };
		651F9E221EC09FDC006D9474 /* RealmIgnoredTag.swift in Sources */ = {isa = PBXBuildFile; fileRef = 651F9DA81EC09FDC006D9474 /* RealmIgnoredTag.swift */; };
		651F9E231EC09FDC006D9474 /* RealmTag.swift in Sources */ = {isa = PBXBuildFile; fileRef = 651F9DA91EC09FDC006D9474 /* RealmTag.swift */; };
		651F9E241EC09FDC006D9474 /* Artist.swift in Sources */ = {isa = PBXBuildFile; fileRef = 651F9DAB1EC09FDC006D9474 /* Artist.swift */; };
		651F9E251EC09FDC006D9474 /* IgnoredTag.swift in Sources */ = {isa = PBXBuildFile; fileRef = 651F9DAC1EC09FDC006D9474 /* IgnoredTag.swift */; };
		651F9E261EC09FDC006D9474 /* LibraryPage.swift in Sources */ = {isa = PBXBuildFile; fileRef = 651F9DAD1EC09FDC006D9474 /* LibraryPage.swift */; };
		651F9E271EC09FDC006D9474 /* RecentTracksPage.swift in Sources */ = {isa = PBXBuildFile; fileRef = 651F9DAE1EC09FDC006D9474 /* RecentTracksPage.swift */; };
		651F9E281EC09FDC006D9474 /* SettingConfiguration.swift in Sources */ = {isa = PBXBuildFile; fileRef = 651F9DAF1EC09FDC006D9474 /* SettingConfiguration.swift */; };
		651F9E291EC09FDC006D9474 /* Tag.swift in Sources */ = {isa = PBXBuildFile; fileRef = 651F9DB01EC09FDC006D9474 /* Tag.swift */; };
		651F9E2A1EC09FDC006D9474 /* TopTagsList.swift in Sources */ = {isa = PBXBuildFile; fileRef = 651F9DB11EC09FDC006D9474 /* TopTagsList.swift */; };
		651F9E2B1EC09FDC006D9474 /* Track.swift in Sources */ = {isa = PBXBuildFile; fileRef = 651F9DB21EC09FDC006D9474 /* Track.swift */; };
		651F9E2C1EC09FDC006D9474 /* UserDataStorage.swift in Sources */ = {isa = PBXBuildFile; fileRef = 651F9DB41EC09FDC006D9474 /* UserDataStorage.swift */; };
		651F9E2D1EC09FDC006D9474 /* RealmFactory.swift in Sources */ = {isa = PBXBuildFile; fileRef = 651F9DB71EC09FDC006D9474 /* RealmFactory.swift */; };
		651F9E321EC09FDC006D9474 /* RealmMappedCollection.swift in Sources */ = {isa = PBXBuildFile; fileRef = 651F9DBC1EC09FDC006D9474 /* RealmMappedCollection.swift */; };
		651F9E331EC09FDC006D9474 /* LibraryPageResponse.swift in Sources */ = {isa = PBXBuildFile; fileRef = 651F9DBE1EC09FDC006D9474 /* LibraryPageResponse.swift */; };
		651F9E341EC09FDC006D9474 /* RecentTracksPageResponse.swift in Sources */ = {isa = PBXBuildFile; fileRef = 651F9DBF1EC09FDC006D9474 /* RecentTracksPageResponse.swift */; };
		651F9E351EC09FDC006D9474 /* TopTagsResponse.swift in Sources */ = {isa = PBXBuildFile; fileRef = 651F9DC01EC09FDC006D9474 /* TopTagsResponse.swift */; };
		651F9E361EC09FDC006D9474 /* AboutViewController.swift in Sources */ = {isa = PBXBuildFile; fileRef = 651F9DC31EC09FDC006D9474 /* AboutViewController.swift */; };
		651F9E371EC09FDC006D9474 /* ArtistViewController.swift in Sources */ = {isa = PBXBuildFile; fileRef = 651F9DC61EC09FDC006D9474 /* ArtistViewController.swift */; };
		651F9E381EC09FDC006D9474 /* ArtistViewModel.swift in Sources */ = {isa = PBXBuildFile; fileRef = 651F9DC81EC09FDC006D9474 /* ArtistViewModel.swift */; };
		651F9E391EC09FDC006D9474 /* EnterUsernameViewController.swift in Sources */ = {isa = PBXBuildFile; fileRef = 651F9DCB1EC09FDC006D9474 /* EnterUsernameViewController.swift */; };
		651F9E3A1EC09FDC006D9474 /* EnterUsernameViewModel.swift in Sources */ = {isa = PBXBuildFile; fileRef = 651F9DCD1EC09FDC006D9474 /* EnterUsernameViewModel.swift */; };
		651F9E3B1EC09FDC006D9474 /* IgnoredTagCell.swift in Sources */ = {isa = PBXBuildFile; fileRef = 651F9DD01EC09FDC006D9474 /* IgnoredTagCell.swift */; };
		651F9E3C1EC09FDC006D9474 /* IgnoredTagsNavigationRightView.swift in Sources */ = {isa = PBXBuildFile; fileRef = 651F9DD11EC09FDC006D9474 /* IgnoredTagsNavigationRightView.swift */; };
		651F9E3D1EC09FDC006D9474 /* IgnoredTagsViewController.swift in Sources */ = {isa = PBXBuildFile; fileRef = 651F9DD21EC09FDC006D9474 /* IgnoredTagsViewController.swift */; };
		651F9E3E1EC09FDC006D9474 /* IgnoredTagCellViewModel.swift in Sources */ = {isa = PBXBuildFile; fileRef = 651F9DD41EC09FDC006D9474 /* IgnoredTagCellViewModel.swift */; };
		651F9E3F1EC09FDC006D9474 /* IgnoredTagsViewModel.swift in Sources */ = {isa = PBXBuildFile; fileRef = 651F9DD51EC09FDC006D9474 /* IgnoredTagsViewModel.swift */; };
		651F9E401EC09FDC006D9474 /* ArtistCell.swift in Sources */ = {isa = PBXBuildFile; fileRef = 651F9DD91EC09FDC006D9474 /* ArtistCell.swift */; };
		651F9E411EC09FDC006D9474 /* ArtistListViewController.swift in Sources */ = {isa = PBXBuildFile; fileRef = 651F9DDA1EC09FDC006D9474 /* ArtistListViewController.swift */; };
		651F9E421EC09FDC006D9474 /* LoadingView.swift in Sources */ = {isa = PBXBuildFile; fileRef = 651F9DDB1EC09FDC006D9474 /* LoadingView.swift */; };
		651F9E431EC09FDC006D9474 /* LibraryArtistCellViewModel.swift in Sources */ = {isa = PBXBuildFile; fileRef = 651F9DDD1EC09FDC006D9474 /* LibraryArtistCellViewModel.swift */; };
		651F9E441EC09FDC006D9474 /* LibraryViewModel.swift in Sources */ = {isa = PBXBuildFile; fileRef = 651F9DDE1EC09FDC006D9474 /* LibraryViewModel.swift */; };
		651F9E451EC09FDC006D9474 /* RecentTracksProcessor.swift in Sources */ = {isa = PBXBuildFile; fileRef = 651F9DDF1EC09FDC006D9474 /* RecentTracksProcessor.swift */; };
		651F9E461EC09FDD006D9474 /* LibraryUpdater.swift in Sources */ = {isa = PBXBuildFile; fileRef = 651F9DE11EC09FDC006D9474 /* LibraryUpdater.swift */; };
		651F9E471EC09FDD006D9474 /* SyncViewController.swift in Sources */ = {isa = PBXBuildFile; fileRef = 651F9DE41EC09FDC006D9474 /* SyncViewController.swift */; };
		651F9E481EC09FDD006D9474 /* SyncViewModel.swift in Sources */ = {isa = PBXBuildFile; fileRef = 651F9DE61EC09FDC006D9474 /* SyncViewModel.swift */; };
		651F9E491EC09FDD006D9474 /* SettingCell.swift in Sources */ = {isa = PBXBuildFile; fileRef = 651F9DE91EC09FDC006D9474 /* SettingCell.swift */; };
		651F9E4A1EC09FDD006D9474 /* SettingsViewController.swift in Sources */ = {isa = PBXBuildFile; fileRef = 651F9DEA1EC09FDC006D9474 /* SettingsViewController.swift */; };
		651F9E4B1EC09FDD006D9474 /* SettingCellViewModel.swift in Sources */ = {isa = PBXBuildFile; fileRef = 651F9DEC1EC09FDC006D9474 /* SettingCellViewModel.swift */; };
		651F9E4C1EC09FDD006D9474 /* SettingsViewModel.swift in Sources */ = {isa = PBXBuildFile; fileRef = 651F9DED1EC09FDC006D9474 /* SettingsViewModel.swift */; };
		651F9E541EC09FDD006D9474 /* Reusable.swift in Sources */ = {isa = PBXBuildFile; fileRef = 651F9DF71EC09FDC006D9474 /* Reusable.swift */; };
		651F9E551EC09FDD006D9474 /* IgnoredTagsPresenter.swift in Sources */ = {isa = PBXBuildFile; fileRef = 651F9DF81EC09FDC006D9474 /* IgnoredTagsPresenter.swift */; };
		651F9E561EC09FDD006D9474 /* SyncPresenter.swift in Sources */ = {isa = PBXBuildFile; fileRef = 651F9DF91EC09FDC006D9474 /* SyncPresenter.swift */; };
		651F9E581EC09FDD006D9474 /* AppearanceConfigurator.swift in Sources */ = {isa = PBXBuildFile; fileRef = 651F9DFD1EC09FDC006D9474 /* AppearanceConfigurator.swift */; };
		651F9E591EC09FDD006D9474 /* AsynchronousOperation.swift in Sources */ = {isa = PBXBuildFile; fileRef = 651F9DFE1EC09FDC006D9474 /* AsynchronousOperation.swift */; };
		651F9E5A1EC09FDD006D9474 /* BlockBarButtonItem.swift in Sources */ = {isa = PBXBuildFile; fileRef = 651F9DFF1EC09FDC006D9474 /* BlockBarButtonItem.swift */; };
		651F9E5B1EC09FDD006D9474 /* Colors.swift in Sources */ = {isa = PBXBuildFile; fileRef = 651F9E001EC09FDC006D9474 /* Colors.swift */; };
		651F9E5C1EC09FDD006D9474 /* ErrorConverter.swift in Sources */ = {isa = PBXBuildFile; fileRef = 651F9E011EC09FDC006D9474 /* ErrorConverter.swift */; };
		651F9E5D1EC09FDD006D9474 /* Fonts.swift in Sources */ = {isa = PBXBuildFile; fileRef = 651F9E021EC09FDC006D9474 /* Fonts.swift */; };
		651F9E5E1EC09FDD006D9474 /* MappingHelpers.swift in Sources */ = {isa = PBXBuildFile; fileRef = 651F9E031EC09FDC006D9474 /* MappingHelpers.swift */; };
		651F9E5F1EC09FDD006D9474 /* Sourcery.swift in Sources */ = {isa = PBXBuildFile; fileRef = 651F9E041EC09FDC006D9474 /* Sourcery.swift */; };
		651F9E601EC09FDD006D9474 /* LaunchScreen.storyboard in Resources */ = {isa = PBXBuildFile; fileRef = 651F9E071EC09FDC006D9474 /* LaunchScreen.storyboard */; };
		651F9E611EC09FDD006D9474 /* EmptyDataSetView.swift in Sources */ = {isa = PBXBuildFile; fileRef = 651F9E0A1EC09FDC006D9474 /* EmptyDataSetView.swift */; };
		651F9E701EC0A88B006D9474 /* AutoEquatable.generated.swift in Sources */ = {isa = PBXBuildFile; fileRef = 651F9E6E1EC0A88B006D9474 /* AutoEquatable.generated.swift */; };
		651F9E711EC0A88B006D9474 /* AutoHashable.generated.swift in Sources */ = {isa = PBXBuildFile; fileRef = 651F9E6F1EC0A88B006D9474 /* AutoHashable.generated.swift */; };
		65206EC31EC4C07700A83DA1 /* ArtistSectionDataSource.swift in Sources */ = {isa = PBXBuildFile; fileRef = 65206EC21EC4C07700A83DA1 /* ArtistSectionDataSource.swift */; };
		65206EC51EC4C0A500A83DA1 /* ArtistInfoSectionDataSource.swift in Sources */ = {isa = PBXBuildFile; fileRef = 65206EC41EC4C0A500A83DA1 /* ArtistInfoSectionDataSource.swift */; };
		65206EC71EC4C0CF00A83DA1 /* ArtistTopTagsSectionDataSource.swift in Sources */ = {isa = PBXBuildFile; fileRef = 65206EC61EC4C0CF00A83DA1 /* ArtistTopTagsSectionDataSource.swift */; };
		65206EC91EC4C11400A83DA1 /* ArtistSimilarsSectionDataSource.swift in Sources */ = {isa = PBXBuildFile; fileRef = 65206EC81EC4C11400A83DA1 /* ArtistSimilarsSectionDataSource.swift */; };
		652167661F619E1A005B7273 /* TrackService.swift in Sources */ = {isa = PBXBuildFile; fileRef = 652167651F619E1A005B7273 /* TrackService.swift */; };
		65241C241EC6E96300927749 /* ArtistInfoCellViewModel.swift in Sources */ = {isa = PBXBuildFile; fileRef = 65241C1E1EC6E96300927749 /* ArtistInfoCellViewModel.swift */; };
		65241C251EC6E96300927749 /* ArtistInfoSectionViewModel.swift in Sources */ = {isa = PBXBuildFile; fileRef = 65241C201EC6E96300927749 /* ArtistInfoSectionViewModel.swift */; };
		65241C271EC6E96300927749 /* ArtistSimilarsSectionViewModel.swift in Sources */ = {isa = PBXBuildFile; fileRef = 65241C221EC6E96300927749 /* ArtistSimilarsSectionViewModel.swift */; };
		65241C281EC6E96300927749 /* ArtistTopTagsSectionViewModel.swift in Sources */ = {isa = PBXBuildFile; fileRef = 65241C231EC6E96300927749 /* ArtistTopTagsSectionViewModel.swift */; };
		65241C2A1EC70AF400927749 /* UICollectionViewCell+DynamicSize.swift in Sources */ = {isa = PBXBuildFile; fileRef = 65241C291EC70AF400927749 /* UICollectionViewCell+DynamicSize.swift */; };
		653277DC1EDC804F00BEBCAC /* ArtistsByTagPresenter.swift in Sources */ = {isa = PBXBuildFile; fileRef = 653277DB1EDC804F00BEBCAC /* ArtistsByTagPresenter.swift */; };
		653669EF1EE5753B00E9D56C /* NavigationControllerPopTracker.swift in Sources */ = {isa = PBXBuildFile; fileRef = 653669EE1EE5753B00E9D56C /* NavigationControllerPopTracker.swift */; };
		653F21751F6D1272009A562A /* SimilarArtistsRequestStrategy.swift in Sources */ = {isa = PBXBuildFile; fileRef = 653F21741F6D1272009A562A /* SimilarArtistsRequestStrategy.swift */; };
		653F21771F6D8484009A562A /* SimilarArtistListResponse.swift in Sources */ = {isa = PBXBuildFile; fileRef = 653F21761F6D8484009A562A /* SimilarArtistListResponse.swift */; };
		6555AB561ED032BA00BDDF21 /* NavigationController.swift in Sources */ = {isa = PBXBuildFile; fileRef = 6555AB551ED032BA00BDDF21 /* NavigationController.swift */; };
		6555AB581ED0AC1600BDDF21 /* ArtistTagsCell.swift in Sources */ = {isa = PBXBuildFile; fileRef = 6555AB571ED0AC1600BDDF21 /* ArtistTagsCell.swift */; };
		6557BD701F717D1300E08DD4 /* SimilarsSectionTabViewModel.swift in Sources */ = {isa = PBXBuildFile; fileRef = 6557BD6F1F717D1300E08DD4 /* SimilarsSectionTabViewModel.swift */; };
		6557BD731F7187C700E08DD4 /* RealmServiceTests.swift in Sources */ = {isa = PBXBuildFile; fileRef = 6557BD711F71879900E08DD4 /* RealmServiceTests.swift */; };
		655E97B91F3C6AEC003614C8 /* TagService.swift in Sources */ = {isa = PBXBuildFile; fileRef = 655E97B81F3C6AEC003614C8 /* TagService.swift */; };
		65B772891EC5C5E500892698 /* ArtistDataSource.swift in Sources */ = {isa = PBXBuildFile; fileRef = 65B772881EC5C5E500892698 /* ArtistDataSource.swift */; };
		65C10DF41F0BD0170072BF09 /* ApplicationStateObserver.swift in Sources */ = {isa = PBXBuildFile; fileRef = 65C10DF31F0BD0170072BF09 /* ApplicationStateObserver.swift */; };
		9F43E2411B39BE7B45A44303 /* Pods_MementoFM.framework in Frameworks */ = {isa = PBXBuildFile; fileRef = BA52817501538FC095064AC8 /* Pods_MementoFM.framework */; };
/* End PBXBuildFile section */

/* Begin PBXContainerItemProxy section */
		01D4D32D1DAE4A0000BFD7FD /* PBXContainerItemProxy */ = {
			isa = PBXContainerItemProxy;
			containerPortal = 01D4D3101DAE4A0000BFD7FD /* Project object */;
			proxyType = 1;
			remoteGlobalIDString = 01D4D3171DAE4A0000BFD7FD;
			remoteInfo = LastFMNotifier;
		};
/* End PBXContainerItemProxy section */

/* Begin PBXFileReference section */
		01D4D3181DAE4A0000BFD7FD /* MementoFM.app */ = {isa = PBXFileReference; explicitFileType = wrapper.application; includeInIndex = 0; path = MementoFM.app; sourceTree = BUILT_PRODUCTS_DIR; };
		01D4D32C1DAE4A0000BFD7FD /* MementoFMTests.xctest */ = {isa = PBXFileReference; explicitFileType = wrapper.cfbundle; includeInIndex = 0; path = MementoFMTests.xctest; sourceTree = BUILT_PRODUCTS_DIR; };
		01D4D3321DAE4A0000BFD7FD /* Info.plist */ = {isa = PBXFileReference; lastKnownFileType = text.plist.xml; path = Info.plist; sourceTree = "<group>"; };
		1325F94CA066BC04255604B2 /* Pods-LastFMNotifier.debug.xcconfig */ = {isa = PBXFileReference; includeInIndex = 1; lastKnownFileType = text.xcconfig; name = "Pods-LastFMNotifier.debug.xcconfig"; path = "Pods/Target Support Files/Pods-LastFMNotifier/Pods-LastFMNotifier.debug.xcconfig"; sourceTree = "<group>"; };
		2D89EF6B90057CC1DCFBD6A6 /* Pods-LastFMNotifier.release.xcconfig */ = {isa = PBXFileReference; includeInIndex = 1; lastKnownFileType = text.xcconfig; name = "Pods-LastFMNotifier.release.xcconfig"; path = "Pods/Target Support Files/Pods-LastFMNotifier/Pods-LastFMNotifier.release.xcconfig"; sourceTree = "<group>"; };
		4E75EA4AA335D543060C18B9 /* Pods-MementoFM.debug.xcconfig */ = {isa = PBXFileReference; includeInIndex = 1; lastKnownFileType = text.xcconfig; name = "Pods-MementoFM.debug.xcconfig"; path = "Pods/Target Support Files/Pods-MementoFM/Pods-MementoFM.debug.xcconfig"; sourceTree = "<group>"; };
		54F7345EDE3E86D13A310BC8 /* Pods_MementoFMTests.framework */ = {isa = PBXFileReference; explicitFileType = wrapper.framework; includeInIndex = 0; path = Pods_MementoFMTests.framework; sourceTree = BUILT_PRODUCTS_DIR; };
		650D97CD1F1521C0008C1DC6 /* LastFMErrorResponse.swift */ = {isa = PBXFileReference; fileEncoding = 4; lastKnownFileType = sourcecode.swift; path = LastFMErrorResponse.swift; sourceTree = "<group>"; };
		65112D611F2F181700CBF8BA /* ArtistService.swift */ = {isa = PBXFileReference; fileEncoding = 4; lastKnownFileType = sourcecode.swift; path = ArtistService.swift; sourceTree = "<group>"; };
		65112D621F2F181700CBF8BA /* ArtistTopTagsCalculator.swift */ = {isa = PBXFileReference; fileEncoding = 4; lastKnownFileType = sourcecode.swift; path = ArtistTopTagsCalculator.swift; sourceTree = "<group>"; };
		65112D641F2F181700CBF8BA /* LastFMNetworkOperation.swift */ = {isa = PBXFileReference; fileEncoding = 4; lastKnownFileType = sourcecode.swift; path = LastFMNetworkOperation.swift; sourceTree = "<group>"; };
		65112D651F2F181700CBF8BA /* LastFMNetworkService.swift */ = {isa = PBXFileReference; fileEncoding = 4; lastKnownFileType = sourcecode.swift; path = LastFMNetworkService.swift; sourceTree = "<group>"; };
		65112D661F2F181700CBF8BA /* NetworkConstants.swift */ = {isa = PBXFileReference; fileEncoding = 4; lastKnownFileType = sourcecode.swift; path = NetworkConstants.swift; sourceTree = "<group>"; };
		65112D681F2F181700CBF8BA /* RealmService.swift */ = {isa = PBXFileReference; fileEncoding = 4; lastKnownFileType = sourcecode.swift; path = RealmService.swift; sourceTree = "<group>"; };
		65112D6A1F2F181700CBF8BA /* UserService.swift */ = {isa = PBXFileReference; fileEncoding = 4; lastKnownFileType = sourcecode.swift; path = UserService.swift; sourceTree = "<group>"; };
		6511361C1F2AE6B40079411F /* RealmEntity.swift */ = {isa = PBXFileReference; fileEncoding = 4; lastKnownFileType = sourcecode.swift; path = RealmEntity.swift; sourceTree = "<group>"; };
		6511361E1F2AE6DB0079411F /* TransientEntity.swift */ = {isa = PBXFileReference; fileEncoding = 4; lastKnownFileType = sourcecode.swift; path = TransientEntity.swift; sourceTree = "<group>"; };
		6513540B1EDD875E0061B879 /* LibraryViewModelFactory.swift */ = {isa = PBXFileReference; fileEncoding = 4; lastKnownFileType = sourcecode.swift; path = LibraryViewModelFactory.swift; sourceTree = "<group>"; };
		6515EA9A1F49561700081F70 /* IgnoredTagService.swift */ = {isa = PBXFileReference; fileEncoding = 4; lastKnownFileType = sourcecode.swift; path = IgnoredTagService.swift; sourceTree = "<group>"; };
		6516A53C1ECDFD830021E43C /* NSAttributedString+Join.swift */ = {isa = PBXFileReference; fileEncoding = 4; lastKnownFileType = sourcecode.swift; path = "NSAttributedString+Join.swift"; sourceTree = "<group>"; };
		65178A891F6ACD6D006A29E8 /* ArtistSimilarsSectionHeaderView.swift */ = {isa = PBXFileReference; fileEncoding = 4; lastKnownFileType = sourcecode.swift; path = ArtistSimilarsSectionHeaderView.swift; sourceTree = "<group>"; };
		6517A3C51EBCE5C6002BC634 /* RealmMappedCollectionTests.swift */ = {isa = PBXFileReference; fileEncoding = 4; lastKnownFileType = sourcecode.swift; path = RealmMappedCollectionTests.swift; sourceTree = "<group>"; };
		6517A3C71EBCE5DA002BC634 /* RealmHelpers.swift */ = {isa = PBXFileReference; fileEncoding = 4; lastKnownFileType = sourcecode.swift; path = RealmHelpers.swift; sourceTree = "<group>"; };
		6518B12E1EC85BA6001F4B74 /* SimilarArtistCellViewModel.swift */ = {isa = PBXFileReference; fileEncoding = 4; lastKnownFileType = sourcecode.swift; path = SimilarArtistCellViewModel.swift; sourceTree = "<group>"; };
		6518B1301EC85C07001F4B74 /* TagCellViewModel.swift */ = {isa = PBXFileReference; fileEncoding = 4; lastKnownFileType = sourcecode.swift; path = TagCellViewModel.swift; sourceTree = "<group>"; };
		6518F0281ECB01B000681D5E /* TagsViewController.swift */ = {isa = PBXFileReference; fileEncoding = 4; lastKnownFileType = sourcecode.swift; path = TagsViewController.swift; sourceTree = "<group>"; };
		6518F02A1ECB01B800681D5E /* TagsViewModel.swift */ = {isa = PBXFileReference; fileEncoding = 4; lastKnownFileType = sourcecode.swift; path = TagsViewModel.swift; sourceTree = "<group>"; };
		6518F02C1ECB044900681D5E /* TagsCoordinator.swift */ = {isa = PBXFileReference; fileEncoding = 4; lastKnownFileType = sourcecode.swift; path = TagsCoordinator.swift; sourceTree = "<group>"; };
		651C3BB51ECEA3A100C00AD5 /* ArtistListViewModelProtocol.swift */ = {isa = PBXFileReference; fileEncoding = 4; lastKnownFileType = sourcecode.swift; path = ArtistListViewModelProtocol.swift; sourceTree = "<group>"; };
		651C3BB91ECF2F4E00C00AD5 /* ArtistsByTagViewModel.swift */ = {isa = PBXFileReference; fileEncoding = 4; lastKnownFileType = sourcecode.swift; path = ArtistsByTagViewModel.swift; sourceTree = "<group>"; };
		651C3BBD1ECF523B00C00AD5 /* ArtistCoordinator.swift */ = {isa = PBXFileReference; fileEncoding = 4; lastKnownFileType = sourcecode.swift; path = ArtistCoordinator.swift; sourceTree = "<group>"; };
		651CB3571EC9DCDA00BC452C /* ArtistInfoCell.swift */ = {isa = PBXFileReference; fileEncoding = 4; lastKnownFileType = sourcecode.swift; path = ArtistInfoCell.swift; sourceTree = "<group>"; };
		651CB3581EC9DCDA00BC452C /* SimilarArtistCell.swift */ = {isa = PBXFileReference; fileEncoding = 4; lastKnownFileType = sourcecode.swift; path = SimilarArtistCell.swift; sourceTree = "<group>"; };
		651CB3591EC9DCDA00BC452C /* TagCell.swift */ = {isa = PBXFileReference; fileEncoding = 4; lastKnownFileType = sourcecode.swift; path = TagCell.swift; sourceTree = "<group>"; };
		651CB35B1EC9DCDA00BC452C /* ArtistTopTagsSectionHeaderView.swift */ = {isa = PBXFileReference; fileEncoding = 4; lastKnownFileType = sourcecode.swift; path = ArtistTopTagsSectionHeaderView.swift; sourceTree = "<group>"; };
		651CB3601EC9DEE900BC452C /* EmptyDataSetFooterView.swift */ = {isa = PBXFileReference; fileEncoding = 4; lastKnownFileType = sourcecode.swift; path = EmptyDataSetFooterView.swift; sourceTree = "<group>"; };
		651CB3621EC9DEEF00BC452C /* LoadingFooterView.swift */ = {isa = PBXFileReference; fileEncoding = 4; lastKnownFileType = sourcecode.swift; path = LoadingFooterView.swift; sourceTree = "<group>"; };
		651D69641ED349A200E96AF0 /* TagsSearchHeaderView.swift */ = {isa = PBXFileReference; fileEncoding = 4; lastKnownFileType = sourcecode.swift; path = TagsSearchHeaderView.swift; sourceTree = "<group>"; };
		651F9D881EC09FDC006D9474 /* Assets.xcassets */ = {isa = PBXFileReference; lastKnownFileType = folder.assetcatalog; path = Assets.xcassets; sourceTree = "<group>"; };
		651F9D8A1EC09FDC006D9474 /* OFL.txt */ = {isa = PBXFileReference; fileEncoding = 4; lastKnownFileType = text; path = OFL.txt; sourceTree = "<group>"; };
		651F9D8B1EC09FDC006D9474 /* Raleway-Bold.ttf */ = {isa = PBXFileReference; lastKnownFileType = file; path = "Raleway-Bold.ttf"; sourceTree = "<group>"; };
		651F9D8C1EC09FDC006D9474 /* Raleway-Medium.ttf */ = {isa = PBXFileReference; lastKnownFileType = file; path = "Raleway-Medium.ttf"; sourceTree = "<group>"; };
		651F9D8D1EC09FDC006D9474 /* Raleway-Regular.ttf */ = {isa = PBXFileReference; lastKnownFileType = file; path = "Raleway-Regular.ttf"; sourceTree = "<group>"; };
		651F9D901EC09FDC006D9474 /* AppDelegate.swift */ = {isa = PBXFileReference; fileEncoding = 4; lastKnownFileType = sourcecode.swift; path = AppDelegate.swift; sourceTree = "<group>"; };
		651F9D911EC09FDC006D9474 /* Dependencies.swift */ = {isa = PBXFileReference; fileEncoding = 4; lastKnownFileType = sourcecode.swift; path = Dependencies.swift; sourceTree = "<group>"; };
		651F9D921EC09FDC006D9474 /* Keys.swift */ = {isa = PBXFileReference; fileEncoding = 4; lastKnownFileType = sourcecode.swift; path = Keys.swift; sourceTree = "<group>"; };
		651F9D971EC09FDC006D9474 /* AppCoordinator.swift */ = {isa = PBXFileReference; fileEncoding = 4; lastKnownFileType = sourcecode.swift; path = AppCoordinator.swift; sourceTree = "<group>"; };
		651F9D981EC09FDC006D9474 /* Coordinator.swift */ = {isa = PBXFileReference; fileEncoding = 4; lastKnownFileType = sourcecode.swift; path = Coordinator.swift; sourceTree = "<group>"; };
		651F9D991EC09FDC006D9474 /* ArtistListCoordinator.swift */ = {isa = PBXFileReference; fileEncoding = 4; lastKnownFileType = sourcecode.swift; path = ArtistListCoordinator.swift; sourceTree = "<group>"; };
		651F9D9A1EC09FDC006D9474 /* MainFlowCoordinator.swift */ = {isa = PBXFileReference; fileEncoding = 4; lastKnownFileType = sourcecode.swift; path = MainFlowCoordinator.swift; sourceTree = "<group>"; };
		651F9D9B1EC09FDC006D9474 /* NavigationFlowCoordinator.swift */ = {isa = PBXFileReference; fileEncoding = 4; lastKnownFileType = sourcecode.swift; path = NavigationFlowCoordinator.swift; sourceTree = "<group>"; };
		651F9D9C1EC09FDC006D9474 /* OnboardingCoordinator.swift */ = {isa = PBXFileReference; fileEncoding = 4; lastKnownFileType = sourcecode.swift; path = OnboardingCoordinator.swift; sourceTree = "<group>"; };
		651F9D9D1EC09FDC006D9474 /* SettingsCoordinator.swift */ = {isa = PBXFileReference; fileEncoding = 4; lastKnownFileType = sourcecode.swift; path = SettingsCoordinator.swift; sourceTree = "<group>"; };
		651F9D9F1EC09FDC006D9474 /* Mappable+FromAny.swift */ = {isa = PBXFileReference; fileEncoding = 4; lastKnownFileType = sourcecode.swift; path = "Mappable+FromAny.swift"; sourceTree = "<group>"; };
		651F9DA01EC09FDC006D9474 /* Promise+Void.swift */ = {isa = PBXFileReference; fileEncoding = 4; lastKnownFileType = sourcecode.swift; path = "Promise+Void.swift"; sourceTree = "<group>"; };
		651F9DA11EC09FDC006D9474 /* String+Unlocalized.swift */ = {isa = PBXFileReference; fileEncoding = 4; lastKnownFileType = sourcecode.swift; path = "String+Unlocalized.swift"; sourceTree = "<group>"; };
		651F9DA21EC09FDC006D9474 /* UITableView+HeaderVIew.swift */ = {isa = PBXFileReference; fileEncoding = 4; lastKnownFileType = sourcecode.swift; path = "UITableView+HeaderVIew.swift"; sourceTree = "<group>"; };
		651F9DA31EC09FDC006D9474 /* UIViewController+Alert.swift */ = {isa = PBXFileReference; fileEncoding = 4; lastKnownFileType = sourcecode.swift; path = "UIViewController+Alert.swift"; sourceTree = "<group>"; };
		651F9DA71EC09FDC006D9474 /* RealmArtist.swift */ = {isa = PBXFileReference; fileEncoding = 4; lastKnownFileType = sourcecode.swift; path = RealmArtist.swift; sourceTree = "<group>"; };
		651F9DA81EC09FDC006D9474 /* RealmIgnoredTag.swift */ = {isa = PBXFileReference; fileEncoding = 4; lastKnownFileType = sourcecode.swift; path = RealmIgnoredTag.swift; sourceTree = "<group>"; };
		651F9DA91EC09FDC006D9474 /* RealmTag.swift */ = {isa = PBXFileReference; fileEncoding = 4; lastKnownFileType = sourcecode.swift; path = RealmTag.swift; sourceTree = "<group>"; };
		651F9DAB1EC09FDC006D9474 /* Artist.swift */ = {isa = PBXFileReference; fileEncoding = 4; lastKnownFileType = sourcecode.swift; path = Artist.swift; sourceTree = "<group>"; };
		651F9DAC1EC09FDC006D9474 /* IgnoredTag.swift */ = {isa = PBXFileReference; fileEncoding = 4; lastKnownFileType = sourcecode.swift; path = IgnoredTag.swift; sourceTree = "<group>"; };
		651F9DAD1EC09FDC006D9474 /* LibraryPage.swift */ = {isa = PBXFileReference; fileEncoding = 4; lastKnownFileType = sourcecode.swift; path = LibraryPage.swift; sourceTree = "<group>"; };
		651F9DAE1EC09FDC006D9474 /* RecentTracksPage.swift */ = {isa = PBXFileReference; fileEncoding = 4; lastKnownFileType = sourcecode.swift; path = RecentTracksPage.swift; sourceTree = "<group>"; };
		651F9DAF1EC09FDC006D9474 /* SettingConfiguration.swift */ = {isa = PBXFileReference; fileEncoding = 4; lastKnownFileType = sourcecode.swift; path = SettingConfiguration.swift; sourceTree = "<group>"; };
		651F9DB01EC09FDC006D9474 /* Tag.swift */ = {isa = PBXFileReference; fileEncoding = 4; lastKnownFileType = sourcecode.swift; path = Tag.swift; sourceTree = "<group>"; };
		651F9DB11EC09FDC006D9474 /* TopTagsList.swift */ = {isa = PBXFileReference; fileEncoding = 4; lastKnownFileType = sourcecode.swift; path = TopTagsList.swift; sourceTree = "<group>"; };
		651F9DB21EC09FDC006D9474 /* Track.swift */ = {isa = PBXFileReference; fileEncoding = 4; lastKnownFileType = sourcecode.swift; path = Track.swift; sourceTree = "<group>"; };
		651F9DB41EC09FDC006D9474 /* UserDataStorage.swift */ = {isa = PBXFileReference; fileEncoding = 4; lastKnownFileType = sourcecode.swift; path = UserDataStorage.swift; sourceTree = "<group>"; };
		651F9DB71EC09FDC006D9474 /* RealmFactory.swift */ = {isa = PBXFileReference; fileEncoding = 4; lastKnownFileType = sourcecode.swift; path = RealmFactory.swift; sourceTree = "<group>"; };
		651F9DBC1EC09FDC006D9474 /* RealmMappedCollection.swift */ = {isa = PBXFileReference; fileEncoding = 4; lastKnownFileType = sourcecode.swift; path = RealmMappedCollection.swift; sourceTree = "<group>"; };
		651F9DBE1EC09FDC006D9474 /* LibraryPageResponse.swift */ = {isa = PBXFileReference; fileEncoding = 4; lastKnownFileType = sourcecode.swift; path = LibraryPageResponse.swift; sourceTree = "<group>"; };
		651F9DBF1EC09FDC006D9474 /* RecentTracksPageResponse.swift */ = {isa = PBXFileReference; fileEncoding = 4; lastKnownFileType = sourcecode.swift; path = RecentTracksPageResponse.swift; sourceTree = "<group>"; };
		651F9DC01EC09FDC006D9474 /* TopTagsResponse.swift */ = {isa = PBXFileReference; fileEncoding = 4; lastKnownFileType = sourcecode.swift; path = TopTagsResponse.swift; sourceTree = "<group>"; };
		651F9DC31EC09FDC006D9474 /* AboutViewController.swift */ = {isa = PBXFileReference; fileEncoding = 4; lastKnownFileType = sourcecode.swift; path = AboutViewController.swift; sourceTree = "<group>"; };
		651F9DC61EC09FDC006D9474 /* ArtistViewController.swift */ = {isa = PBXFileReference; fileEncoding = 4; lastKnownFileType = sourcecode.swift; path = ArtistViewController.swift; sourceTree = "<group>"; };
		651F9DC81EC09FDC006D9474 /* ArtistViewModel.swift */ = {isa = PBXFileReference; fileEncoding = 4; lastKnownFileType = sourcecode.swift; path = ArtistViewModel.swift; sourceTree = "<group>"; };
		651F9DCB1EC09FDC006D9474 /* EnterUsernameViewController.swift */ = {isa = PBXFileReference; fileEncoding = 4; lastKnownFileType = sourcecode.swift; path = EnterUsernameViewController.swift; sourceTree = "<group>"; };
		651F9DCD1EC09FDC006D9474 /* EnterUsernameViewModel.swift */ = {isa = PBXFileReference; fileEncoding = 4; lastKnownFileType = sourcecode.swift; path = EnterUsernameViewModel.swift; sourceTree = "<group>"; };
		651F9DD01EC09FDC006D9474 /* IgnoredTagCell.swift */ = {isa = PBXFileReference; fileEncoding = 4; lastKnownFileType = sourcecode.swift; path = IgnoredTagCell.swift; sourceTree = "<group>"; };
		651F9DD11EC09FDC006D9474 /* IgnoredTagsNavigationRightView.swift */ = {isa = PBXFileReference; fileEncoding = 4; lastKnownFileType = sourcecode.swift; path = IgnoredTagsNavigationRightView.swift; sourceTree = "<group>"; };
		651F9DD21EC09FDC006D9474 /* IgnoredTagsViewController.swift */ = {isa = PBXFileReference; fileEncoding = 4; lastKnownFileType = sourcecode.swift; path = IgnoredTagsViewController.swift; sourceTree = "<group>"; };
		651F9DD41EC09FDC006D9474 /* IgnoredTagCellViewModel.swift */ = {isa = PBXFileReference; fileEncoding = 4; lastKnownFileType = sourcecode.swift; path = IgnoredTagCellViewModel.swift; sourceTree = "<group>"; };
		651F9DD51EC09FDC006D9474 /* IgnoredTagsViewModel.swift */ = {isa = PBXFileReference; fileEncoding = 4; lastKnownFileType = sourcecode.swift; path = IgnoredTagsViewModel.swift; sourceTree = "<group>"; };
		651F9DD91EC09FDC006D9474 /* ArtistCell.swift */ = {isa = PBXFileReference; fileEncoding = 4; lastKnownFileType = sourcecode.swift; path = ArtistCell.swift; sourceTree = "<group>"; };
		651F9DDA1EC09FDC006D9474 /* ArtistListViewController.swift */ = {isa = PBXFileReference; fileEncoding = 4; lastKnownFileType = sourcecode.swift; path = ArtistListViewController.swift; sourceTree = "<group>"; };
		651F9DDB1EC09FDC006D9474 /* LoadingView.swift */ = {isa = PBXFileReference; fileEncoding = 4; lastKnownFileType = sourcecode.swift; path = LoadingView.swift; sourceTree = "<group>"; };
		651F9DDD1EC09FDC006D9474 /* LibraryArtistCellViewModel.swift */ = {isa = PBXFileReference; fileEncoding = 4; lastKnownFileType = sourcecode.swift; path = LibraryArtistCellViewModel.swift; sourceTree = "<group>"; };
		651F9DDE1EC09FDC006D9474 /* LibraryViewModel.swift */ = {isa = PBXFileReference; fileEncoding = 4; lastKnownFileType = sourcecode.swift; path = LibraryViewModel.swift; sourceTree = "<group>"; };
		651F9DDF1EC09FDC006D9474 /* RecentTracksProcessor.swift */ = {isa = PBXFileReference; fileEncoding = 4; lastKnownFileType = sourcecode.swift; path = RecentTracksProcessor.swift; sourceTree = "<group>"; };
		651F9DE11EC09FDC006D9474 /* LibraryUpdater.swift */ = {isa = PBXFileReference; fileEncoding = 4; lastKnownFileType = sourcecode.swift; path = LibraryUpdater.swift; sourceTree = "<group>"; };
		651F9DE41EC09FDC006D9474 /* SyncViewController.swift */ = {isa = PBXFileReference; fileEncoding = 4; lastKnownFileType = sourcecode.swift; path = SyncViewController.swift; sourceTree = "<group>"; };
		651F9DE61EC09FDC006D9474 /* SyncViewModel.swift */ = {isa = PBXFileReference; fileEncoding = 4; lastKnownFileType = sourcecode.swift; path = SyncViewModel.swift; sourceTree = "<group>"; };
		651F9DE91EC09FDC006D9474 /* SettingCell.swift */ = {isa = PBXFileReference; fileEncoding = 4; lastKnownFileType = sourcecode.swift; path = SettingCell.swift; sourceTree = "<group>"; };
		651F9DEA1EC09FDC006D9474 /* SettingsViewController.swift */ = {isa = PBXFileReference; fileEncoding = 4; lastKnownFileType = sourcecode.swift; path = SettingsViewController.swift; sourceTree = "<group>"; };
		651F9DEC1EC09FDC006D9474 /* SettingCellViewModel.swift */ = {isa = PBXFileReference; fileEncoding = 4; lastKnownFileType = sourcecode.swift; path = SettingCellViewModel.swift; sourceTree = "<group>"; };
		651F9DED1EC09FDC006D9474 /* SettingsViewModel.swift */ = {isa = PBXFileReference; fileEncoding = 4; lastKnownFileType = sourcecode.swift; path = SettingsViewModel.swift; sourceTree = "<group>"; };
		651F9DF71EC09FDC006D9474 /* Reusable.swift */ = {isa = PBXFileReference; fileEncoding = 4; lastKnownFileType = sourcecode.swift; path = Reusable.swift; sourceTree = "<group>"; };
		651F9DF81EC09FDC006D9474 /* IgnoredTagsPresenter.swift */ = {isa = PBXFileReference; fileEncoding = 4; lastKnownFileType = sourcecode.swift; path = IgnoredTagsPresenter.swift; sourceTree = "<group>"; };
		651F9DF91EC09FDC006D9474 /* SyncPresenter.swift */ = {isa = PBXFileReference; fileEncoding = 4; lastKnownFileType = sourcecode.swift; path = SyncPresenter.swift; sourceTree = "<group>"; };
		651F9DFD1EC09FDC006D9474 /* AppearanceConfigurator.swift */ = {isa = PBXFileReference; fileEncoding = 4; lastKnownFileType = sourcecode.swift; path = AppearanceConfigurator.swift; sourceTree = "<group>"; };
		651F9DFE1EC09FDC006D9474 /* AsynchronousOperation.swift */ = {isa = PBXFileReference; fileEncoding = 4; lastKnownFileType = sourcecode.swift; path = AsynchronousOperation.swift; sourceTree = "<group>"; };
		651F9DFF1EC09FDC006D9474 /* BlockBarButtonItem.swift */ = {isa = PBXFileReference; fileEncoding = 4; lastKnownFileType = sourcecode.swift; path = BlockBarButtonItem.swift; sourceTree = "<group>"; };
		651F9E001EC09FDC006D9474 /* Colors.swift */ = {isa = PBXFileReference; fileEncoding = 4; lastKnownFileType = sourcecode.swift; path = Colors.swift; sourceTree = "<group>"; };
		651F9E011EC09FDC006D9474 /* ErrorConverter.swift */ = {isa = PBXFileReference; fileEncoding = 4; lastKnownFileType = sourcecode.swift; path = ErrorConverter.swift; sourceTree = "<group>"; };
		651F9E021EC09FDC006D9474 /* Fonts.swift */ = {isa = PBXFileReference; fileEncoding = 4; lastKnownFileType = sourcecode.swift; path = Fonts.swift; sourceTree = "<group>"; };
		651F9E031EC09FDC006D9474 /* MappingHelpers.swift */ = {isa = PBXFileReference; fileEncoding = 4; lastKnownFileType = sourcecode.swift; path = MappingHelpers.swift; sourceTree = "<group>"; };
		651F9E041EC09FDC006D9474 /* Sourcery.swift */ = {isa = PBXFileReference; fileEncoding = 4; lastKnownFileType = sourcecode.swift; path = Sourcery.swift; sourceTree = "<group>"; };
		651F9E081EC09FDC006D9474 /* Base */ = {isa = PBXFileReference; lastKnownFileType = file.storyboard; name = Base; path = Base.lproj/LaunchScreen.storyboard; sourceTree = "<group>"; };
		651F9E0A1EC09FDC006D9474 /* EmptyDataSetView.swift */ = {isa = PBXFileReference; fileEncoding = 4; lastKnownFileType = sourcecode.swift; path = EmptyDataSetView.swift; sourceTree = "<group>"; };
		651F9E6B1EC0A1B9006D9474 /* Info.plist */ = {isa = PBXFileReference; fileEncoding = 4; lastKnownFileType = text.plist.xml; path = Info.plist; sourceTree = "<group>"; };
		651F9E6E1EC0A88B006D9474 /* AutoEquatable.generated.swift */ = {isa = PBXFileReference; fileEncoding = 4; lastKnownFileType = sourcecode.swift; path = AutoEquatable.generated.swift; sourceTree = "<group>"; };
		651F9E6F1EC0A88B006D9474 /* AutoHashable.generated.swift */ = {isa = PBXFileReference; fileEncoding = 4; lastKnownFileType = sourcecode.swift; path = AutoHashable.generated.swift; sourceTree = "<group>"; };
		65206EC21EC4C07700A83DA1 /* ArtistSectionDataSource.swift */ = {isa = PBXFileReference; fileEncoding = 4; lastKnownFileType = sourcecode.swift; path = ArtistSectionDataSource.swift; sourceTree = "<group>"; };
		65206EC41EC4C0A500A83DA1 /* ArtistInfoSectionDataSource.swift */ = {isa = PBXFileReference; fileEncoding = 4; lastKnownFileType = sourcecode.swift; path = ArtistInfoSectionDataSource.swift; sourceTree = "<group>"; };
		65206EC61EC4C0CF00A83DA1 /* ArtistTopTagsSectionDataSource.swift */ = {isa = PBXFileReference; fileEncoding = 4; lastKnownFileType = sourcecode.swift; path = ArtistTopTagsSectionDataSource.swift; sourceTree = "<group>"; };
		65206EC81EC4C11400A83DA1 /* ArtistSimilarsSectionDataSource.swift */ = {isa = PBXFileReference; fileEncoding = 4; lastKnownFileType = sourcecode.swift; path = ArtistSimilarsSectionDataSource.swift; sourceTree = "<group>"; };
		652167651F619E1A005B7273 /* TrackService.swift */ = {isa = PBXFileReference; fileEncoding = 4; lastKnownFileType = sourcecode.swift; path = TrackService.swift; sourceTree = "<group>"; };
		65241C1E1EC6E96300927749 /* ArtistInfoCellViewModel.swift */ = {isa = PBXFileReference; fileEncoding = 4; lastKnownFileType = sourcecode.swift; path = ArtistInfoCellViewModel.swift; sourceTree = "<group>"; };
		65241C201EC6E96300927749 /* ArtistInfoSectionViewModel.swift */ = {isa = PBXFileReference; fileEncoding = 4; lastKnownFileType = sourcecode.swift; path = ArtistInfoSectionViewModel.swift; sourceTree = "<group>"; };
		65241C221EC6E96300927749 /* ArtistSimilarsSectionViewModel.swift */ = {isa = PBXFileReference; fileEncoding = 4; lastKnownFileType = sourcecode.swift; path = ArtistSimilarsSectionViewModel.swift; sourceTree = "<group>"; };
		65241C231EC6E96300927749 /* ArtistTopTagsSectionViewModel.swift */ = {isa = PBXFileReference; fileEncoding = 4; lastKnownFileType = sourcecode.swift; path = ArtistTopTagsSectionViewModel.swift; sourceTree = "<group>"; };
		65241C291EC70AF400927749 /* UICollectionViewCell+DynamicSize.swift */ = {isa = PBXFileReference; fileEncoding = 4; lastKnownFileType = sourcecode.swift; path = "UICollectionViewCell+DynamicSize.swift"; sourceTree = "<group>"; };
		653277DB1EDC804F00BEBCAC /* ArtistsByTagPresenter.swift */ = {isa = PBXFileReference; fileEncoding = 4; lastKnownFileType = sourcecode.swift; path = ArtistsByTagPresenter.swift; sourceTree = "<group>"; };
		653669EE1EE5753B00E9D56C /* NavigationControllerPopTracker.swift */ = {isa = PBXFileReference; fileEncoding = 4; lastKnownFileType = sourcecode.swift; path = NavigationControllerPopTracker.swift; sourceTree = "<group>"; };
		653F21741F6D1272009A562A /* SimilarArtistsRequestStrategy.swift */ = {isa = PBXFileReference; fileEncoding = 4; lastKnownFileType = sourcecode.swift; path = SimilarArtistsRequestStrategy.swift; sourceTree = "<group>"; };
		653F21761F6D8484009A562A /* SimilarArtistListResponse.swift */ = {isa = PBXFileReference; fileEncoding = 4; lastKnownFileType = sourcecode.swift; path = SimilarArtistListResponse.swift; sourceTree = "<group>"; };
		6555AB551ED032BA00BDDF21 /* NavigationController.swift */ = {isa = PBXFileReference; fileEncoding = 4; lastKnownFileType = sourcecode.swift; path = NavigationController.swift; sourceTree = "<group>"; };
		6555AB571ED0AC1600BDDF21 /* ArtistTagsCell.swift */ = {isa = PBXFileReference; fileEncoding = 4; lastKnownFileType = sourcecode.swift; path = ArtistTagsCell.swift; sourceTree = "<group>"; };
		6557BD6F1F717D1300E08DD4 /* SimilarsSectionTabViewModel.swift */ = {isa = PBXFileReference; fileEncoding = 4; lastKnownFileType = sourcecode.swift; path = SimilarsSectionTabViewModel.swift; sourceTree = "<group>"; };
		6557BD711F71879900E08DD4 /* RealmServiceTests.swift */ = {isa = PBXFileReference; fileEncoding = 4; lastKnownFileType = sourcecode.swift; path = RealmServiceTests.swift; sourceTree = "<group>"; };
		655E97B81F3C6AEC003614C8 /* TagService.swift */ = {isa = PBXFileReference; fileEncoding = 4; lastKnownFileType = sourcecode.swift; path = TagService.swift; sourceTree = "<group>"; };
		65B772881EC5C5E500892698 /* ArtistDataSource.swift */ = {isa = PBXFileReference; fileEncoding = 4; lastKnownFileType = sourcecode.swift; path = ArtistDataSource.swift; sourceTree = "<group>"; };
		65C10DF31F0BD0170072BF09 /* ApplicationStateObserver.swift */ = {isa = PBXFileReference; fileEncoding = 4; lastKnownFileType = sourcecode.swift; path = ApplicationStateObserver.swift; sourceTree = "<group>"; };
		7D2D2255AF2A192DD77241EC /* Pods_LastFMNotifier.framework */ = {isa = PBXFileReference; explicitFileType = wrapper.framework; includeInIndex = 0; path = Pods_LastFMNotifier.framework; sourceTree = BUILT_PRODUCTS_DIR; };
		7DA0674F9B99F1C73DD95155 /* Pods-LastFMNotifierTests.debug.xcconfig */ = {isa = PBXFileReference; includeInIndex = 1; lastKnownFileType = text.xcconfig; name = "Pods-LastFMNotifierTests.debug.xcconfig"; path = "Pods/Target Support Files/Pods-LastFMNotifierTests/Pods-LastFMNotifierTests.debug.xcconfig"; sourceTree = "<group>"; };
		7FE38FF7C97840AA7B03AE41 /* Pods-MementoFM.release.xcconfig */ = {isa = PBXFileReference; includeInIndex = 1; lastKnownFileType = text.xcconfig; name = "Pods-MementoFM.release.xcconfig"; path = "Pods/Target Support Files/Pods-MementoFM/Pods-MementoFM.release.xcconfig"; sourceTree = "<group>"; };
		9B13B9EF38352CA27AB226C6 /* Pods-MementoFMTests.debug.xcconfig */ = {isa = PBXFileReference; includeInIndex = 1; lastKnownFileType = text.xcconfig; name = "Pods-MementoFMTests.debug.xcconfig"; path = "Pods/Target Support Files/Pods-MementoFMTests/Pods-MementoFMTests.debug.xcconfig"; sourceTree = "<group>"; };
		BA52817501538FC095064AC8 /* Pods_MementoFM.framework */ = {isa = PBXFileReference; explicitFileType = wrapper.framework; includeInIndex = 0; path = Pods_MementoFM.framework; sourceTree = BUILT_PRODUCTS_DIR; };
		D1EB62EA0D8FE3964F218DE8 /* Pods-LastFMNotifierTests.release.xcconfig */ = {isa = PBXFileReference; includeInIndex = 1; lastKnownFileType = text.xcconfig; name = "Pods-LastFMNotifierTests.release.xcconfig"; path = "Pods/Target Support Files/Pods-LastFMNotifierTests/Pods-LastFMNotifierTests.release.xcconfig"; sourceTree = "<group>"; };
		D29BF0DB16DD5BB044FE9504 /* Pods_LastFMNotifierTests.framework */ = {isa = PBXFileReference; explicitFileType = wrapper.framework; includeInIndex = 0; path = Pods_LastFMNotifierTests.framework; sourceTree = BUILT_PRODUCTS_DIR; };
		F0AEA5D3E711C8E647C4AC07 /* Pods-MementoFMTests.release.xcconfig */ = {isa = PBXFileReference; includeInIndex = 1; lastKnownFileType = text.xcconfig; name = "Pods-MementoFMTests.release.xcconfig"; path = "Pods/Target Support Files/Pods-MementoFMTests/Pods-MementoFMTests.release.xcconfig"; sourceTree = "<group>"; };
/* End PBXFileReference section */

/* Begin PBXFrameworksBuildPhase section */
		01D4D3151DAE4A0000BFD7FD /* Frameworks */ = {
			isa = PBXFrameworksBuildPhase;
			buildActionMask = 2147483647;
			files = (
				9F43E2411B39BE7B45A44303 /* Pods_MementoFM.framework in Frameworks */,
			);
			runOnlyForDeploymentPostprocessing = 0;
		};
		01D4D3291DAE4A0000BFD7FD /* Frameworks */ = {
			isa = PBXFrameworksBuildPhase;
			buildActionMask = 2147483647;
			files = (
				57CC53BFD7353556C18C1D49 /* Pods_MementoFMTests.framework in Frameworks */,
			);
			runOnlyForDeploymentPostprocessing = 0;
		};
/* End PBXFrameworksBuildPhase section */

/* Begin PBXGroup section */
		01D4D30F1DAE4A0000BFD7FD = {
			isa = PBXGroup;
			children = (
				651F9D8E1EC09FDC006D9474 /* Sources */,
				651F9D871EC09FDC006D9474 /* Resources */,
				651F9E6D1EC0A88B006D9474 /* Generated Code */,
				651F9E6A1EC0A1B9006D9474 /* Supporting Files */,
				01D4D32F1DAE4A0000BFD7FD /* Tests */,
				01D4D3191DAE4A0000BFD7FD /* Products */,
				64EB8FD16D32FAFCBA6BFCEC /* Pods */,
				742EEABE63376162FBE45084 /* Frameworks */,
			);
			indentWidth = 2;
			sourceTree = "<group>";
			tabWidth = 2;
		};
		01D4D3191DAE4A0000BFD7FD /* Products */ = {
			isa = PBXGroup;
			children = (
				01D4D3181DAE4A0000BFD7FD /* MementoFM.app */,
				01D4D32C1DAE4A0000BFD7FD /* MementoFMTests.xctest */,
			);
			name = Products;
			sourceTree = "<group>";
		};
		01D4D32F1DAE4A0000BFD7FD /* Tests */ = {
			isa = PBXGroup;
			children = (
				01D4D3321DAE4A0000BFD7FD /* Info.plist */,
				6517A3C41EBCE5C6002BC634 /* Realm */,
				651F9E781EC0E308006D9474 /* Models */,
			);
			path = Tests;
			sourceTree = "<group>";
		};
		64EB8FD16D32FAFCBA6BFCEC /* Pods */ = {
			isa = PBXGroup;
			children = (
				1325F94CA066BC04255604B2 /* Pods-LastFMNotifier.debug.xcconfig */,
				2D89EF6B90057CC1DCFBD6A6 /* Pods-LastFMNotifier.release.xcconfig */,
				7DA0674F9B99F1C73DD95155 /* Pods-LastFMNotifierTests.debug.xcconfig */,
				D1EB62EA0D8FE3964F218DE8 /* Pods-LastFMNotifierTests.release.xcconfig */,
				4E75EA4AA335D543060C18B9 /* Pods-MementoFM.debug.xcconfig */,
				7FE38FF7C97840AA7B03AE41 /* Pods-MementoFM.release.xcconfig */,
				9B13B9EF38352CA27AB226C6 /* Pods-MementoFMTests.debug.xcconfig */,
				F0AEA5D3E711C8E647C4AC07 /* Pods-MementoFMTests.release.xcconfig */,
			);
			name = Pods;
			sourceTree = "<group>";
		};
		65112D5F1F2F181700CBF8BA /* Services */ = {
			isa = PBXGroup;
			children = (
				65112D601F2F181700CBF8BA /* Artist */,
				655E97B61F3C6AE3003614C8 /* IgnoredTag */,
				65112D631F2F181700CBF8BA /* Network */,
				65112D671F2F181700CBF8BA /* Realm */,
				655E97B71F3C6AE3003614C8 /* Tag */,
				652167641F619DEC005B7273 /* Track */,
				65112D691F2F181700CBF8BA /* User */,
			);
			path = Services;
			sourceTree = "<group>";
		};
		65112D601F2F181700CBF8BA /* Artist */ = {
			isa = PBXGroup;
			children = (
				65112D611F2F181700CBF8BA /* ArtistService.swift */,
				65112D621F2F181700CBF8BA /* ArtistTopTagsCalculator.swift */,
			);
			path = Artist;
			sourceTree = "<group>";
		};
		65112D631F2F181700CBF8BA /* Network */ = {
			isa = PBXGroup;
			children = (
				65112D641F2F181700CBF8BA /* LastFMNetworkOperation.swift */,
				65112D651F2F181700CBF8BA /* LastFMNetworkService.swift */,
				65112D661F2F181700CBF8BA /* NetworkConstants.swift */,
			);
			path = Network;
			sourceTree = "<group>";
		};
		65112D671F2F181700CBF8BA /* Realm */ = {
			isa = PBXGroup;
			children = (
				65112D681F2F181700CBF8BA /* RealmService.swift */,
			);
			path = Realm;
			sourceTree = "<group>";
		};
		65112D691F2F181700CBF8BA /* User */ = {
			isa = PBXGroup;
			children = (
				65112D6A1F2F181700CBF8BA /* UserService.swift */,
			);
			path = User;
			sourceTree = "<group>";
		};
		6517A3C41EBCE5C6002BC634 /* Realm */ = {
			isa = PBXGroup;
			children = (
				6517A3C71EBCE5DA002BC634 /* RealmHelpers.swift */,
				6517A3C51EBCE5C6002BC634 /* RealmMappedCollectionTests.swift */,
				6557BD711F71879900E08DD4 /* RealmServiceTests.swift */,
			);
			path = Realm;
			sourceTree = "<group>";
		};
		6518F0251ECB01A300681D5E /* Tags */ = {
			isa = PBXGroup;
			children = (
				6518F0261ECB01A300681D5E /* View */,
				6518F0271ECB01A300681D5E /* ViewModel */,
			);
			path = Tags;
			sourceTree = "<group>";
		};
		6518F0261ECB01A300681D5E /* View */ = {
			isa = PBXGroup;
			children = (
				6518F0281ECB01B000681D5E /* TagsViewController.swift */,
				651D69641ED349A200E96AF0 /* TagsSearchHeaderView.swift */,
			);
			path = View;
			sourceTree = "<group>";
		};
		6518F0271ECB01A300681D5E /* ViewModel */ = {
			isa = PBXGroup;
			children = (
				6518F02A1ECB01B800681D5E /* TagsViewModel.swift */,
				651C3BB91ECF2F4E00C00AD5 /* ArtistsByTagViewModel.swift */,
			);
			path = ViewModel;
			sourceTree = "<group>";
		};
		651CB3561EC9DCDA00BC452C /* Cells */ = {
			isa = PBXGroup;
			children = (
				651CB3571EC9DCDA00BC452C /* ArtistInfoCell.swift */,
				651CB3581EC9DCDA00BC452C /* SimilarArtistCell.swift */,
				6555AB571ED0AC1600BDDF21 /* ArtistTagsCell.swift */,
				651CB3591EC9DCDA00BC452C /* TagCell.swift */,
			);
			path = Cells;
			sourceTree = "<group>";
		};
		651CB35A1EC9DCDA00BC452C /* SupplementaryViews */ = {
			isa = PBXGroup;
			children = (
				651CB35B1EC9DCDA00BC452C /* ArtistTopTagsSectionHeaderView.swift */,
				651CB3601EC9DEE900BC452C /* EmptyDataSetFooterView.swift */,
				651CB3621EC9DEEF00BC452C /* LoadingFooterView.swift */,
				65178A891F6ACD6D006A29E8 /* ArtistSimilarsSectionHeaderView.swift */,
			);
			path = SupplementaryViews;
			sourceTree = "<group>";
		};
		651F9D871EC09FDC006D9474 /* Resources */ = {
			isa = PBXGroup;
			children = (
				651F9D881EC09FDC006D9474 /* Assets.xcassets */,
				651F9D891EC09FDC006D9474 /* Fonts */,
			);
			path = Resources;
			sourceTree = "<group>";
		};
		651F9D891EC09FDC006D9474 /* Fonts */ = {
			isa = PBXGroup;
			children = (
				651F9D8A1EC09FDC006D9474 /* OFL.txt */,
				651F9D8B1EC09FDC006D9474 /* Raleway-Bold.ttf */,
				651F9D8C1EC09FDC006D9474 /* Raleway-Medium.ttf */,
				651F9D8D1EC09FDC006D9474 /* Raleway-Regular.ttf */,
			);
			path = Fonts;
			sourceTree = "<group>";
		};
		651F9D8E1EC09FDC006D9474 /* Sources */ = {
			isa = PBXGroup;
			children = (
				651F9D8F1EC09FDC006D9474 /* Application */,
				651F9D961EC09FDC006D9474 /* Coordinators */,
				651F9D9E1EC09FDC006D9474 /* Extensions */,
				651F9DA41EC09FDC006D9474 /* Models */,
				651F9DC11EC09FDC006D9474 /* Modules */,
				65112D5F1F2F181700CBF8BA /* Services */,
				651F9DF61EC09FDC006D9474 /* Protocols */,
				651F9DFC1EC09FDC006D9474 /* Utils */,
				651F9E051EC09FDC006D9474 /* Views */,
			);
			path = Sources;
			sourceTree = "<group>";
		};
		651F9D8F1EC09FDC006D9474 /* Application */ = {
			isa = PBXGroup;
			children = (
				651F9D901EC09FDC006D9474 /* AppDelegate.swift */,
				651F9D911EC09FDC006D9474 /* Dependencies.swift */,
				651F9D921EC09FDC006D9474 /* Keys.swift */,
			);
			path = Application;
			sourceTree = "<group>";
		};
		651F9D961EC09FDC006D9474 /* Coordinators */ = {
			isa = PBXGroup;
			children = (
				651F9D971EC09FDC006D9474 /* AppCoordinator.swift */,
				651F9D981EC09FDC006D9474 /* Coordinator.swift */,
				651F9D991EC09FDC006D9474 /* ArtistListCoordinator.swift */,
				651F9D9A1EC09FDC006D9474 /* MainFlowCoordinator.swift */,
				651F9D9B1EC09FDC006D9474 /* NavigationFlowCoordinator.swift */,
				651F9D9C1EC09FDC006D9474 /* OnboardingCoordinator.swift */,
				651F9D9D1EC09FDC006D9474 /* SettingsCoordinator.swift */,
				6518F02C1ECB044900681D5E /* TagsCoordinator.swift */,
				651C3BBD1ECF523B00C00AD5 /* ArtistCoordinator.swift */,
			);
			path = Coordinators;
			sourceTree = "<group>";
		};
		651F9D9E1EC09FDC006D9474 /* Extensions */ = {
			isa = PBXGroup;
			children = (
				651F9D9F1EC09FDC006D9474 /* Mappable+FromAny.swift */,
				651F9DA01EC09FDC006D9474 /* Promise+Void.swift */,
				651F9DA11EC09FDC006D9474 /* String+Unlocalized.swift */,
				651F9DA21EC09FDC006D9474 /* UITableView+HeaderVIew.swift */,
				651F9DA31EC09FDC006D9474 /* UIViewController+Alert.swift */,
				65241C291EC70AF400927749 /* UICollectionViewCell+DynamicSize.swift */,
				6516A53C1ECDFD830021E43C /* NSAttributedString+Join.swift */,
			);
			path = Extensions;
			sourceTree = "<group>";
		};
		651F9DA41EC09FDC006D9474 /* Models */ = {
			isa = PBXGroup;
			children = (
				651F9DA51EC09FDC006D9474 /* Entities */,
				651F9DB31EC09FDC006D9474 /* LocalStorage */,
				651F9DB61EC09FDC006D9474 /* Realm */,
				651F9DBD1EC09FDC006D9474 /* Responses */,
			);
			path = Models;
			sourceTree = "<group>";
		};
		651F9DA51EC09FDC006D9474 /* Entities */ = {
			isa = PBXGroup;
			children = (
				651F9DA61EC09FDC006D9474 /* Persistent */,
				651F9DAA1EC09FDC006D9474 /* Transient */,
			);
			path = Entities;
			sourceTree = "<group>";
		};
		651F9DA61EC09FDC006D9474 /* Persistent */ = {
			isa = PBXGroup;
			children = (
				6511361C1F2AE6B40079411F /* RealmEntity.swift */,
				651F9DA71EC09FDC006D9474 /* RealmArtist.swift */,
				651F9DA81EC09FDC006D9474 /* RealmIgnoredTag.swift */,
				651F9DA91EC09FDC006D9474 /* RealmTag.swift */,
			);
			path = Persistent;
			sourceTree = "<group>";
		};
		651F9DAA1EC09FDC006D9474 /* Transient */ = {
			isa = PBXGroup;
			children = (
				6511361E1F2AE6DB0079411F /* TransientEntity.swift */,
				651F9DAB1EC09FDC006D9474 /* Artist.swift */,
				651F9DAC1EC09FDC006D9474 /* IgnoredTag.swift */,
				651F9DAD1EC09FDC006D9474 /* LibraryPage.swift */,
				651F9DAE1EC09FDC006D9474 /* RecentTracksPage.swift */,
				651F9DAF1EC09FDC006D9474 /* SettingConfiguration.swift */,
				651F9DB01EC09FDC006D9474 /* Tag.swift */,
				651F9DB11EC09FDC006D9474 /* TopTagsList.swift */,
				651F9DB21EC09FDC006D9474 /* Track.swift */,
			);
			path = Transient;
			sourceTree = "<group>";
		};
		651F9DB31EC09FDC006D9474 /* LocalStorage */ = {
			isa = PBXGroup;
			children = (
				651F9DB41EC09FDC006D9474 /* UserDataStorage.swift */,
			);
			path = LocalStorage;
			sourceTree = "<group>";
		};
		651F9DB61EC09FDC006D9474 /* Realm */ = {
			isa = PBXGroup;
			children = (
				651F9DB71EC09FDC006D9474 /* RealmFactory.swift */,
				651F9DBC1EC09FDC006D9474 /* RealmMappedCollection.swift */,
			);
			path = Realm;
			sourceTree = "<group>";
		};
		651F9DBD1EC09FDC006D9474 /* Responses */ = {
			isa = PBXGroup;
			children = (
				651F9DBE1EC09FDC006D9474 /* LibraryPageResponse.swift */,
				651F9DBF1EC09FDC006D9474 /* RecentTracksPageResponse.swift */,
				651F9DC01EC09FDC006D9474 /* TopTagsResponse.swift */,
				650D97CD1F1521C0008C1DC6 /* LastFMErrorResponse.swift */,
				653F21761F6D8484009A562A /* SimilarArtistListResponse.swift */,
			);
			path = Responses;
			sourceTree = "<group>";
		};
		651F9DC11EC09FDC006D9474 /* Modules */ = {
			isa = PBXGroup;
			children = (
				651F9DC21EC09FDC006D9474 /* About */,
				651F9DC41EC09FDC006D9474 /* Artist */,
				651F9DC91EC09FDC006D9474 /* EnterUsername */,
				651F9DCE1EC09FDC006D9474 /* IgnoredTags */,
				651F9DD61EC09FDC006D9474 /* Library */,
				6518F0251ECB01A300681D5E /* Tags */,
				651F9DE71EC09FDC006D9474 /* Settings */,
			);
			path = Modules;
			sourceTree = "<group>";
		};
		651F9DC21EC09FDC006D9474 /* About */ = {
			isa = PBXGroup;
			children = (
				651F9DC31EC09FDC006D9474 /* AboutViewController.swift */,
			);
			path = About;
			sourceTree = "<group>";
		};
		651F9DC41EC09FDC006D9474 /* Artist */ = {
			isa = PBXGroup;
			children = (
				651F9DC51EC09FDC006D9474 /* View */,
				651F9DC71EC09FDC006D9474 /* ViewModel */,
				65206EC11EC4C06100A83DA1 /* DataSource */,
			);
			path = Artist;
			sourceTree = "<group>";
		};
		651F9DC51EC09FDC006D9474 /* View */ = {
			isa = PBXGroup;
			children = (
				651F9DC61EC09FDC006D9474 /* ArtistViewController.swift */,
				651CB3561EC9DCDA00BC452C /* Cells */,
				651CB35A1EC9DCDA00BC452C /* SupplementaryViews */,
			);
			path = View;
			sourceTree = "<group>";
		};
		651F9DC71EC09FDC006D9474 /* ViewModel */ = {
			isa = PBXGroup;
			children = (
				651F9DC81EC09FDC006D9474 /* ArtistViewModel.swift */,
				65241C1F1EC6E96300927749 /* Sections */,
				65241C1D1EC6E96300927749 /* Cells */,
			);
			path = ViewModel;
			sourceTree = "<group>";
		};
		651F9DC91EC09FDC006D9474 /* EnterUsername */ = {
			isa = PBXGroup;
			children = (
				651F9DCA1EC09FDC006D9474 /* View */,
				651F9DCC1EC09FDC006D9474 /* ViewModel */,
			);
			path = EnterUsername;
			sourceTree = "<group>";
		};
		651F9DCA1EC09FDC006D9474 /* View */ = {
			isa = PBXGroup;
			children = (
				651F9DCB1EC09FDC006D9474 /* EnterUsernameViewController.swift */,
			);
			path = View;
			sourceTree = "<group>";
		};
		651F9DCC1EC09FDC006D9474 /* ViewModel */ = {
			isa = PBXGroup;
			children = (
				651F9DCD1EC09FDC006D9474 /* EnterUsernameViewModel.swift */,
			);
			path = ViewModel;
			sourceTree = "<group>";
		};
		651F9DCE1EC09FDC006D9474 /* IgnoredTags */ = {
			isa = PBXGroup;
			children = (
				651F9DCF1EC09FDC006D9474 /* View */,
				651F9DD31EC09FDC006D9474 /* ViewModel */,
			);
			path = IgnoredTags;
			sourceTree = "<group>";
		};
		651F9DCF1EC09FDC006D9474 /* View */ = {
			isa = PBXGroup;
			children = (
				651F9DD01EC09FDC006D9474 /* IgnoredTagCell.swift */,
				651F9DD11EC09FDC006D9474 /* IgnoredTagsNavigationRightView.swift */,
				651F9DD21EC09FDC006D9474 /* IgnoredTagsViewController.swift */,
			);
			path = View;
			sourceTree = "<group>";
		};
		651F9DD31EC09FDC006D9474 /* ViewModel */ = {
			isa = PBXGroup;
			children = (
				651F9DD41EC09FDC006D9474 /* IgnoredTagCellViewModel.swift */,
				651F9DD51EC09FDC006D9474 /* IgnoredTagsViewModel.swift */,
			);
			path = ViewModel;
			sourceTree = "<group>";
		};
		651F9DD61EC09FDC006D9474 /* Library */ = {
			isa = PBXGroup;
			children = (
				651F9DD71EC09FDC006D9474 /* ArtistList */,
				651F9DE01EC09FDC006D9474 /* Shared */,
				651F9DE21EC09FDC006D9474 /* Sync */,
			);
			path = Library;
			sourceTree = "<group>";
		};
		651F9DD71EC09FDC006D9474 /* ArtistList */ = {
			isa = PBXGroup;
			children = (
				651F9DD81EC09FDC006D9474 /* View */,
				651F9DDC1EC09FDC006D9474 /* ViewModel */,
			);
			path = ArtistList;
			sourceTree = "<group>";
		};
		651F9DD81EC09FDC006D9474 /* View */ = {
			isa = PBXGroup;
			children = (
				651F9DD91EC09FDC006D9474 /* ArtistCell.swift */,
				651F9DDA1EC09FDC006D9474 /* ArtistListViewController.swift */,
				651F9DDB1EC09FDC006D9474 /* LoadingView.swift */,
			);
			path = View;
			sourceTree = "<group>";
		};
		651F9DDC1EC09FDC006D9474 /* ViewModel */ = {
			isa = PBXGroup;
			children = (
				651C3BB51ECEA3A100C00AD5 /* ArtistListViewModelProtocol.swift */,
				651F9DDE1EC09FDC006D9474 /* LibraryViewModel.swift */,
				651F9DDD1EC09FDC006D9474 /* LibraryArtistCellViewModel.swift */,
				651F9DDF1EC09FDC006D9474 /* RecentTracksProcessor.swift */,
				6513540B1EDD875E0061B879 /* LibraryViewModelFactory.swift */,
			);
			path = ViewModel;
			sourceTree = "<group>";
		};
		651F9DE01EC09FDC006D9474 /* Shared */ = {
			isa = PBXGroup;
			children = (
				651F9DE11EC09FDC006D9474 /* LibraryUpdater.swift */,
			);
			path = Shared;
			sourceTree = "<group>";
		};
		651F9DE21EC09FDC006D9474 /* Sync */ = {
			isa = PBXGroup;
			children = (
				651F9DE31EC09FDC006D9474 /* View */,
				651F9DE51EC09FDC006D9474 /* ViewModel */,
			);
			path = Sync;
			sourceTree = "<group>";
		};
		651F9DE31EC09FDC006D9474 /* View */ = {
			isa = PBXGroup;
			children = (
				651F9DE41EC09FDC006D9474 /* SyncViewController.swift */,
			);
			path = View;
			sourceTree = "<group>";
		};
		651F9DE51EC09FDC006D9474 /* ViewModel */ = {
			isa = PBXGroup;
			children = (
				651F9DE61EC09FDC006D9474 /* SyncViewModel.swift */,
			);
			path = ViewModel;
			sourceTree = "<group>";
		};
		651F9DE71EC09FDC006D9474 /* Settings */ = {
			isa = PBXGroup;
			children = (
				651F9DE81EC09FDC006D9474 /* View */,
				651F9DEB1EC09FDC006D9474 /* VIewModel */,
			);
			path = Settings;
			sourceTree = "<group>";
		};
		651F9DE81EC09FDC006D9474 /* View */ = {
			isa = PBXGroup;
			children = (
				651F9DE91EC09FDC006D9474 /* SettingCell.swift */,
				651F9DEA1EC09FDC006D9474 /* SettingsViewController.swift */,
			);
			path = View;
			sourceTree = "<group>";
		};
		651F9DEB1EC09FDC006D9474 /* VIewModel */ = {
			isa = PBXGroup;
			children = (
				651F9DEC1EC09FDC006D9474 /* SettingCellViewModel.swift */,
				651F9DED1EC09FDC006D9474 /* SettingsViewModel.swift */,
			);
			path = VIewModel;
			sourceTree = "<group>";
		};
		651F9DF61EC09FDC006D9474 /* Protocols */ = {
			isa = PBXGroup;
			children = (
				651F9DF71EC09FDC006D9474 /* Reusable.swift */,
				651F9DF81EC09FDC006D9474 /* IgnoredTagsPresenter.swift */,
				651F9DF91EC09FDC006D9474 /* SyncPresenter.swift */,
				653277DB1EDC804F00BEBCAC /* ArtistsByTagPresenter.swift */,
			);
			path = Protocols;
			sourceTree = "<group>";
		};
		651F9DFC1EC09FDC006D9474 /* Utils */ = {
			isa = PBXGroup;
			children = (
				651F9DFD1EC09FDC006D9474 /* AppearanceConfigurator.swift */,
				651F9DFE1EC09FDC006D9474 /* AsynchronousOperation.swift */,
				651F9DFF1EC09FDC006D9474 /* BlockBarButtonItem.swift */,
				651F9E001EC09FDC006D9474 /* Colors.swift */,
				651F9E011EC09FDC006D9474 /* ErrorConverter.swift */,
				651F9E021EC09FDC006D9474 /* Fonts.swift */,
				651F9E031EC09FDC006D9474 /* MappingHelpers.swift */,
				651F9E041EC09FDC006D9474 /* Sourcery.swift */,
				653669EE1EE5753B00E9D56C /* NavigationControllerPopTracker.swift */,
				65C10DF31F0BD0170072BF09 /* ApplicationStateObserver.swift */,
			);
			path = Utils;
			sourceTree = "<group>";
		};
		651F9E051EC09FDC006D9474 /* Views */ = {
			isa = PBXGroup;
			children = (
				651F9E061EC09FDC006D9474 /* LaunchScreen */,
				651F9E091EC09FDC006D9474 /* Shared */,
			);
			path = Views;
			sourceTree = "<group>";
		};
		651F9E061EC09FDC006D9474 /* LaunchScreen */ = {
			isa = PBXGroup;
			children = (
				651F9E071EC09FDC006D9474 /* LaunchScreen.storyboard */,
			);
			path = LaunchScreen;
			sourceTree = "<group>";
		};
		651F9E091EC09FDC006D9474 /* Shared */ = {
			isa = PBXGroup;
			children = (
				651F9E0A1EC09FDC006D9474 /* EmptyDataSetView.swift */,
				6555AB551ED032BA00BDDF21 /* NavigationController.swift */,
			);
			path = Shared;
			sourceTree = "<group>";
		};
		651F9E6A1EC0A1B9006D9474 /* Supporting Files */ = {
			isa = PBXGroup;
			children = (
				651F9E6B1EC0A1B9006D9474 /* Info.plist */,
			);
			name = "Supporting Files";
			path = SupportingFiles;
			sourceTree = "<group>";
		};
		651F9E6D1EC0A88B006D9474 /* Generated Code */ = {
			isa = PBXGroup;
			children = (
				651F9E6E1EC0A88B006D9474 /* AutoEquatable.generated.swift */,
				651F9E6F1EC0A88B006D9474 /* AutoHashable.generated.swift */,
			);
			name = "Generated Code";
			path = GeneratedCode;
			sourceTree = "<group>";
		};
		651F9E781EC0E308006D9474 /* Models */ = {
			isa = PBXGroup;
			children = (
			);
			path = Models;
			sourceTree = "<group>";
		};
		65206EC11EC4C06100A83DA1 /* DataSource */ = {
			isa = PBXGroup;
			children = (
				65B772881EC5C5E500892698 /* ArtistDataSource.swift */,
				65206EC21EC4C07700A83DA1 /* ArtistSectionDataSource.swift */,
				65206EC41EC4C0A500A83DA1 /* ArtistInfoSectionDataSource.swift */,
				65206EC61EC4C0CF00A83DA1 /* ArtistTopTagsSectionDataSource.swift */,
				65206EC81EC4C11400A83DA1 /* ArtistSimilarsSectionDataSource.swift */,
			);
			path = DataSource;
			sourceTree = "<group>";
		};
		652167641F619DEC005B7273 /* Track */ = {
			isa = PBXGroup;
			children = (
				652167651F619E1A005B7273 /* TrackService.swift */,
			);
			path = Track;
			sourceTree = "<group>";
		};
		65241C1D1EC6E96300927749 /* Cells */ = {
			isa = PBXGroup;
			children = (
				65241C1E1EC6E96300927749 /* ArtistInfoCellViewModel.swift */,
				6518B1301EC85C07001F4B74 /* TagCellViewModel.swift */,
				6518B12E1EC85BA6001F4B74 /* SimilarArtistCellViewModel.swift */,
			);
			path = Cells;
			sourceTree = "<group>";
		};
		65241C1F1EC6E96300927749 /* Sections */ = {
			isa = PBXGroup;
			children = (
				65241C201EC6E96300927749 /* ArtistInfoSectionViewModel.swift */,
				65241C231EC6E96300927749 /* ArtistTopTagsSectionViewModel.swift */,
				65241C221EC6E96300927749 /* ArtistSimilarsSectionViewModel.swift */,
				653F21741F6D1272009A562A /* SimilarArtistsRequestStrategy.swift */,
				6557BD6F1F717D1300E08DD4 /* SimilarsSectionTabViewModel.swift */,
			);
			path = Sections;
			sourceTree = "<group>";
		};
		655E97B61F3C6AE3003614C8 /* IgnoredTag */ = {
			isa = PBXGroup;
			children = (
				6515EA9A1F49561700081F70 /* IgnoredTagService.swift */,
			);
			path = IgnoredTag;
			sourceTree = "<group>";
		};
		655E97B71F3C6AE3003614C8 /* Tag */ = {
			isa = PBXGroup;
			children = (
				655E97B81F3C6AEC003614C8 /* TagService.swift */,
			);
			path = Tag;
			sourceTree = "<group>";
		};
		742EEABE63376162FBE45084 /* Frameworks */ = {
			isa = PBXGroup;
			children = (
				7D2D2255AF2A192DD77241EC /* Pods_LastFMNotifier.framework */,
				D29BF0DB16DD5BB044FE9504 /* Pods_LastFMNotifierTests.framework */,
				BA52817501538FC095064AC8 /* Pods_MementoFM.framework */,
				54F7345EDE3E86D13A310BC8 /* Pods_MementoFMTests.framework */,
			);
			name = Frameworks;
			sourceTree = "<group>";
		};
/* End PBXGroup section */

/* Begin PBXNativeTarget section */
		01D4D3171DAE4A0000BFD7FD /* MementoFM */ = {
			isa = PBXNativeTarget;
			buildConfigurationList = 01D4D3351DAE4A0000BFD7FD /* Build configuration list for PBXNativeTarget "MementoFM" */;
			buildPhases = (
				575809D299E94D84B4875A43 /* [CP] Check Pods Manifest.lock */,
				651F9D7D1EC08BFD006D9474 /* Run Sourcery */,
				01D4D3141DAE4A0000BFD7FD /* Sources */,
				01D4D3151DAE4A0000BFD7FD /* Frameworks */,
				01D4D3161DAE4A0000BFD7FD /* Resources */,
				0EB0A82E503FA4E862A74975 /* [CP] Embed Pods Frameworks */,
				DAAEEC7C99C07FA873BB98F1 /* [CP] Copy Pods Resources */,
				01819A191DDE04FD004E4110 /* Run SwiftLint */,
			);
			buildRules = (
			);
			dependencies = (
			);
			name = MementoFM;
			productName = LastFMNotifier;
			productReference = 01D4D3181DAE4A0000BFD7FD /* MementoFM.app */;
			productType = "com.apple.product-type.application";
		};
		01D4D32B1DAE4A0000BFD7FD /* MementoFMTests */ = {
			isa = PBXNativeTarget;
			buildConfigurationList = 01D4D3381DAE4A0000BFD7FD /* Build configuration list for PBXNativeTarget "MementoFMTests" */;
			buildPhases = (
				FB561C7DCCFC0F2510C095C9 /* [CP] Check Pods Manifest.lock */,
				01D4D3281DAE4A0000BFD7FD /* Sources */,
				01D4D3291DAE4A0000BFD7FD /* Frameworks */,
				01D4D32A1DAE4A0000BFD7FD /* Resources */,
				A6665349F41C84CDB782A882 /* [CP] Embed Pods Frameworks */,
				CABB4D0DBDAE9F3DF057C8FE /* [CP] Copy Pods Resources */,
			);
			buildRules = (
			);
			dependencies = (
				01D4D32E1DAE4A0000BFD7FD /* PBXTargetDependency */,
			);
			name = MementoFMTests;
			productName = LastFMNotifierTests;
			productReference = 01D4D32C1DAE4A0000BFD7FD /* MementoFMTests.xctest */;
			productType = "com.apple.product-type.bundle.unit-test";
		};
/* End PBXNativeTarget section */

/* Begin PBXProject section */
		01D4D3101DAE4A0000BFD7FD /* Project object */ = {
			isa = PBXProject;
			attributes = {
				LastSwiftUpdateCheck = 0800;
				LastUpgradeCheck = 0820;
				ORGANIZATIONNAME = icecoffin;
				TargetAttributes = {
					01D4D3171DAE4A0000BFD7FD = {
						CreatedOnToolsVersion = 8.0;
						DevelopmentTeam = FH27F664XD;
						ProvisioningStyle = Automatic;
					};
					01D4D32B1DAE4A0000BFD7FD = {
						CreatedOnToolsVersion = 8.0;
						LastSwiftMigration = 0830;
						ProvisioningStyle = Automatic;
						TestTargetID = 01D4D3171DAE4A0000BFD7FD;
					};
				};
			};
			buildConfigurationList = 01D4D3131DAE4A0000BFD7FD /* Build configuration list for PBXProject "MementoFM" */;
			compatibilityVersion = "Xcode 3.2";
			developmentRegion = English;
			hasScannedForEncodings = 0;
			knownRegions = (
				en,
				Base,
			);
			mainGroup = 01D4D30F1DAE4A0000BFD7FD;
			productRefGroup = 01D4D3191DAE4A0000BFD7FD /* Products */;
			projectDirPath = "";
			projectRoot = "";
			targets = (
				01D4D3171DAE4A0000BFD7FD /* MementoFM */,
				01D4D32B1DAE4A0000BFD7FD /* MementoFMTests */,
			);
		};
/* End PBXProject section */

/* Begin PBXResourcesBuildPhase section */
		01D4D3161DAE4A0000BFD7FD /* Resources */ = {
			isa = PBXResourcesBuildPhase;
			buildActionMask = 2147483647;
			files = (
				651F9E0C1EC09FDC006D9474 /* OFL.txt in Resources */,
				651F9E0F1EC09FDC006D9474 /* Raleway-Regular.ttf in Resources */,
				651F9E0E1EC09FDC006D9474 /* Raleway-Medium.ttf in Resources */,
				651F9E601EC09FDD006D9474 /* LaunchScreen.storyboard in Resources */,
				651F9E0D1EC09FDC006D9474 /* Raleway-Bold.ttf in Resources */,
				651F9E0B1EC09FDC006D9474 /* Assets.xcassets in Resources */,
			);
			runOnlyForDeploymentPostprocessing = 0;
		};
		01D4D32A1DAE4A0000BFD7FD /* Resources */ = {
			isa = PBXResourcesBuildPhase;
			buildActionMask = 2147483647;
			files = (
			);
			runOnlyForDeploymentPostprocessing = 0;
		};
/* End PBXResourcesBuildPhase section */

/* Begin PBXShellScriptBuildPhase section */
		01819A191DDE04FD004E4110 /* Run SwiftLint */ = {
			isa = PBXShellScriptBuildPhase;
			buildActionMask = 2147483647;
			files = (
			);
			inputPaths = (
			);
			name = "Run SwiftLint";
			outputPaths = (
			);
			runOnlyForDeploymentPostprocessing = 0;
			shellPath = /bin/sh;
			shellScript = "if which swiftlint >/dev/null; then\nswiftlint\nelse\necho \"warning: SwiftLint not installed, download from https://github.com/realm/SwiftLint\"\nfi";
		};
		0EB0A82E503FA4E862A74975 /* [CP] Embed Pods Frameworks */ = {
			isa = PBXShellScriptBuildPhase;
			buildActionMask = 2147483647;
			files = (
			);
			inputPaths = (
				"${SRCROOT}/Pods/Target Support Files/Pods-MementoFM/Pods-MementoFM-frameworks.sh",
				"${BUILT_PRODUCTS_DIR}/Alamofire/Alamofire.framework",
				"${BUILT_PRODUCTS_DIR}/Kingfisher/Kingfisher.framework",
				"${BUILT_PRODUCTS_DIR}/ModelMapper/Mapper.framework",
				"${BUILT_PRODUCTS_DIR}/PromiseKit/PromiseKit.framework",
				"${BUILT_PRODUCTS_DIR}/Realm/Realm.framework",
				"${BUILT_PRODUCTS_DIR}/RealmSwift/RealmSwift.framework",
				"${BUILT_PRODUCTS_DIR}/SVProgressHUD/SVProgressHUD.framework",
				"${BUILT_PRODUCTS_DIR}/SnapKit/SnapKit.framework",
				"${BUILT_PRODUCTS_DIR}/SwiftyBeaver/SwiftyBeaver.framework",
				"${BUILT_PRODUCTS_DIR}/TPKeyboardAvoiding/TPKeyboardAvoiding.framework",
				"${BUILT_PRODUCTS_DIR}/UICollectionViewLeftAlignedLayout/UICollectionViewLeftAlignedLayout.framework",
			);
			name = "[CP] Embed Pods Frameworks";
			outputPaths = (
				"${TARGET_BUILD_DIR}/${FRAMEWORKS_FOLDER_PATH}/Alamofire.framework",
				"${TARGET_BUILD_DIR}/${FRAMEWORKS_FOLDER_PATH}/Kingfisher.framework",
				"${TARGET_BUILD_DIR}/${FRAMEWORKS_FOLDER_PATH}/Mapper.framework",
				"${TARGET_BUILD_DIR}/${FRAMEWORKS_FOLDER_PATH}/PromiseKit.framework",
				"${TARGET_BUILD_DIR}/${FRAMEWORKS_FOLDER_PATH}/Realm.framework",
				"${TARGET_BUILD_DIR}/${FRAMEWORKS_FOLDER_PATH}/RealmSwift.framework",
				"${TARGET_BUILD_DIR}/${FRAMEWORKS_FOLDER_PATH}/SVProgressHUD.framework",
				"${TARGET_BUILD_DIR}/${FRAMEWORKS_FOLDER_PATH}/SnapKit.framework",
				"${TARGET_BUILD_DIR}/${FRAMEWORKS_FOLDER_PATH}/SwiftyBeaver.framework",
				"${TARGET_BUILD_DIR}/${FRAMEWORKS_FOLDER_PATH}/TPKeyboardAvoiding.framework",
				"${TARGET_BUILD_DIR}/${FRAMEWORKS_FOLDER_PATH}/UICollectionViewLeftAlignedLayout.framework",
			);
			runOnlyForDeploymentPostprocessing = 0;
			shellPath = /bin/sh;
			shellScript = "\"${SRCROOT}/Pods/Target Support Files/Pods-MementoFM/Pods-MementoFM-frameworks.sh\"\n";
			showEnvVarsInLog = 0;
		};
		575809D299E94D84B4875A43 /* [CP] Check Pods Manifest.lock */ = {
			isa = PBXShellScriptBuildPhase;
			buildActionMask = 2147483647;
			files = (
			);
			inputPaths = (
				"${PODS_PODFILE_DIR_PATH}/Podfile.lock",
				"${PODS_ROOT}/Manifest.lock",
			);
			name = "[CP] Check Pods Manifest.lock";
			outputPaths = (
				"$(DERIVED_FILE_DIR)/Pods-MementoFM-checkManifestLockResult.txt",
			);
			runOnlyForDeploymentPostprocessing = 0;
			shellPath = /bin/sh;
			shellScript = "diff \"${PODS_PODFILE_DIR_PATH}/Podfile.lock\" \"${PODS_ROOT}/Manifest.lock\" > /dev/null\nif [ $? != 0 ] ; then\n    # print error to STDERR\n    echo \"error: The sandbox is not in sync with the Podfile.lock. Run 'pod install' or update your CocoaPods installation.\" >&2\n    exit 1\nfi\n# This output is used by Xcode 'outputs' to avoid re-running this script phase.\necho \"SUCCESS\" > \"${SCRIPT_OUTPUT_FILE_0}\"\n";
			showEnvVarsInLog = 0;
		};
		651F9D7D1EC08BFD006D9474 /* Run Sourcery */ = {
			isa = PBXShellScriptBuildPhase;
			buildActionMask = 2147483647;
			files = (
			);
			inputPaths = (
			);
			name = "Run Sourcery";
			outputPaths = (
			);
			runOnlyForDeploymentPostprocessing = 0;
			shellPath = /bin/sh;
			shellScript = "${PODS_ROOT}/Sourcery/bin/sourcery --sources ${SRCROOT}/Sources --templates ${SRCROOT}/Templates --output ${SRCROOT}/GeneratedCode";
		};
		A6665349F41C84CDB782A882 /* [CP] Embed Pods Frameworks */ = {
			isa = PBXShellScriptBuildPhase;
			buildActionMask = 2147483647;
			files = (
			);
			inputPaths = (
				"${SRCROOT}/Pods/Target Support Files/Pods-MementoFMTests/Pods-MementoFMTests-frameworks.sh",
				"${BUILT_PRODUCTS_DIR}/Realm/Realm.framework",
				"${BUILT_PRODUCTS_DIR}/RealmSwift/RealmSwift.framework",
				"${BUILT_PRODUCTS_DIR}/Nimble/Nimble.framework",
			);
			name = "[CP] Embed Pods Frameworks";
			outputPaths = (
				"${TARGET_BUILD_DIR}/${FRAMEWORKS_FOLDER_PATH}/Realm.framework",
				"${TARGET_BUILD_DIR}/${FRAMEWORKS_FOLDER_PATH}/RealmSwift.framework",
				"${TARGET_BUILD_DIR}/${FRAMEWORKS_FOLDER_PATH}/Nimble.framework",
			);
			runOnlyForDeploymentPostprocessing = 0;
			shellPath = /bin/sh;
			shellScript = "\"${SRCROOT}/Pods/Target Support Files/Pods-MementoFMTests/Pods-MementoFMTests-frameworks.sh\"\n";
			showEnvVarsInLog = 0;
		};
		CABB4D0DBDAE9F3DF057C8FE /* [CP] Copy Pods Resources */ = {
			isa = PBXShellScriptBuildPhase;
			buildActionMask = 2147483647;
			files = (
			);
			inputPaths = (
			);
			name = "[CP] Copy Pods Resources";
			outputPaths = (
			);
			runOnlyForDeploymentPostprocessing = 0;
			shellPath = /bin/sh;
			shellScript = "\"${SRCROOT}/Pods/Target Support Files/Pods-MementoFMTests/Pods-MementoFMTests-resources.sh\"\n";
			showEnvVarsInLog = 0;
		};
		DAAEEC7C99C07FA873BB98F1 /* [CP] Copy Pods Resources */ = {
			isa = PBXShellScriptBuildPhase;
			buildActionMask = 2147483647;
			files = (
			);
			inputPaths = (
			);
			name = "[CP] Copy Pods Resources";
			outputPaths = (
			);
			runOnlyForDeploymentPostprocessing = 0;
			shellPath = /bin/sh;
			shellScript = "\"${SRCROOT}/Pods/Target Support Files/Pods-MementoFM/Pods-MementoFM-resources.sh\"\n";
			showEnvVarsInLog = 0;
		};
		FB561C7DCCFC0F2510C095C9 /* [CP] Check Pods Manifest.lock */ = {
			isa = PBXShellScriptBuildPhase;
			buildActionMask = 2147483647;
			files = (
			);
			inputPaths = (
				"${PODS_PODFILE_DIR_PATH}/Podfile.lock",
				"${PODS_ROOT}/Manifest.lock",
			);
			name = "[CP] Check Pods Manifest.lock";
			outputPaths = (
				"$(DERIVED_FILE_DIR)/Pods-MementoFMTests-checkManifestLockResult.txt",
			);
			runOnlyForDeploymentPostprocessing = 0;
			shellPath = /bin/sh;
			shellScript = "diff \"${PODS_PODFILE_DIR_PATH}/Podfile.lock\" \"${PODS_ROOT}/Manifest.lock\" > /dev/null\nif [ $? != 0 ] ; then\n    # print error to STDERR\n    echo \"error: The sandbox is not in sync with the Podfile.lock. Run 'pod install' or update your CocoaPods installation.\" >&2\n    exit 1\nfi\n# This output is used by Xcode 'outputs' to avoid re-running this script phase.\necho \"SUCCESS\" > \"${SCRIPT_OUTPUT_FILE_0}\"\n";
			showEnvVarsInLog = 0;
		};
/* End PBXShellScriptBuildPhase section */

/* Begin PBXSourcesBuildPhase section */
		01D4D3141DAE4A0000BFD7FD /* Sources */ = {
			isa = PBXSourcesBuildPhase;
			buildActionMask = 2147483647;
			files = (
				6513540C1EDD875E0061B879 /* LibraryViewModelFactory.swift in Sources */,
				65206EC31EC4C07700A83DA1 /* ArtistSectionDataSource.swift in Sources */,
				651F9E1C1EC09FDC006D9474 /* Mappable+FromAny.swift in Sources */,
				651F9E581EC09FDD006D9474 /* AppearanceConfigurator.swift in Sources */,
				6518F02B1ECB01B800681D5E /* TagsViewModel.swift in Sources */,
				651F9E381EC09FDC006D9474 /* ArtistViewModel.swift in Sources */,
				651F9E5C1EC09FDD006D9474 /* ErrorConverter.swift in Sources */,
				651CB35F1EC9DCDA00BC452C /* ArtistTopTagsSectionHeaderView.swift in Sources */,
				651F9E151EC09FDC006D9474 /* AppCoordinator.swift in Sources */,
				651CB35D1EC9DCDA00BC452C /* SimilarArtistCell.swift in Sources */,
				65241C281EC6E96300927749 /* ArtistTopTagsSectionViewModel.swift in Sources */,
				6518B1311EC85C07001F4B74 /* TagCellViewModel.swift in Sources */,
				6557BD701F717D1300E08DD4 /* SimilarsSectionTabViewModel.swift in Sources */,
				651F9E351EC09FDC006D9474 /* TopTagsResponse.swift in Sources */,
				651F9E341EC09FDC006D9474 /* RecentTracksPageResponse.swift in Sources */,
				651F9E561EC09FDD006D9474 /* SyncPresenter.swift in Sources */,
				651F9E411EC09FDC006D9474 /* ArtistListViewController.swift in Sources */,
				65241C271EC6E96300927749 /* ArtistSimilarsSectionViewModel.swift in Sources */,
				651F9E231EC09FDC006D9474 /* RealmTag.swift in Sources */,
				6518B12F1EC85BA6001F4B74 /* SimilarArtistCellViewModel.swift in Sources */,
				651F9E281EC09FDC006D9474 /* SettingConfiguration.swift in Sources */,
				65C10DF41F0BD0170072BF09 /* ApplicationStateObserver.swift in Sources */,
				65112D6F1F2F181800CBF8BA /* NetworkConstants.swift in Sources */,
				65112D701F2F181800CBF8BA /* RealmService.swift in Sources */,
				651F9E3F1EC09FDC006D9474 /* IgnoredTagsViewModel.swift in Sources */,
				651F9E1B1EC09FDC006D9474 /* SettingsCoordinator.swift in Sources */,
				651F9E261EC09FDC006D9474 /* LibraryPage.swift in Sources */,
				651F9E4A1EC09FDD006D9474 /* SettingsViewController.swift in Sources */,
				650D97CE1F1521C1008C1DC6 /* LastFMErrorResponse.swift in Sources */,
				6555AB581ED0AC1600BDDF21 /* ArtistTagsCell.swift in Sources */,
				651F9E611EC09FDD006D9474 /* EmptyDataSetView.swift in Sources */,
				651F9E3D1EC09FDC006D9474 /* IgnoredTagsViewController.swift in Sources */,
				651CB35C1EC9DCDA00BC452C /* ArtistInfoCell.swift in Sources */,
				651C3BBA1ECF2F4E00C00AD5 /* ArtistsByTagViewModel.swift in Sources */,
				651F9E441EC09FDC006D9474 /* LibraryViewModel.swift in Sources */,
				651F9E491EC09FDD006D9474 /* SettingCell.swift in Sources */,
				6511361F1F2AE6DB0079411F /* TransientEntity.swift in Sources */,
				651F9E711EC0A88B006D9474 /* AutoHashable.generated.swift in Sources */,
				651F9E201EC09FDC006D9474 /* UIViewController+Alert.swift in Sources */,
				651F9E111EC09FDC006D9474 /* Dependencies.swift in Sources */,
				651F9E241EC09FDC006D9474 /* Artist.swift in Sources */,
				65241C2A1EC70AF400927749 /* UICollectionViewCell+DynamicSize.swift in Sources */,
				653F21751F6D1272009A562A /* SimilarArtistsRequestStrategy.swift in Sources */,
				651F9E481EC09FDD006D9474 /* SyncViewModel.swift in Sources */,
				651F9E2A1EC09FDC006D9474 /* TopTagsList.swift in Sources */,
				65112D6E1F2F181700CBF8BA /* LastFMNetworkService.swift in Sources */,
				651C3BBE1ECF523B00C00AD5 /* ArtistCoordinator.swift in Sources */,
				6515EA9B1F49561700081F70 /* IgnoredTagService.swift in Sources */,
				6555AB561ED032BA00BDDF21 /* NavigationController.swift in Sources */,
				6511361D1F2AE6B40079411F /* RealmEntity.swift in Sources */,
				651F9E451EC09FDC006D9474 /* RecentTracksProcessor.swift in Sources */,
				651F9E5E1EC09FDD006D9474 /* MappingHelpers.swift in Sources */,
				651F9E3C1EC09FDC006D9474 /* IgnoredTagsNavigationRightView.swift in Sources */,
				651F9E121EC09FDC006D9474 /* Keys.swift in Sources */,
				651C3BB61ECEA3A100C00AD5 /* ArtistListViewModelProtocol.swift in Sources */,
				651F9E5B1EC09FDD006D9474 /* Colors.swift in Sources */,
				651CB3611EC9DEE900BC452C /* EmptyDataSetFooterView.swift in Sources */,
				651F9E321EC09FDC006D9474 /* RealmMappedCollection.swift in Sources */,
				651F9E701EC0A88B006D9474 /* AutoEquatable.generated.swift in Sources */,
				651F9E171EC09FDC006D9474 /* ArtistListCoordinator.swift in Sources */,
				651CB3631EC9DEEF00BC452C /* LoadingFooterView.swift in Sources */,
				65206EC71EC4C0CF00A83DA1 /* ArtistTopTagsSectionDataSource.swift in Sources */,
				651F9E401EC09FDC006D9474 /* ArtistCell.swift in Sources */,
				65112D6B1F2F181700CBF8BA /* ArtistService.swift in Sources */,
				651F9E291EC09FDC006D9474 /* Tag.swift in Sources */,
				651F9E371EC09FDC006D9474 /* ArtistViewController.swift in Sources */,
				651F9E1F1EC09FDC006D9474 /* UITableView+HeaderVIew.swift in Sources */,
				651F9E181EC09FDC006D9474 /* MainFlowCoordinator.swift in Sources */,
				6516A53D1ECDFD830021E43C /* NSAttributedString+Join.swift in Sources */,
				65178A8A1F6ACD6D006A29E8 /* ArtistSimilarsSectionHeaderView.swift in Sources */,
				651F9E251EC09FDC006D9474 /* IgnoredTag.swift in Sources */,
				65241C251EC6E96300927749 /* ArtistInfoSectionViewModel.swift in Sources */,
				65206EC51EC4C0A500A83DA1 /* ArtistInfoSectionDataSource.swift in Sources */,
				651F9E3A1EC09FDC006D9474 /* EnterUsernameViewModel.swift in Sources */,
				651F9E591EC09FDD006D9474 /* AsynchronousOperation.swift in Sources */,
				651F9E101EC09FDC006D9474 /* AppDelegate.swift in Sources */,
				65B772891EC5C5E500892698 /* ArtistDataSource.swift in Sources */,
				65206EC91EC4C11400A83DA1 /* ArtistSimilarsSectionDataSource.swift in Sources */,
				651F9E5A1EC09FDD006D9474 /* BlockBarButtonItem.swift in Sources */,
				651F9E3B1EC09FDC006D9474 /* IgnoredTagCell.swift in Sources */,
				651F9E4C1EC09FDD006D9474 /* SettingsViewModel.swift in Sources */,
				651F9E361EC09FDC006D9474 /* AboutViewController.swift in Sources */,
				651D69651ED349A200E96AF0 /* TagsSearchHeaderView.swift in Sources */,
				651CB35E1EC9DCDA00BC452C /* TagCell.swift in Sources */,
				651F9E4B1EC09FDD006D9474 /* SettingCellViewModel.swift in Sources */,
				651F9E461EC09FDD006D9474 /* LibraryUpdater.swift in Sources */,
				651F9E5F1EC09FDD006D9474 /* Sourcery.swift in Sources */,
				651F9E1E1EC09FDC006D9474 /* String+Unlocalized.swift in Sources */,
				6518F0291ECB01B000681D5E /* TagsViewController.swift in Sources */,
				651F9E391EC09FDC006D9474 /* EnterUsernameViewController.swift in Sources */,
				651F9E1A1EC09FDC006D9474 /* OnboardingCoordinator.swift in Sources */,
				651F9E421EC09FDC006D9474 /* LoadingView.swift in Sources */,
				651F9E331EC09FDC006D9474 /* LibraryPageResponse.swift in Sources */,
				651F9E1D1EC09FDC006D9474 /* Promise+Void.swift in Sources */,
				651F9E551EC09FDD006D9474 /* IgnoredTagsPresenter.swift in Sources */,
				651F9E5D1EC09FDD006D9474 /* Fonts.swift in Sources */,
				651F9E2C1EC09FDC006D9474 /* UserDataStorage.swift in Sources */,
				652167661F619E1A005B7273 /* TrackService.swift in Sources */,
				655E97B91F3C6AEC003614C8 /* TagService.swift in Sources */,
				651F9E191EC09FDC006D9474 /* NavigationFlowCoordinator.swift in Sources */,
				6518F02D1ECB044900681D5E /* TagsCoordinator.swift in Sources */,
				653F21771F6D8484009A562A /* SimilarArtistListResponse.swift in Sources */,
				653277DC1EDC804F00BEBCAC /* ArtistsByTagPresenter.swift in Sources */,
				65241C241EC6E96300927749 /* ArtistInfoCellViewModel.swift in Sources */,
				653669EF1EE5753B00E9D56C /* NavigationControllerPopTracker.swift in Sources */,
				651F9E211EC09FDC006D9474 /* RealmArtist.swift in Sources */,
				651F9E161EC09FDC006D9474 /* Coordinator.swift in Sources */,
				651F9E431EC09FDC006D9474 /* LibraryArtistCellViewModel.swift in Sources */,
				65112D6D1F2F181700CBF8BA /* LastFMNetworkOperation.swift in Sources */,
				651F9E2D1EC09FDC006D9474 /* RealmFactory.swift in Sources */,
				651F9E221EC09FDC006D9474 /* RealmIgnoredTag.swift in Sources */,
				65112D711F2F181800CBF8BA /* UserService.swift in Sources */,
				651F9E271EC09FDC006D9474 /* RecentTracksPage.swift in Sources */,
				65112D6C1F2F181700CBF8BA /* ArtistTopTagsCalculator.swift in Sources */,
				651F9E2B1EC09FDC006D9474 /* Track.swift in Sources */,
				651F9E3E1EC09FDC006D9474 /* IgnoredTagCellViewModel.swift in Sources */,
				651F9E471EC09FDD006D9474 /* SyncViewController.swift in Sources */,
				651F9E541EC09FDD006D9474 /* Reusable.swift in Sources */,
			);
			runOnlyForDeploymentPostprocessing = 0;
		};
		01D4D3281DAE4A0000BFD7FD /* Sources */ = {
			isa = PBXSourcesBuildPhase;
			buildActionMask = 2147483647;
			files = (
				6557BD731F7187C700E08DD4 /* RealmServiceTests.swift in Sources */,
				6517A3C81EBCE5DA002BC634 /* RealmHelpers.swift in Sources */,
				6517A3C61EBCE5C6002BC634 /* RealmMappedCollectionTests.swift in Sources */,
			);
			runOnlyForDeploymentPostprocessing = 0;
		};
/* End PBXSourcesBuildPhase section */

/* Begin PBXTargetDependency section */
		01D4D32E1DAE4A0000BFD7FD /* PBXTargetDependency */ = {
			isa = PBXTargetDependency;
			target = 01D4D3171DAE4A0000BFD7FD /* MementoFM */;
			targetProxy = 01D4D32D1DAE4A0000BFD7FD /* PBXContainerItemProxy */;
		};
/* End PBXTargetDependency section */

/* Begin PBXVariantGroup section */
		651F9E071EC09FDC006D9474 /* LaunchScreen.storyboard */ = {
			isa = PBXVariantGroup;
			children = (
				651F9E081EC09FDC006D9474 /* Base */,
			);
			name = LaunchScreen.storyboard;
			sourceTree = "<group>";
		};
/* End PBXVariantGroup section */

/* Begin XCBuildConfiguration section */
		01D4D3331DAE4A0000BFD7FD /* Debug */ = {
			isa = XCBuildConfiguration;
			buildSettings = {
				ALWAYS_SEARCH_USER_PATHS = NO;
				CLANG_ANALYZER_NONNULL = YES;
				CLANG_CXX_LANGUAGE_STANDARD = "gnu++0x";
				CLANG_CXX_LIBRARY = "libc++";
				CLANG_ENABLE_MODULES = YES;
				CLANG_ENABLE_OBJC_ARC = YES;
				CLANG_WARN_BOOL_CONVERSION = YES;
				CLANG_WARN_CONSTANT_CONVERSION = YES;
				CLANG_WARN_DIRECT_OBJC_ISA_USAGE = YES_ERROR;
				CLANG_WARN_DOCUMENTATION_COMMENTS = YES;
				CLANG_WARN_EMPTY_BODY = YES;
				CLANG_WARN_ENUM_CONVERSION = YES;
				CLANG_WARN_INFINITE_RECURSION = YES;
				CLANG_WARN_INT_CONVERSION = YES;
				CLANG_WARN_OBJC_ROOT_CLASS = YES_ERROR;
				CLANG_WARN_SUSPICIOUS_MOVE = YES;
				CLANG_WARN_SUSPICIOUS_MOVES = YES;
				CLANG_WARN_UNREACHABLE_CODE = YES;
				CLANG_WARN__DUPLICATE_METHOD_MATCH = YES;
				"CODE_SIGN_IDENTITY[sdk=iphoneos*]" = "iPhone Developer";
				COPY_PHASE_STRIP = NO;
				DEBUG_INFORMATION_FORMAT = dwarf;
				ENABLE_STRICT_OBJC_MSGSEND = YES;
				ENABLE_TESTABILITY = YES;
				GCC_C_LANGUAGE_STANDARD = gnu99;
				GCC_DYNAMIC_NO_PIC = NO;
				GCC_NO_COMMON_BLOCKS = YES;
				GCC_OPTIMIZATION_LEVEL = 0;
				GCC_PREPROCESSOR_DEFINITIONS = (
					"DEBUG=1",
					"$(inherited)",
				);
				GCC_WARN_64_TO_32_BIT_CONVERSION = YES;
				GCC_WARN_ABOUT_RETURN_TYPE = YES_ERROR;
				GCC_WARN_UNDECLARED_SELECTOR = YES;
				GCC_WARN_UNINITIALIZED_AUTOS = YES_AGGRESSIVE;
				GCC_WARN_UNUSED_FUNCTION = YES;
				GCC_WARN_UNUSED_VARIABLE = YES;
				IPHONEOS_DEPLOYMENT_TARGET = 10.0;
				MTL_ENABLE_DEBUG_INFO = YES;
				ONLY_ACTIVE_ARCH = YES;
				SDKROOT = iphoneos;
				SWIFT_ACTIVE_COMPILATION_CONDITIONS = DEBUG;
				SWIFT_OPTIMIZATION_LEVEL = "-Onone";
				SWIFT_VERSION = 4.0;
			};
			name = Debug;
		};
		01D4D3341DAE4A0000BFD7FD /* Release */ = {
			isa = XCBuildConfiguration;
			buildSettings = {
				ALWAYS_SEARCH_USER_PATHS = NO;
				CLANG_ANALYZER_NONNULL = YES;
				CLANG_CXX_LANGUAGE_STANDARD = "gnu++0x";
				CLANG_CXX_LIBRARY = "libc++";
				CLANG_ENABLE_MODULES = YES;
				CLANG_ENABLE_OBJC_ARC = YES;
				CLANG_WARN_BOOL_CONVERSION = YES;
				CLANG_WARN_CONSTANT_CONVERSION = YES;
				CLANG_WARN_DIRECT_OBJC_ISA_USAGE = YES_ERROR;
				CLANG_WARN_DOCUMENTATION_COMMENTS = YES;
				CLANG_WARN_EMPTY_BODY = YES;
				CLANG_WARN_ENUM_CONVERSION = YES;
				CLANG_WARN_INFINITE_RECURSION = YES;
				CLANG_WARN_INT_CONVERSION = YES;
				CLANG_WARN_OBJC_ROOT_CLASS = YES_ERROR;
				CLANG_WARN_SUSPICIOUS_MOVE = YES;
				CLANG_WARN_SUSPICIOUS_MOVES = YES;
				CLANG_WARN_UNREACHABLE_CODE = YES;
				CLANG_WARN__DUPLICATE_METHOD_MATCH = YES;
				"CODE_SIGN_IDENTITY[sdk=iphoneos*]" = "iPhone Developer";
				COPY_PHASE_STRIP = NO;
				DEBUG_INFORMATION_FORMAT = "dwarf-with-dsym";
				ENABLE_NS_ASSERTIONS = NO;
				ENABLE_STRICT_OBJC_MSGSEND = YES;
				GCC_C_LANGUAGE_STANDARD = gnu99;
				GCC_NO_COMMON_BLOCKS = YES;
				GCC_WARN_64_TO_32_BIT_CONVERSION = YES;
				GCC_WARN_ABOUT_RETURN_TYPE = YES_ERROR;
				GCC_WARN_UNDECLARED_SELECTOR = YES;
				GCC_WARN_UNINITIALIZED_AUTOS = YES_AGGRESSIVE;
				GCC_WARN_UNUSED_FUNCTION = YES;
				GCC_WARN_UNUSED_VARIABLE = YES;
				IPHONEOS_DEPLOYMENT_TARGET = 10.0;
				MTL_ENABLE_DEBUG_INFO = NO;
				SDKROOT = iphoneos;
				SWIFT_OPTIMIZATION_LEVEL = "-Owholemodule";
				SWIFT_VERSION = 4.0;
				VALIDATE_PRODUCT = YES;
			};
			name = Release;
		};
		01D4D3361DAE4A0000BFD7FD /* Debug */ = {
			isa = XCBuildConfiguration;
			baseConfigurationReference = 4E75EA4AA335D543060C18B9 /* Pods-MementoFM.debug.xcconfig */;
			buildSettings = {
				ASSETCATALOG_COMPILER_APPICON_NAME = AppIcon;
				"CODE_SIGN_IDENTITY[sdk=iphoneos*]" = "iPhone Developer";
				DEVELOPMENT_TEAM = FH27F664XD;
				INFOPLIST_FILE = "$(SRCROOT)/SupportingFiles/Info.plist";
				LD_RUNPATH_SEARCH_PATHS = "$(inherited) @executable_path/Frameworks";
				PRODUCT_BUNDLE_IDENTIFIER = com.icecoffin.mementofm;
				PRODUCT_NAME = "$(TARGET_NAME)";
			};
			name = Debug;
		};
		01D4D3371DAE4A0000BFD7FD /* Release */ = {
			isa = XCBuildConfiguration;
			baseConfigurationReference = 7FE38FF7C97840AA7B03AE41 /* Pods-MementoFM.release.xcconfig */;
			buildSettings = {
				ASSETCATALOG_COMPILER_APPICON_NAME = AppIcon;
				"CODE_SIGN_IDENTITY[sdk=iphoneos*]" = "iPhone Developer";
				DEVELOPMENT_TEAM = FH27F664XD;
				INFOPLIST_FILE = "$(SRCROOT)/SupportingFiles/Info.plist";
				LD_RUNPATH_SEARCH_PATHS = "$(inherited) @executable_path/Frameworks";
				PRODUCT_BUNDLE_IDENTIFIER = com.icecoffin.mementofm;
				PRODUCT_NAME = "$(TARGET_NAME)";
			};
			name = Release;
		};
		01D4D3391DAE4A0000BFD7FD /* Debug */ = {
			isa = XCBuildConfiguration;
			baseConfigurationReference = 9B13B9EF38352CA27AB226C6 /* Pods-MementoFMTests.debug.xcconfig */;
			buildSettings = {
				BUNDLE_LOADER = "$(TEST_HOST)";
				CLANG_ENABLE_MODULES = YES;
				INFOPLIST_FILE = Tests/Info.plist;
				LD_RUNPATH_SEARCH_PATHS = "$(inherited) @executable_path/Frameworks @loader_path/Frameworks";
				PRODUCT_BUNDLE_IDENTIFIER = com.icecoffin.LastFMNotifierTests;
				PRODUCT_NAME = "$(TARGET_NAME)";
				SWIFT_OPTIMIZATION_LEVEL = "-Onone";
				TEST_HOST = "$(BUILT_PRODUCTS_DIR)/MementoFM.app/MementoFM";
			};
			name = Debug;
		};
		01D4D33A1DAE4A0000BFD7FD /* Release */ = {
			isa = XCBuildConfiguration;
			baseConfigurationReference = F0AEA5D3E711C8E647C4AC07 /* Pods-MementoFMTests.release.xcconfig */;
			buildSettings = {
				BUNDLE_LOADER = "$(TEST_HOST)";
				CLANG_ENABLE_MODULES = YES;
				INFOPLIST_FILE = Tests/Info.plist;
				LD_RUNPATH_SEARCH_PATHS = "$(inherited) @executable_path/Frameworks @loader_path/Frameworks";
				PRODUCT_BUNDLE_IDENTIFIER = com.icecoffin.LastFMNotifierTests;
				PRODUCT_NAME = "$(TARGET_NAME)";
				TEST_HOST = "$(BUILT_PRODUCTS_DIR)/MementoFM.app/MementoFM";
			};
			name = Release;
		};
/* End XCBuildConfiguration section */

/* Begin XCConfigurationList section */
		01D4D3131DAE4A0000BFD7FD /* Build configuration list for PBXProject "MementoFM" */ = {
			isa = XCConfigurationList;
			buildConfigurations = (
				01D4D3331DAE4A0000BFD7FD /* Debug */,
				01D4D3341DAE4A0000BFD7FD /* Release */,
			);
			defaultConfigurationIsVisible = 0;
			defaultConfigurationName = Release;
		};
		01D4D3351DAE4A0000BFD7FD /* Build configuration list for PBXNativeTarget "MementoFM" */ = {
			isa = XCConfigurationList;
			buildConfigurations = (
				01D4D3361DAE4A0000BFD7FD /* Debug */,
				01D4D3371DAE4A0000BFD7FD /* Release */,
			);
			defaultConfigurationIsVisible = 0;
			defaultConfigurationName = Release;
		};
		01D4D3381DAE4A0000BFD7FD /* Build configuration list for PBXNativeTarget "MementoFMTests" */ = {
			isa = XCConfigurationList;
			buildConfigurations = (
				01D4D3391DAE4A0000BFD7FD /* Debug */,
				01D4D33A1DAE4A0000BFD7FD /* Release */,
			);
			defaultConfigurationIsVisible = 0;
			defaultConfigurationName = Release;
		};
/* End XCConfigurationList section */
	};
	rootObject = 01D4D3101DAE4A0000BFD7FD /* Project object */;
}
